// !$*UTF8*$!
{
	archiveVersion = 1;
	classes = {
	};
	objectVersion = 46;
	objects = {

/* Begin PBXBuildFile section */
		BE19EBEE15F359B800065448 /* UIKit.framework in Frameworks */ = {isa = PBXBuildFile; fileRef = BE19EBED15F359B800065448 /* UIKit.framework */; };
		BE19EBF015F359B800065448 /* Foundation.framework in Frameworks */ = {isa = PBXBuildFile; fileRef = BE19EBEF15F359B800065448 /* Foundation.framework */; };
		BE19EBF215F359B800065448 /* CoreGraphics.framework in Frameworks */ = {isa = PBXBuildFile; fileRef = BE19EBF115F359B800065448 /* CoreGraphics.framework */; };
		BE19EBF815F359B800065448 /* InfoPlist.strings in Resources */ = {isa = PBXBuildFile; fileRef = BE19EBF615F359B800065448 /* InfoPlist.strings */; };
		BE19EBFA15F359B800065448 /* main.m in Sources */ = {isa = PBXBuildFile; fileRef = BE19EBF915F359B800065448 /* main.m */; };
		BE19EBFE15F359B800065448 /* AppDelegate.m in Sources */ = {isa = PBXBuildFile; fileRef = BE19EBFD15F359B800065448 /* AppDelegate.m */; };
		BE19EC0115F359B800065448 /* ViewController.m in Sources */ = {isa = PBXBuildFile; fileRef = BE19EC0015F359B800065448 /* ViewController.m */; };
		BE19EC0415F359B800065448 /* ViewController_iPhone.xib in Resources */ = {isa = PBXBuildFile; fileRef = BE19EC0215F359B800065448 /* ViewController_iPhone.xib */; };
		BE19EC0715F359B800065448 /* ViewController_iPad.xib in Resources */ = {isa = PBXBuildFile; fileRef = BE19EC0515F359B800065448 /* ViewController_iPad.xib */; };
		BE89BE671605DB6600D2F091 /* CoreAudio.framework in Frameworks */ = {isa = PBXBuildFile; fileRef = BE89BE661605DB6600D2F091 /* CoreAudio.framework */; };
		BE89BE6A1605DB6F00D2F091 /* CoreFoundation.framework in Frameworks */ = {isa = PBXBuildFile; fileRef = BE89BE691605DB6F00D2F091 /* CoreFoundation.framework */; };
		BE89BE6C1605DB7700D2F091 /* AudioToolbox.framework in Frameworks */ = {isa = PBXBuildFile; fileRef = BE89BE6B1605DB7700D2F091 /* AudioToolbox.framework */; };
		BE89BE741605DBA300D2F091 /* AQPlayer.mm in Sources */ = {isa = PBXBuildFile; fileRef = BE89BE6F1605DBA300D2F091 /* AQPlayer.mm */; };
		BE89BE751605DBA300D2F091 /* AQRecorder.mm in Sources */ = {isa = PBXBuildFile; fileRef = BE89BE711605DBA300D2F091 /* AQRecorder.mm */; };
		BE89BE761605DBA300D2F091 /* MeterTable.cpp in Sources */ = {isa = PBXBuildFile; fileRef = BE89BE721605DBA300D2F091 /* MeterTable.cpp */; };
		BE89BE911605DC3B00D2F091 /* CADebugMacros.cpp in Sources */ = {isa = PBXBuildFile; fileRef = BE89BE8A1605DC3B00D2F091 /* CADebugMacros.cpp */; };
		BE89BE921605DC3B00D2F091 /* CAStreamBasicDescription.cpp in Sources */ = {isa = PBXBuildFile; fileRef = BE89BE8D1605DC3B00D2F091 /* CAStreamBasicDescription.cpp */; };
		BE89BE931605DC3B00D2F091 /* CAXException.cpp in Sources */ = {isa = PBXBuildFile; fileRef = BE89BE8F1605DC3B00D2F091 /* CAXException.cpp */; };
		BE89BE9D1605E24E00D2F091 /* AudioUtility.mm in Sources */ = {isa = PBXBuildFile; fileRef = BE89BE9C1605E24E00D2F091 /* AudioUtility.mm */; };
		BE95DCC9160792CF006D0506 /* dtmf-6.caf in Resources */ = {isa = PBXBuildFile; fileRef = BE95DCC4160792CF006D0506 /* dtmf-6.caf */; };
		BE95DCCA160792CF006D0506 /* dtmf-7.caf in Resources */ = {isa = PBXBuildFile; fileRef = BE95DCC5160792CF006D0506 /* dtmf-7.caf */; };
		BE95DCCB160792CF006D0506 /* long_low_short_high.caf in Resources */ = {isa = PBXBuildFile; fileRef = BE95DCC6160792CF006D0506 /* long_low_short_high.caf */; };
		BE95DCCC160792CF006D0506 /* sms-received4.caf in Resources */ = {isa = PBXBuildFile; fileRef = BE95DCC7160792CF006D0506 /* sms-received4.caf */; };
		BE95DCCD160792CF006D0506 /* tweet_sent.caf in Resources */ = {isa = PBXBuildFile; fileRef = BE95DCC8160792CF006D0506 /* tweet_sent.caf */; };
		F301345F15FD8F9E00480CD7 /* ViewController_iPhone.m in Sources */ = {isa = PBXBuildFile; fileRef = F301345E15FD8F9E00480CD7 /* ViewController_iPhone.m */; };
		F301346215FD8FB300480CD7 /* ViewController_iPad.m in Sources */ = {isa = PBXBuildFile; fileRef = F301346115FD8FB100480CD7 /* ViewController_iPad.m */; };
		F301346515FD908700480CD7 /* Configure.m in Sources */ = {isa = PBXBuildFile; fileRef = F301346415FD908500480CD7 /* Configure.m */; };
		F301346C15FD98CE00480CD7 /* CameraOptions.m in Sources */ = {isa = PBXBuildFile; fileRef = F301346B15FD98C500480CD7 /* CameraOptions.m */; };
		F301347915FDDD1D00480CD7 /* AVFoundation.framework in Frameworks */ = {isa = PBXBuildFile; fileRef = F301347815FDDD1D00480CD7 /* AVFoundation.framework */; };
/* End PBXBuildFile section */

/* Begin PBXFileReference section */
		BE19EBE915F359B800065448 /* TimerCamera.app */ = {isa = PBXFileReference; explicitFileType = wrapper.application; includeInIndex = 0; path = TimerCamera.app; sourceTree = BUILT_PRODUCTS_DIR; };
		BE19EBED15F359B800065448 /* UIKit.framework */ = {isa = PBXFileReference; lastKnownFileType = wrapper.framework; name = UIKit.framework; path = System/Library/Frameworks/UIKit.framework; sourceTree = SDKROOT; };
		BE19EBEF15F359B800065448 /* Foundation.framework */ = {isa = PBXFileReference; lastKnownFileType = wrapper.framework; name = Foundation.framework; path = System/Library/Frameworks/Foundation.framework; sourceTree = SDKROOT; };
		BE19EBF115F359B800065448 /* CoreGraphics.framework */ = {isa = PBXFileReference; lastKnownFileType = wrapper.framework; name = CoreGraphics.framework; path = System/Library/Frameworks/CoreGraphics.framework; sourceTree = SDKROOT; };
		BE19EBF515F359B800065448 /* TimerCamera-Info.plist */ = {isa = PBXFileReference; lastKnownFileType = text.plist.xml; path = "TimerCamera-Info.plist"; sourceTree = "<group>"; };
		BE19EBF715F359B800065448 /* en */ = {isa = PBXFileReference; lastKnownFileType = text.plist.strings; name = en; path = en.lproj/InfoPlist.strings; sourceTree = "<group>"; };
		BE19EBF915F359B800065448 /* main.m */ = {isa = PBXFileReference; lastKnownFileType = sourcecode.c.objc; path = main.m; sourceTree = "<group>"; };
		BE19EBFB15F359B800065448 /* TimerCamera-Prefix.pch */ = {isa = PBXFileReference; lastKnownFileType = sourcecode.c.h; path = "TimerCamera-Prefix.pch"; sourceTree = "<group>"; };
		BE19EBFC15F359B800065448 /* AppDelegate.h */ = {isa = PBXFileReference; lastKnownFileType = sourcecode.c.h; path = AppDelegate.h; sourceTree = "<group>"; };
		BE19EBFD15F359B800065448 /* AppDelegate.m */ = {isa = PBXFileReference; lastKnownFileType = sourcecode.c.objc; path = AppDelegate.m; sourceTree = "<group>"; };
		BE19EBFF15F359B800065448 /* ViewController.h */ = {isa = PBXFileReference; lastKnownFileType = sourcecode.c.h; path = ViewController.h; sourceTree = "<group>"; };
		BE19EC0015F359B800065448 /* ViewController.m */ = {isa = PBXFileReference; lastKnownFileType = sourcecode.c.objc; path = ViewController.m; sourceTree = "<group>"; };
		BE19EC0315F359B800065448 /* en */ = {isa = PBXFileReference; lastKnownFileType = file.xib; name = en; path = en.lproj/ViewController_iPhone.xib; sourceTree = "<group>"; };
		BE19EC0615F359B800065448 /* en */ = {isa = PBXFileReference; lastKnownFileType = file.xib; name = en; path = en.lproj/ViewController_iPad.xib; sourceTree = "<group>"; };
		BE89BE661605DB6600D2F091 /* CoreAudio.framework */ = {isa = PBXFileReference; lastKnownFileType = wrapper.framework; name = CoreAudio.framework; path = System/Library/Frameworks/CoreAudio.framework; sourceTree = SDKROOT; };
		BE89BE691605DB6F00D2F091 /* CoreFoundation.framework */ = {isa = PBXFileReference; lastKnownFileType = wrapper.framework; name = CoreFoundation.framework; path = System/Library/Frameworks/CoreFoundation.framework; sourceTree = SDKROOT; };
		BE89BE6B1605DB7700D2F091 /* AudioToolbox.framework */ = {isa = PBXFileReference; lastKnownFileType = wrapper.framework; name = AudioToolbox.framework; path = System/Library/Frameworks/AudioToolbox.framework; sourceTree = SDKROOT; };
		BE89BE6E1605DBA300D2F091 /* AQPlayer.h */ = {isa = PBXFileReference; fileEncoding = 4; lastKnownFileType = sourcecode.c.h; path = AQPlayer.h; sourceTree = "<group>"; };
		BE89BE6F1605DBA300D2F091 /* AQPlayer.mm */ = {isa = PBXFileReference; fileEncoding = 4; lastKnownFileType = sourcecode.cpp.objcpp; path = AQPlayer.mm; sourceTree = "<group>"; };
		BE89BE701605DBA300D2F091 /* AQRecorder.h */ = {isa = PBXFileReference; fileEncoding = 4; lastKnownFileType = sourcecode.c.h; path = AQRecorder.h; sourceTree = "<group>"; };
		BE89BE711605DBA300D2F091 /* AQRecorder.mm */ = {isa = PBXFileReference; fileEncoding = 4; lastKnownFileType = sourcecode.cpp.objcpp; path = AQRecorder.mm; sourceTree = "<group>"; };
		BE89BE721605DBA300D2F091 /* MeterTable.cpp */ = {isa = PBXFileReference; fileEncoding = 4; lastKnownFileType = sourcecode.cpp.cpp; path = MeterTable.cpp; sourceTree = "<group>"; };
		BE89BE731605DBA300D2F091 /* MeterTable.h */ = {isa = PBXFileReference; fileEncoding = 4; lastKnownFileType = sourcecode.c.h; path = MeterTable.h; sourceTree = "<group>"; };
		BE89BE8A1605DC3B00D2F091 /* CADebugMacros.cpp */ = {isa = PBXFileReference; fileEncoding = 4; lastKnownFileType = sourcecode.cpp.cpp; path = CADebugMacros.cpp; sourceTree = "<group>"; };
		BE89BE8B1605DC3B00D2F091 /* CADebugMacros.h */ = {isa = PBXFileReference; fileEncoding = 4; lastKnownFileType = sourcecode.c.h; path = CADebugMacros.h; sourceTree = "<group>"; };
		BE89BE8C1605DC3B00D2F091 /* CAMath.h */ = {isa = PBXFileReference; fileEncoding = 4; lastKnownFileType = sourcecode.c.h; path = CAMath.h; sourceTree = "<group>"; };
		BE89BE8D1605DC3B00D2F091 /* CAStreamBasicDescription.cpp */ = {isa = PBXFileReference; fileEncoding = 4; lastKnownFileType = sourcecode.cpp.cpp; path = CAStreamBasicDescription.cpp; sourceTree = "<group>"; };
		BE89BE8E1605DC3B00D2F091 /* CAStreamBasicDescription.h */ = {isa = PBXFileReference; fileEncoding = 4; lastKnownFileType = sourcecode.c.h; path = CAStreamBasicDescription.h; sourceTree = "<group>"; };
		BE89BE8F1605DC3B00D2F091 /* CAXException.cpp */ = {isa = PBXFileReference; fileEncoding = 4; lastKnownFileType = sourcecode.cpp.cpp; path = CAXException.cpp; sourceTree = "<group>"; };
		BE89BE901605DC3B00D2F091 /* CAXException.h */ = {isa = PBXFileReference; fileEncoding = 4; lastKnownFileType = sourcecode.c.h; path = CAXException.h; sourceTree = "<group>"; };
		BE89BE9B1605E24E00D2F091 /* AudioUtility.h */ = {isa = PBXFileReference; fileEncoding = 4; lastKnownFileType = sourcecode.c.h; path = AudioUtility.h; sourceTree = "<group>"; };
		BE89BE9C1605E24E00D2F091 /* AudioUtility.mm */ = {isa = PBXFileReference; fileEncoding = 4; lastKnownFileType = sourcecode.cpp.objcpp; path = AudioUtility.mm; sourceTree = "<group>"; };
		BE95DCC4160792CF006D0506 /* dtmf-6.caf */ = {isa = PBXFileReference; lastKnownFileType = file; path = "dtmf-6.caf"; sourceTree = "<group>"; };
		BE95DCC5160792CF006D0506 /* dtmf-7.caf */ = {isa = PBXFileReference; lastKnownFileType = file; path = "dtmf-7.caf"; sourceTree = "<group>"; };
		BE95DCC6160792CF006D0506 /* long_low_short_high.caf */ = {isa = PBXFileReference; lastKnownFileType = file; path = long_low_short_high.caf; sourceTree = "<group>"; };
		BE95DCC7160792CF006D0506 /* sms-received4.caf */ = {isa = PBXFileReference; lastKnownFileType = file; path = "sms-received4.caf"; sourceTree = "<group>"; };
		BE95DCC8160792CF006D0506 /* tweet_sent.caf */ = {isa = PBXFileReference; lastKnownFileType = file; path = tweet_sent.caf; sourceTree = "<group>"; };
		F301345D15FD8F9D00480CD7 /* ViewController_iPhone.h */ = {isa = PBXFileReference; fileEncoding = 4; lastKnownFileType = sourcecode.c.h; path = ViewController_iPhone.h; sourceTree = "<group>"; };
		F301345E15FD8F9E00480CD7 /* ViewController_iPhone.m */ = {isa = PBXFileReference; fileEncoding = 4; lastKnownFileType = sourcecode.c.objc; path = ViewController_iPhone.m; sourceTree = "<group>"; };
		F301346015FD8FB100480CD7 /* ViewController_iPad.h */ = {isa = PBXFileReference; fileEncoding = 4; lastKnownFileType = sourcecode.c.h; path = ViewController_iPad.h; sourceTree = "<group>"; };
		F301346115FD8FB100480CD7 /* ViewController_iPad.m */ = {isa = PBXFileReference; fileEncoding = 4; lastKnownFileType = sourcecode.c.objc; path = ViewController_iPad.m; sourceTree = "<group>"; };
		F301346315FD908400480CD7 /* Configure.h */ = {isa = PBXFileReference; fileEncoding = 4; lastKnownFileType = sourcecode.c.h; path = Configure.h; sourceTree = "<group>"; };
		F301346415FD908500480CD7 /* Configure.m */ = {isa = PBXFileReference; fileEncoding = 4; lastKnownFileType = sourcecode.c.objc; path = Configure.m; sourceTree = "<group>"; };
		F301346A15FD98C300480CD7 /* CameraOptions.h */ = {isa = PBXFileReference; fileEncoding = 4; lastKnownFileType = sourcecode.c.h; path = CameraOptions.h; sourceTree = "<group>"; };
		F301346B15FD98C500480CD7 /* CameraOptions.m */ = {isa = PBXFileReference; fileEncoding = 4; lastKnownFileType = sourcecode.c.objc; path = CameraOptions.m; sourceTree = "<group>"; };
		F301347815FDDD1D00480CD7 /* AVFoundation.framework */ = {isa = PBXFileReference; lastKnownFileType = wrapper.framework; name = AVFoundation.framework; path = System/Library/Frameworks/AVFoundation.framework; sourceTree = SDKROOT; };
/* End PBXFileReference section */

/* Begin PBXFrameworksBuildPhase section */
		BE19EBE615F359B700065448 /* Frameworks */ = {
			isa = PBXFrameworksBuildPhase;
			buildActionMask = 2147483647;
			files = (
				BE89BE6C1605DB7700D2F091 /* AudioToolbox.framework in Frameworks */,
				BE89BE6A1605DB6F00D2F091 /* CoreFoundation.framework in Frameworks */,
				BE89BE671605DB6600D2F091 /* CoreAudio.framework in Frameworks */,
				F301347915FDDD1D00480CD7 /* AVFoundation.framework in Frameworks */,
				BE19EBEE15F359B800065448 /* UIKit.framework in Frameworks */,
				BE19EBF015F359B800065448 /* Foundation.framework in Frameworks */,
				BE19EBF215F359B800065448 /* CoreGraphics.framework in Frameworks */,
			);
			runOnlyForDeploymentPostprocessing = 0;
		};
/* End PBXFrameworksBuildPhase section */

/* Begin PBXGroup section */
		BE19EBDE15F359B700065448 = {
			isa = PBXGroup;
			children = (
				BE19EBF315F359B800065448 /* TimerCamera */,
				BE19EBEC15F359B800065448 /* Frameworks */,
				BE19EBEA15F359B800065448 /* Products */,
			);
			sourceTree = "<group>";
		};
		BE19EBEA15F359B800065448 /* Products */ = {
			isa = PBXGroup;
			children = (
				BE19EBE915F359B800065448 /* TimerCamera.app */,
			);
			name = Products;
			sourceTree = "<group>";
		};
		BE19EBEC15F359B800065448 /* Frameworks */ = {
			isa = PBXGroup;
			children = (
				BE89BE6B1605DB7700D2F091 /* AudioToolbox.framework */,
				BE89BE691605DB6F00D2F091 /* CoreFoundation.framework */,
				BE89BE661605DB6600D2F091 /* CoreAudio.framework */,
				F301347815FDDD1D00480CD7 /* AVFoundation.framework */,
				BE19EBED15F359B800065448 /* UIKit.framework */,
				BE19EBEF15F359B800065448 /* Foundation.framework */,
				BE19EBF115F359B800065448 /* CoreGraphics.framework */,
			);
			name = Frameworks;
			sourceTree = "<group>";
		};
		BE19EBF315F359B800065448 /* TimerCamera */ = {
			isa = PBXGroup;
			children = (
				BE95DCC3160792CF006D0506 /* Sound */,
				BE89BE6D1605DBA300D2F091 /* AudioUtility */,
				BE19EBFC15F359B800065448 /* AppDelegate.h */,
				BE19EBFD15F359B800065448 /* AppDelegate.m */,
				BE19EBFF15F359B800065448 /* ViewController.h */,
				BE19EC0015F359B800065448 /* ViewController.m */,
				BE19EC0215F359B800065448 /* ViewController_iPhone.xib */,
				BE19EC0515F359B800065448 /* ViewController_iPad.xib */,
				F301345D15FD8F9D00480CD7 /* ViewController_iPhone.h */,
				F301345E15FD8F9E00480CD7 /* ViewController_iPhone.m */,
				F301346015FD8FB100480CD7 /* ViewController_iPad.h */,
				F301346115FD8FB100480CD7 /* ViewController_iPad.m */,
				F301346315FD908400480CD7 /* Configure.h */,
				F301346415FD908500480CD7 /* Configure.m */,
				F301346A15FD98C300480CD7 /* CameraOptions.h */,
				F301346B15FD98C500480CD7 /* CameraOptions.m */,
				BE19EBF415F359B800065448 /* Supporting Files */,
			);
			path = TimerCamera;
			sourceTree = "<group>";
		};
		BE19EBF415F359B800065448 /* Supporting Files */ = {
			isa = PBXGroup;
			children = (
				BE19EBF515F359B800065448 /* TimerCamera-Info.plist */,
				BE19EBF615F359B800065448 /* InfoPlist.strings */,
				BE19EBF915F359B800065448 /* main.m */,
				BE19EBFB15F359B800065448 /* TimerCamera-Prefix.pch */,
			);
			name = "Supporting Files";
			sourceTree = "<group>";
		};
		BE89BE6D1605DBA300D2F091 /* AudioUtility */ = {
			isa = PBXGroup;
			children = (
				BE89BE8A1605DC3B00D2F091 /* CADebugMacros.cpp */,
				BE89BE8B1605DC3B00D2F091 /* CADebugMacros.h */,
				BE89BE8C1605DC3B00D2F091 /* CAMath.h */,
				BE89BE8D1605DC3B00D2F091 /* CAStreamBasicDescription.cpp */,
				BE89BE8E1605DC3B00D2F091 /* CAStreamBasicDescription.h */,
				BE89BE8F1605DC3B00D2F091 /* CAXException.cpp */,
				BE89BE901605DC3B00D2F091 /* CAXException.h */,
				BE89BE6E1605DBA300D2F091 /* AQPlayer.h */,
				BE89BE6F1605DBA300D2F091 /* AQPlayer.mm */,
				BE89BE701605DBA300D2F091 /* AQRecorder.h */,
				BE89BE711605DBA300D2F091 /* AQRecorder.mm */,
				BE89BE721605DBA300D2F091 /* MeterTable.cpp */,
				BE89BE731605DBA300D2F091 /* MeterTable.h */,
				BE89BE9B1605E24E00D2F091 /* AudioUtility.h */,
				BE89BE9C1605E24E00D2F091 /* AudioUtility.mm */,
			);
			path = AudioUtility;
			sourceTree = "<group>";
		};
		BE95DCC3160792CF006D0506 /* Sound */ = {
			isa = PBXGroup;
			children = (
				BE95DCC4160792CF006D0506 /* dtmf-6.caf */,
				BE95DCC5160792CF006D0506 /* dtmf-7.caf */,
				BE95DCC6160792CF006D0506 /* long_low_short_high.caf */,
				BE95DCC7160792CF006D0506 /* sms-received4.caf */,
				BE95DCC8160792CF006D0506 /* tweet_sent.caf */,
			);
			path = Sound;
			sourceTree = SOURCE_ROOT;
		};
/* End PBXGroup section */

/* Begin PBXNativeTarget section */
		BE19EBE815F359B700065448 /* TimerCamera */ = {
			isa = PBXNativeTarget;
			buildConfigurationList = BE19EC0A15F359B800065448 /* Build configuration list for PBXNativeTarget "TimerCamera" */;
			buildPhases = (
				BE19EBE515F359B700065448 /* Sources */,
				BE19EBE615F359B700065448 /* Frameworks */,
				BE19EBE715F359B700065448 /* Resources */,
			);
			buildRules = (
			);
			dependencies = (
			);
			name = TimerCamera;
			productName = TimerCamera;
			productReference = BE19EBE915F359B800065448 /* TimerCamera.app */;
			productType = "com.apple.product-type.application";
		};
/* End PBXNativeTarget section */

/* Begin PBXProject section */
		BE19EBE015F359B700065448 /* Project object */ = {
			isa = PBXProject;
			attributes = {
				LastUpgradeCheck = 0430;
			};
			buildConfigurationList = BE19EBE315F359B700065448 /* Build configuration list for PBXProject "TimerCamera" */;
			compatibilityVersion = "Xcode 3.2";
			developmentRegion = English;
			hasScannedForEncodings = 0;
			knownRegions = (
				en,
			);
			mainGroup = BE19EBDE15F359B700065448;
			productRefGroup = BE19EBEA15F359B800065448 /* Products */;
			projectDirPath = "";
			projectRoot = "";
			targets = (
				BE19EBE815F359B700065448 /* TimerCamera */,
			);
		};
/* End PBXProject section */

/* Begin PBXResourcesBuildPhase section */
		BE19EBE715F359B700065448 /* Resources */ = {
			isa = PBXResourcesBuildPhase;
			buildActionMask = 2147483647;
			files = (
				BE19EBF815F359B800065448 /* InfoPlist.strings in Resources */,
				BE19EC0415F359B800065448 /* ViewController_iPhone.xib in Resources */,
				BE19EC0715F359B800065448 /* ViewController_iPad.xib in Resources */,
				BE95DCC9160792CF006D0506 /* dtmf-6.caf in Resources */,
				BE95DCCA160792CF006D0506 /* dtmf-7.caf in Resources */,
				BE95DCCB160792CF006D0506 /* long_low_short_high.caf in Resources */,
				BE95DCCC160792CF006D0506 /* sms-received4.caf in Resources */,
				BE95DCCD160792CF006D0506 /* tweet_sent.caf in Resources */,
			);
			runOnlyForDeploymentPostprocessing = 0;
		};
/* End PBXResourcesBuildPhase section */

/* Begin PBXSourcesBuildPhase section */
		BE19EBE515F359B700065448 /* Sources */ = {
			isa = PBXSourcesBuildPhase;
			buildActionMask = 2147483647;
			files = (
				BE19EBFA15F359B800065448 /* main.m in Sources */,
				BE19EBFE15F359B800065448 /* AppDelegate.m in Sources */,
				BE19EC0115F359B800065448 /* ViewController.m in Sources */,
				F301345F15FD8F9E00480CD7 /* ViewController_iPhone.m in Sources */,
				F301346215FD8FB300480CD7 /* ViewController_iPad.m in Sources */,
				F301346515FD908700480CD7 /* Configure.m in Sources */,
				F301346C15FD98CE00480CD7 /* CameraOptions.m in Sources */,
				BE89BE741605DBA300D2F091 /* AQPlayer.mm in Sources */,
				BE89BE751605DBA300D2F091 /* AQRecorder.mm in Sources */,
				BE89BE761605DBA300D2F091 /* MeterTable.cpp in Sources */,
				BE89BE911605DC3B00D2F091 /* CADebugMacros.cpp in Sources */,
				BE89BE921605DC3B00D2F091 /* CAStreamBasicDescription.cpp in Sources */,
				BE89BE931605DC3B00D2F091 /* CAXException.cpp in Sources */,
				BE89BE9D1605E24E00D2F091 /* AudioUtility.mm in Sources */,
			);
			runOnlyForDeploymentPostprocessing = 0;
		};
/* End PBXSourcesBuildPhase section */

/* Begin PBXVariantGroup section */
		BE19EBF615F359B800065448 /* InfoPlist.strings */ = {
			isa = PBXVariantGroup;
			children = (
				BE19EBF715F359B800065448 /* en */,
			);
			name = InfoPlist.strings;
			sourceTree = "<group>";
		};
		BE19EC0215F359B800065448 /* ViewController_iPhone.xib */ = {
			isa = PBXVariantGroup;
			children = (
				BE19EC0315F359B800065448 /* en */,
			);
			name = ViewController_iPhone.xib;
			sourceTree = "<group>";
		};
		BE19EC0515F359B800065448 /* ViewController_iPad.xib */ = {
			isa = PBXVariantGroup;
			children = (
				BE19EC0615F359B800065448 /* en */,
			);
			name = ViewController_iPad.xib;
			sourceTree = "<group>";
		};
/* End PBXVariantGroup section */

/* Begin XCBuildConfiguration section */
		BE19EC0815F359B800065448 /* Debug */ = {
			isa = XCBuildConfiguration;
			buildSettings = {
				ALWAYS_SEARCH_USER_PATHS = NO;
				ARCHS = "$(ARCHS_STANDARD_32_BIT)";
				CODE_SIGN_IDENTITY = "iPhone Developer: JINXIN LI (DJJ4XT349N)";
				"CODE_SIGN_IDENTITY[sdk=iphoneos*]" = "iPhone Developer: JINXIN LI (DJJ4XT349N)";
				COPY_PHASE_STRIP = NO;
				GCC_C_LANGUAGE_STANDARD = gnu99;
				GCC_DYNAMIC_NO_PIC = NO;
				GCC_OPTIMIZATION_LEVEL = 0;
				GCC_PREPROCESSOR_DEFINITIONS = (
					"DEBUG=1",
					"$(inherited)",
				);
				GCC_SYMBOLS_PRIVATE_EXTERN = NO;
				GCC_VERSION = com.apple.compilers.llvm.clang.1_0;
				GCC_WARN_ABOUT_RETURN_TYPE = YES;
				GCC_WARN_UNINITIALIZED_AUTOS = YES;
				GCC_WARN_UNUSED_VARIABLE = YES;
				IPHONEOS_DEPLOYMENT_TARGET = 4.0;
				PROVISIONING_PROFILE = "D755C29F-9CCB-4582-BE91-806CB7EDAD4D";
				"PROVISIONING_PROFILE[sdk=iphoneos*]" = "D755C29F-9CCB-4582-BE91-806CB7EDAD4D";
				SDKROOT = iphoneos;
				TARGETED_DEVICE_FAMILY = "1,2";
			};
			name = Debug;
		};
		BE19EC0915F359B800065448 /* Release */ = {
			isa = XCBuildConfiguration;
			buildSettings = {
				ALWAYS_SEARCH_USER_PATHS = NO;
				ARCHS = "$(ARCHS_STANDARD_32_BIT)";
				CODE_SIGN_IDENTITY = "iPhone Developer: JINXIN LI (DJJ4XT349N)";
				"CODE_SIGN_IDENTITY[sdk=iphoneos*]" = "iPhone Developer: JINXIN LI (DJJ4XT349N)";
				COPY_PHASE_STRIP = YES;
				GCC_C_LANGUAGE_STANDARD = gnu99;
				GCC_VERSION = com.apple.compilers.llvm.clang.1_0;
				GCC_WARN_ABOUT_RETURN_TYPE = YES;
				GCC_WARN_UNINITIALIZED_AUTOS = YES;
				GCC_WARN_UNUSED_VARIABLE = YES;
				IPHONEOS_DEPLOYMENT_TARGET = 4.0;
				OTHER_CFLAGS = "-DNS_BLOCK_ASSERTIONS=1";
				PROVISIONING_PROFILE = "D755C29F-9CCB-4582-BE91-806CB7EDAD4D";
				"PROVISIONING_PROFILE[sdk=iphoneos*]" = "D755C29F-9CCB-4582-BE91-806CB7EDAD4D";
				SDKROOT = iphoneos;
				TARGETED_DEVICE_FAMILY = "1,2";
				VALIDATE_PRODUCT = YES;
			};
			name = Release;
		};
		BE19EC0B15F359B800065448 /* Debug */ = {
			isa = XCBuildConfiguration;
			buildSettings = {
				CODE_SIGN_IDENTITY = "iPhone Developer: JINXIN LI (DJJ4XT349N)";
				"CODE_SIGN_IDENTITY[sdk=iphoneos*]" = "iPhone Developer: JINXIN LI (DJJ4XT349N)";
				GCC_PRECOMPILE_PREFIX_HEADER = YES;
				GCC_PREFIX_HEADER = "TimerCamera/TimerCamera-Prefix.pch";
				INFOPLIST_FILE = "TimerCamera/TimerCamera-Info.plist";
				IPHONEOS_DEPLOYMENT_TARGET = 4.0;
				PRODUCT_NAME = "$(TARGET_NAME)";
				PROVISIONING_PROFILE = "52F9DCD3-B960-438D-8DAB-2342EBB5DCAE";
				"PROVISIONING_PROFILE[sdk=iphoneos*]" = "52F9DCD3-B960-438D-8DAB-2342EBB5DCAE";
				WRAPPER_EXTENSION = app;
			};
			name = Debug;
		};
		BE19EC0C15F359B800065448 /* Release */ = {
			isa = XCBuildConfiguration;
			buildSettings = {
				CODE_SIGN_IDENTITY = "iPhone Developer: JINXIN LI (DJJ4XT349N)";
				"CODE_SIGN_IDENTITY[sdk=iphoneos*]" = "iPhone Developer: JINXIN LI (DJJ4XT349N)";
				GCC_PRECOMPILE_PREFIX_HEADER = YES;
				GCC_PREFIX_HEADER = "TimerCamera/TimerCamera-Prefix.pch";
				INFOPLIST_FILE = "TimerCamera/TimerCamera-Info.plist";
				IPHONEOS_DEPLOYMENT_TARGET = 4.0;
				PRODUCT_NAME = "$(TARGET_NAME)";
				PROVISIONING_PROFILE = "52F9DCD3-B960-438D-8DAB-2342EBB5DCAE";
				"PROVISIONING_PROFILE[sdk=iphoneos*]" = "52F9DCD3-B960-438D-8DAB-2342EBB5DCAE";
				WRAPPER_EXTENSION = app;
			};
			name = Release;
		};
/* End XCBuildConfiguration section */

/* Begin XCConfigurationList section */
		BE19EBE315F359B700065448 /* Build configuration list for PBXProject "TimerCamera" */ = {
			isa = XCConfigurationList;
			buildConfigurations = (
				BE19EC0815F359B800065448 /* Debug */,
				BE19EC0915F359B800065448 /* Release */,
			);
			defaultConfigurationIsVisible = 0;
			defaultConfigurationName = Release;
		};
		BE19EC0A15F359B800065448 /* Build configuration list for PBXNativeTarget "TimerCamera" */ = {
			isa = XCConfigurationList;
			buildConfigurations = (
				BE19EC0B15F359B800065448 /* Debug */,
				BE19EC0C15F359B800065448 /* Release */,
			);
			defaultConfigurationIsVisible = 0;
			defaultConfigurationName = Release;
		};
/* End XCConfigurationList section */
	};
	rootObject = BE19EBE015F359B700065448 /* Project object */;
}
