// !$*UTF8*$!
{
	archiveVersion = 1;
	classes = {
	};
	objectVersion = 46;
	objects = {

/* Begin PBXBuildFile section */
		BE0B5ED116F23AE700AEB833 /* RegexKitLite.m in Sources */ = {isa = PBXBuildFile; fileRef = BE0B5ED016F23AE700AEB833 /* RegexKitLite.m */; };
		BE0B5ED316F23C0B00AEB833 /* libicucore.dylib in Frameworks */ = {isa = PBXBuildFile; fileRef = BE0B5ED216F23C0B00AEB833 /* libicucore.dylib */; };
		BE19EBEE15F359B800065448 /* UIKit.framework in Frameworks */ = {isa = PBXBuildFile; fileRef = BE19EBED15F359B800065448 /* UIKit.framework */; };
		BE19EBF015F359B800065448 /* Foundation.framework in Frameworks */ = {isa = PBXBuildFile; fileRef = BE19EBEF15F359B800065448 /* Foundation.framework */; };
		BE19EBF215F359B800065448 /* CoreGraphics.framework in Frameworks */ = {isa = PBXBuildFile; fileRef = BE19EBF115F359B800065448 /* CoreGraphics.framework */; };
		BE19EBFA15F359B800065448 /* main.m in Sources */ = {isa = PBXBuildFile; fileRef = BE19EBF915F359B800065448 /* main.m */; };
		BE19EBFE15F359B800065448 /* AppDelegate.m in Sources */ = {isa = PBXBuildFile; fileRef = BE19EBFD15F359B800065448 /* AppDelegate.m */; };
		BE2903CB16C7FE9E00E172CE /* CustomizedUIImagePickerController.m in Sources */ = {isa = PBXBuildFile; fileRef = BE2903CA16C7FE9D00E172CE /* CustomizedUIImagePickerController.m */; };
		BE2903CE16C8032900E172CE /* CustomizedUIImagePickerNavigationBar.m in Sources */ = {isa = PBXBuildFile; fileRef = BE2903CD16C8032900E172CE /* CustomizedUIImagePickerNavigationBar.m */; };
		BE2903D116C80B0500E172CE /* NavigationBarBlackCat.m in Sources */ = {isa = PBXBuildFile; fileRef = BE2903D016C80B0500E172CE /* NavigationBarBlackCat.m */; };
		BE2B9F0716EB821800FDD749 /* libZXingWidget.a in Frameworks */ = {isa = PBXBuildFile; fileRef = BE2B9F0216EB81E100FDD749 /* libZXingWidget.a */; };
		BE2B9F0B16EC510400FDD749 /* QRCodeScannerViewController.mm in Sources */ = {isa = PBXBuildFile; fileRef = BE2B9F0A16EC510400FDD749 /* QRCodeScannerViewController.mm */; };
		BE2B9F1516ED009F00FDD749 /* libiconv.dylib in Frameworks */ = {isa = PBXBuildFile; fileRef = BE2B9F1416ED009F00FDD749 /* libiconv.dylib */; };
		BE2B9F1716ED00C100FDD749 /* CoreMedia.framework in Frameworks */ = {isa = PBXBuildFile; fileRef = BE2B9F1616ED00C100FDD749 /* CoreMedia.framework */; };
		BE2B9F1916ED00CE00FDD749 /* CoreVideo.framework in Frameworks */ = {isa = PBXBuildFile; fileRef = BE2B9F1816ED00CE00FDD749 /* CoreVideo.framework */; };
		BE37AF0316CAB8F0005A98C8 /* EditorViewController.m in Sources */ = {isa = PBXBuildFile; fileRef = BE37AF0216CAB8F0005A98C8 /* EditorViewController.m */; };
		BE3BB1E516C40E4300E0E4BA /* AlbumImagePickerView.m in Sources */ = {isa = PBXBuildFile; fileRef = BE3BB1E416C40E4300E0E4BA /* AlbumImagePickerView.m */; };
		BE3BB1E816C40E6C00E0E4BA /* AlbumImagePickerViewCell.m in Sources */ = {isa = PBXBuildFile; fileRef = BE3BB1E716C40E6C00E0E4BA /* AlbumImagePickerViewCell.m */; };
		BE46388D16B03BBC00227BA9 /* QuartzCore.framework in Frameworks */ = {isa = PBXBuildFile; fileRef = BE46388C16B03BBC00227BA9 /* QuartzCore.framework */; };
		BE89BE671605DB6600D2F091 /* CoreAudio.framework in Frameworks */ = {isa = PBXBuildFile; fileRef = BE89BE661605DB6600D2F091 /* CoreAudio.framework */; };
		BE89BE6A1605DB6F00D2F091 /* CoreFoundation.framework in Frameworks */ = {isa = PBXBuildFile; fileRef = BE89BE691605DB6F00D2F091 /* CoreFoundation.framework */; };
		BE89BE6C1605DB7700D2F091 /* AudioToolbox.framework in Frameworks */ = {isa = PBXBuildFile; fileRef = BE89BE6B1605DB7700D2F091 /* AudioToolbox.framework */; };
		BEB4DBE716D3D22C0054F702 /* MessageBoxView.m in Sources */ = {isa = PBXBuildFile; fileRef = BEB4DBE616D3D22C0054F702 /* MessageBoxView.m */; };
		BEB4DBEA16D3D48E0054F702 /* BaseMessageBoxView.m in Sources */ = {isa = PBXBuildFile; fileRef = BEB4DBE916D3D48E0054F702 /* BaseMessageBoxView.m */; };
		BEB8E44A1646D25700DC5800 /* Default.png in Resources */ = {isa = PBXBuildFile; fileRef = BEB8E4471646D25700DC5800 /* Default.png */; };
		BEB8E44B1646D25700DC5800 /* Default@2x.png in Resources */ = {isa = PBXBuildFile; fileRef = BEB8E4481646D25700DC5800 /* Default@2x.png */; };
		BEB8E44C1646D25700DC5800 /* Icon@2x.png in Resources */ = {isa = PBXBuildFile; fileRef = BEB8E4491646D25700DC5800 /* Icon@2x.png */; };
		BEB8E44F1646D36800DC5800 /* Resource in Resources */ = {isa = PBXBuildFile; fileRef = BEB8E44E1646D36800DC5800 /* Resource */; };
		BED2603316BD76200026EEDA /* AQPlayer.mm in Sources */ = {isa = PBXBuildFile; fileRef = BED25FDD16BD76200026EEDA /* AQPlayer.mm */; };
		BED2603416BD76200026EEDA /* AQRecorder.mm in Sources */ = {isa = PBXBuildFile; fileRef = BED25FDF16BD76200026EEDA /* AQRecorder.mm */; };
		BED2603516BD76200026EEDA /* AudioUtility.mm in Sources */ = {isa = PBXBuildFile; fileRef = BED25FE116BD76200026EEDA /* AudioUtility.mm */; };
		BED2603616BD76200026EEDA /* CADebugMacros.cpp in Sources */ = {isa = PBXBuildFile; fileRef = BED25FE216BD76200026EEDA /* CADebugMacros.cpp */; };
		BED2603716BD76200026EEDA /* CAStreamBasicDescription.cpp in Sources */ = {isa = PBXBuildFile; fileRef = BED25FE516BD76200026EEDA /* CAStreamBasicDescription.cpp */; };
		BED2603816BD76200026EEDA /* CAXException.cpp in Sources */ = {isa = PBXBuildFile; fileRef = BED25FE716BD76200026EEDA /* CAXException.cpp */; };
		BED2603916BD76200026EEDA /* MeterTable.cpp in Sources */ = {isa = PBXBuildFile; fileRef = BED25FE916BD76200026EEDA /* MeterTable.cpp */; };
		BED2603A16BD76200026EEDA /* CameraOptions.m in Sources */ = {isa = PBXBuildFile; fileRef = BED25FED16BD76200026EEDA /* CameraOptions.m */; };
		BED2603B16BD76200026EEDA /* Configure.m in Sources */ = {isa = PBXBuildFile; fileRef = BED25FF016BD76200026EEDA /* Configure.m */; };
		BED2603C16BD76200026EEDA /* ShotTimer.m in Sources */ = {isa = PBXBuildFile; fileRef = BED25FF316BD76200026EEDA /* ShotTimer.m */; };
		BED2603D16BD76200026EEDA /* AlphaAnimationView.m in Sources */ = {isa = PBXBuildFile; fileRef = BED25FF816BD76200026EEDA /* AlphaAnimationView.m */; };
		BED2603E16BD76200026EEDA /* CommonAnimationButton.m in Sources */ = {isa = PBXBuildFile; fileRef = BED25FFA16BD76200026EEDA /* CommonAnimationButton.m */; };
		BED2603F16BD76200026EEDA /* CommonAnimationTripleStateButton.m in Sources */ = {isa = PBXBuildFile; fileRef = BED25FFC16BD76200026EEDA /* CommonAnimationTripleStateButton.m */; };
		BED2604016BD76200026EEDA /* UIStateAnimationView.m in Sources */ = {isa = PBXBuildFile; fileRef = BED25FFE16BD76200026EEDA /* UIStateAnimationView.m */; };
		BED2604216BD76200026EEDA /* BaseCameraLogicViewController.m in Sources */ = {isa = PBXBuildFile; fileRef = BED2600316BD76200026EEDA /* BaseCameraLogicViewController.m */; };
		BED2604316BD76200026EEDA /* CameraCoverViewController.m in Sources */ = {isa = PBXBuildFile; fileRef = BED2600516BD76200026EEDA /* CameraCoverViewController.m */; };
		BED2604416BD76200026EEDA /* BlackCat.m in Sources */ = {isa = PBXBuildFile; fileRef = BED2600816BD76200026EEDA /* BlackCat.m */; };
		BED2604516BD76200026EEDA /* ConfigButton.m in Sources */ = {isa = PBXBuildFile; fileRef = BED2600A16BD76200026EEDA /* ConfigButton.m */; };
		BED2604616BD76200026EEDA /* CountView.m in Sources */ = {isa = PBXBuildFile; fileRef = BED2600C16BD76200026EEDA /* CountView.m */; };
		BED2604716BD76200026EEDA /* EmiterCoverView.m in Sources */ = {isa = PBXBuildFile; fileRef = BED2600E16BD76200026EEDA /* EmiterCoverView.m */; };
		BED2604816BD76200026EEDA /* FocusAimer.m in Sources */ = {isa = PBXBuildFile; fileRef = BED2601016BD76200026EEDA /* FocusAimer.m */; };
		BED2604916BD76200026EEDA /* QRCodeButton.m in Sources */ = {isa = PBXBuildFile; fileRef = BED2601216BD76200026EEDA /* QRCodeButton.m */; };
		BED2604A16BD76200026EEDA /* QRCodeNormalStateAnimationView.m in Sources */ = {isa = PBXBuildFile; fileRef = BED2601416BD76200026EEDA /* QRCodeNormalStateAnimationView.m */; };
		BED2604B16BD76200026EEDA /* ShotButton.m in Sources */ = {isa = PBXBuildFile; fileRef = BED2601616BD76200026EEDA /* ShotButton.m */; };
		BED2604C16BD76200026EEDA /* SliderTouchCoverView.m in Sources */ = {isa = PBXBuildFile; fileRef = BED2601816BD76200026EEDA /* SliderTouchCoverView.m */; };
		BED2604D16BD76200026EEDA /* TimerButton.m in Sources */ = {isa = PBXBuildFile; fileRef = BED2601A16BD76200026EEDA /* TimerButton.m */; };
		BED2604E16BD76200026EEDA /* TipsView.m in Sources */ = {isa = PBXBuildFile; fileRef = BED2601C16BD76200026EEDA /* TipsView.m */; };
		BED2604F16BD76200026EEDA /* VolumeMonitor.m in Sources */ = {isa = PBXBuildFile; fileRef = BED2601E16BD76200026EEDA /* VolumeMonitor.m */; };
		BED2605016BD76200026EEDA /* MoreViewController.m in Sources */ = {isa = PBXBuildFile; fileRef = BED2602116BD76200026EEDA /* MoreViewController.m */; };
		BED2605116BD76200026EEDA /* LoadingAnimateImageView.m in Sources */ = {isa = PBXBuildFile; fileRef = BED2602416BD76200026EEDA /* LoadingAnimateImageView.m */; };
		BED2605216BD76200026EEDA /* ViewController.m in Sources */ = {isa = PBXBuildFile; fileRef = BED2602616BD76200026EEDA /* ViewController.m */; };
		BED2605316BD76200026EEDA /* ViewController_iPad.m in Sources */ = {isa = PBXBuildFile; fileRef = BED2602816BD76200026EEDA /* ViewController_iPad.m */; };
		BED2605416BD76200026EEDA /* ViewController_iPad.xib in Resources */ = {isa = PBXBuildFile; fileRef = BED2602916BD76200026EEDA /* ViewController_iPad.xib */; };
		BED2605516BD76200026EEDA /* ViewController_iPhone.m in Sources */ = {isa = PBXBuildFile; fileRef = BED2602B16BD76200026EEDA /* ViewController_iPhone.m */; };
		BED2605616BD76200026EEDA /* ViewController_iPhone.xib in Resources */ = {isa = PBXBuildFile; fileRef = BED2602C16BD76200026EEDA /* ViewController_iPhone.xib */; };
		BED2605716BD76200026EEDA /* ConfigViewController.m in Sources */ = {isa = PBXBuildFile; fileRef = BED2602F16BD76200026EEDA /* ConfigViewController.m */; };
		BED2605816BD76200026EEDA /* BaseUtilitiesFuncions.m in Sources */ = {isa = PBXBuildFile; fileRef = BED2603216BD76200026EEDA /* BaseUtilitiesFuncions.m */; };
		BED2606116BD76A40026EEDA /* DataMatrix.mm in Sources */ = {isa = PBXBuildFile; fileRef = BED2605C16BD76A40026EEDA /* DataMatrix.mm */; };
		BED2606216BD76A40026EEDA /* QR_Encode.cpp in Sources */ = {isa = PBXBuildFile; fileRef = BED2605D16BD76A40026EEDA /* QR_Encode.cpp */; };
		BED2606316BD76A40026EEDA /* QREncoder.mm in Sources */ = {isa = PBXBuildFile; fileRef = BED2606016BD76A40026EEDA /* QREncoder.mm */; };
		BED2606A16BD7CF40026EEDA /* AssetOperator.m in Sources */ = {isa = PBXBuildFile; fileRef = BED2606916BD7CF40026EEDA /* AssetOperator.m */; };
		BED2606C16BD80CD0026EEDA /* AssetsLibrary.framework in Frameworks */ = {isa = PBXBuildFile; fileRef = BED2606B16BD80CD0026EEDA /* AssetsLibrary.framework */; };
		BED2606F16BD82860026EEDA /* AlbumViewController.m in Sources */ = {isa = PBXBuildFile; fileRef = BED2606E16BD82860026EEDA /* AlbumViewController.m */; };
		BEEFD53016973270004B93F8 /* text.strings in Resources */ = {isa = PBXBuildFile; fileRef = BEEFD53216973270004B93F8 /* text.strings */; };
		BEF975B2166A02B800B6C7AC /* Default-568h@2x.png in Resources */ = {isa = PBXBuildFile; fileRef = BEF975B1166A02B800B6C7AC /* Default-568h@2x.png */; };
		BEFB5CDD16BD9EC2000F378B /* ImageIO.framework in Frameworks */ = {isa = PBXBuildFile; fileRef = BEFB5CDC16BD9EC2000F378B /* ImageIO.framework */; };
		BEFB5CE116BEB76F000F378B /* iCarousel.m in Sources */ = {isa = PBXBuildFile; fileRef = BEFB5CE016BEB76F000F378B /* iCarousel.m */; };
		BEFB5CE616BEB8F9000F378B /* ImagePickerView.m in Sources */ = {isa = PBXBuildFile; fileRef = BEFB5CE516BEB8F9000F378B /* ImagePickerView.m */; };
		BEFB5CE916BEB953000F378B /* BaseImagePickerTarget.m in Sources */ = {isa = PBXBuildFile; fileRef = BEFB5CE816BEB953000F378B /* BaseImagePickerTarget.m */; };
		BEFB5CEC16BEB979000F378B /* AssetImagePickerTarget.m in Sources */ = {isa = PBXBuildFile; fileRef = BEFB5CEB16BEB979000F378B /* AssetImagePickerTarget.m */; };
		BEFB5CEF16C0D491000F378B /* ThumbNailManager.m in Sources */ = {isa = PBXBuildFile; fileRef = BEFB5CEE16C0D490000F378B /* ThumbNailManager.m */; };
		BEFB5CF316C12002000F378B /* ImagePickerViewCell.m in Sources */ = {isa = PBXBuildFile; fileRef = BEFB5CF216C12002000F378B /* ImagePickerViewCell.m */; };
		F301347915FDDD1D00480CD7 /* AVFoundation.framework in Frameworks */ = {isa = PBXBuildFile; fileRef = F301347815FDDD1D00480CD7 /* AVFoundation.framework */; };
		F39891411648FE23006E0703 /* MediaPlayer.framework in Frameworks */ = {isa = PBXBuildFile; fileRef = F39891401648FE22006E0703 /* MediaPlayer.framework */; };
/* End PBXBuildFile section */

/* Begin PBXContainerItemProxy section */
		BE2B9F0116EB81E100FDD749 /* PBXContainerItemProxy */ = {
			isa = PBXContainerItemProxy;
			containerPortal = BE2B9EFC16EB81E000FDD749 /* ZXingWidget.xcodeproj */;
			proxyType = 2;
			remoteGlobalIDString = D2AAC07E0554694100DB518D;
			remoteInfo = ZXingWidget;
		};
		BE2B9F0316EB81E100FDD749 /* PBXContainerItemProxy */ = {
			isa = PBXContainerItemProxy;
			containerPortal = BE2B9EFC16EB81E000FDD749 /* ZXingWidget.xcodeproj */;
			proxyType = 2;
			remoteGlobalIDString = 1D60398D13DF7CAD006F4B51;
			remoteInfo = ZXingTests;
		};
		BE2B9F0516EB821000FDD749 /* PBXContainerItemProxy */ = {
			isa = PBXContainerItemProxy;
			containerPortal = BE2B9EFC16EB81E000FDD749 /* ZXingWidget.xcodeproj */;
			proxyType = 1;
			remoteGlobalIDString = D2AAC07D0554694100DB518D;
			remoteInfo = ZXingWidget;
		};
/* End PBXContainerItemProxy section */

/* Begin PBXFileReference section */
		BE0B5ECF16F23AE700AEB833 /* RegexKitLite.h */ = {isa = PBXFileReference; fileEncoding = 4; lastKnownFileType = sourcecode.c.h; path = RegexKitLite.h; sourceTree = "<group>"; };
		BE0B5ED016F23AE700AEB833 /* RegexKitLite.m */ = {isa = PBXFileReference; fileEncoding = 4; lastKnownFileType = sourcecode.c.objc; path = RegexKitLite.m; sourceTree = "<group>"; };
		BE0B5ED216F23C0B00AEB833 /* libicucore.dylib */ = {isa = PBXFileReference; lastKnownFileType = "compiled.mach-o.dylib"; name = libicucore.dylib; path = usr/lib/libicucore.dylib; sourceTree = SDKROOT; };
		BE19EBE915F359B800065448 /* TimerCamera.app */ = {isa = PBXFileReference; explicitFileType = wrapper.application; includeInIndex = 0; path = TimerCamera.app; sourceTree = BUILT_PRODUCTS_DIR; };
		BE19EBED15F359B800065448 /* UIKit.framework */ = {isa = PBXFileReference; lastKnownFileType = wrapper.framework; name = UIKit.framework; path = System/Library/Frameworks/UIKit.framework; sourceTree = SDKROOT; };
		BE19EBEF15F359B800065448 /* Foundation.framework */ = {isa = PBXFileReference; lastKnownFileType = wrapper.framework; name = Foundation.framework; path = System/Library/Frameworks/Foundation.framework; sourceTree = SDKROOT; };
		BE19EBF115F359B800065448 /* CoreGraphics.framework */ = {isa = PBXFileReference; lastKnownFileType = wrapper.framework; name = CoreGraphics.framework; path = System/Library/Frameworks/CoreGraphics.framework; sourceTree = SDKROOT; };
		BE19EBF515F359B800065448 /* TimerCamera-Info.plist */ = {isa = PBXFileReference; lastKnownFileType = text.plist.xml; path = "TimerCamera-Info.plist"; sourceTree = "<group>"; };
		BE19EBF915F359B800065448 /* main.m */ = {isa = PBXFileReference; lastKnownFileType = sourcecode.c.objc; path = main.m; sourceTree = "<group>"; };
		BE19EBFB15F359B800065448 /* TimerCamera-Prefix.pch */ = {isa = PBXFileReference; lastKnownFileType = sourcecode.c.h; path = "TimerCamera-Prefix.pch"; sourceTree = "<group>"; };
		BE19EBFC15F359B800065448 /* AppDelegate.h */ = {isa = PBXFileReference; lastKnownFileType = sourcecode.c.h; path = AppDelegate.h; sourceTree = "<group>"; };
		BE19EBFD15F359B800065448 /* AppDelegate.m */ = {isa = PBXFileReference; lastKnownFileType = sourcecode.c.objc; path = AppDelegate.m; sourceTree = "<group>"; };
		BE2903C916C7FE9D00E172CE /* CustomizedUIImagePickerController.h */ = {isa = PBXFileReference; fileEncoding = 4; lastKnownFileType = sourcecode.c.h; path = CustomizedUIImagePickerController.h; sourceTree = "<group>"; };
		BE2903CA16C7FE9D00E172CE /* CustomizedUIImagePickerController.m */ = {isa = PBXFileReference; fileEncoding = 4; lastKnownFileType = sourcecode.c.objc; path = CustomizedUIImagePickerController.m; sourceTree = "<group>"; };
		BE2903CC16C8032800E172CE /* CustomizedUIImagePickerNavigationBar.h */ = {isa = PBXFileReference; fileEncoding = 4; lastKnownFileType = sourcecode.c.h; path = CustomizedUIImagePickerNavigationBar.h; sourceTree = "<group>"; };
		BE2903CD16C8032900E172CE /* CustomizedUIImagePickerNavigationBar.m */ = {isa = PBXFileReference; fileEncoding = 4; lastKnownFileType = sourcecode.c.objc; path = CustomizedUIImagePickerNavigationBar.m; sourceTree = "<group>"; };
		BE2903CF16C80B0500E172CE /* NavigationBarBlackCat.h */ = {isa = PBXFileReference; fileEncoding = 4; lastKnownFileType = sourcecode.c.h; path = NavigationBarBlackCat.h; sourceTree = "<group>"; };
		BE2903D016C80B0500E172CE /* NavigationBarBlackCat.m */ = {isa = PBXFileReference; fileEncoding = 4; lastKnownFileType = sourcecode.c.objc; path = NavigationBarBlackCat.m; sourceTree = "<group>"; };
		BE2B9EFC16EB81E000FDD749 /* ZXingWidget.xcodeproj */ = {isa = PBXFileReference; lastKnownFileType = "wrapper.pb-project"; name = ZXingWidget.xcodeproj; path = ZXingWidget/ZXingWidget.xcodeproj; sourceTree = "<group>"; };
		BE2B9F0916EC510400FDD749 /* QRCodeScannerViewController.h */ = {isa = PBXFileReference; fileEncoding = 4; lastKnownFileType = sourcecode.c.h; path = QRCodeScannerViewController.h; sourceTree = "<group>"; };
		BE2B9F0A16EC510400FDD749 /* QRCodeScannerViewController.mm */ = {isa = PBXFileReference; fileEncoding = 4; lastKnownFileType = sourcecode.cpp.objcpp; path = QRCodeScannerViewController.mm; sourceTree = "<group>"; };
		BE2B9F1416ED009F00FDD749 /* libiconv.dylib */ = {isa = PBXFileReference; lastKnownFileType = "compiled.mach-o.dylib"; name = libiconv.dylib; path = usr/lib/libiconv.dylib; sourceTree = SDKROOT; };
		BE2B9F1616ED00C100FDD749 /* CoreMedia.framework */ = {isa = PBXFileReference; lastKnownFileType = wrapper.framework; name = CoreMedia.framework; path = System/Library/Frameworks/CoreMedia.framework; sourceTree = SDKROOT; };
		BE2B9F1816ED00CE00FDD749 /* CoreVideo.framework */ = {isa = PBXFileReference; lastKnownFileType = wrapper.framework; name = CoreVideo.framework; path = System/Library/Frameworks/CoreVideo.framework; sourceTree = SDKROOT; };
		BE37AF0116CAB8F0005A98C8 /* EditorViewController.h */ = {isa = PBXFileReference; fileEncoding = 4; lastKnownFileType = sourcecode.c.h; path = EditorViewController.h; sourceTree = "<group>"; };
		BE37AF0216CAB8F0005A98C8 /* EditorViewController.m */ = {isa = PBXFileReference; fileEncoding = 4; lastKnownFileType = sourcecode.c.objc; path = EditorViewController.m; sourceTree = "<group>"; };
		BE3BB1E316C40E4300E0E4BA /* AlbumImagePickerView.h */ = {isa = PBXFileReference; fileEncoding = 4; lastKnownFileType = sourcecode.c.h; path = AlbumImagePickerView.h; sourceTree = "<group>"; };
		BE3BB1E416C40E4300E0E4BA /* AlbumImagePickerView.m */ = {isa = PBXFileReference; fileEncoding = 4; lastKnownFileType = sourcecode.c.objc; path = AlbumImagePickerView.m; sourceTree = "<group>"; };
		BE3BB1E616C40E6C00E0E4BA /* AlbumImagePickerViewCell.h */ = {isa = PBXFileReference; fileEncoding = 4; lastKnownFileType = sourcecode.c.h; path = AlbumImagePickerViewCell.h; sourceTree = "<group>"; };
		BE3BB1E716C40E6C00E0E4BA /* AlbumImagePickerViewCell.m */ = {isa = PBXFileReference; fileEncoding = 4; lastKnownFileType = sourcecode.c.objc; path = AlbumImagePickerViewCell.m; sourceTree = "<group>"; };
		BE46388C16B03BBC00227BA9 /* QuartzCore.framework */ = {isa = PBXFileReference; lastKnownFileType = wrapper.framework; name = QuartzCore.framework; path = System/Library/Frameworks/QuartzCore.framework; sourceTree = SDKROOT; };
		BE89BE661605DB6600D2F091 /* CoreAudio.framework */ = {isa = PBXFileReference; lastKnownFileType = wrapper.framework; name = CoreAudio.framework; path = System/Library/Frameworks/CoreAudio.framework; sourceTree = SDKROOT; };
		BE89BE691605DB6F00D2F091 /* CoreFoundation.framework */ = {isa = PBXFileReference; lastKnownFileType = wrapper.framework; name = CoreFoundation.framework; path = System/Library/Frameworks/CoreFoundation.framework; sourceTree = SDKROOT; };
		BE89BE6B1605DB7700D2F091 /* AudioToolbox.framework */ = {isa = PBXFileReference; lastKnownFileType = wrapper.framework; name = AudioToolbox.framework; path = System/Library/Frameworks/AudioToolbox.framework; sourceTree = SDKROOT; };
		BEB4DBE516D3D22C0054F702 /* MessageBoxView.h */ = {isa = PBXFileReference; fileEncoding = 4; lastKnownFileType = sourcecode.c.h; path = MessageBoxView.h; sourceTree = "<group>"; };
		BEB4DBE616D3D22C0054F702 /* MessageBoxView.m */ = {isa = PBXFileReference; fileEncoding = 4; lastKnownFileType = sourcecode.c.objc; path = MessageBoxView.m; sourceTree = "<group>"; };
		BEB4DBE816D3D48E0054F702 /* BaseMessageBoxView.h */ = {isa = PBXFileReference; fileEncoding = 4; lastKnownFileType = sourcecode.c.h; path = BaseMessageBoxView.h; sourceTree = "<group>"; };
		BEB4DBE916D3D48E0054F702 /* BaseMessageBoxView.m */ = {isa = PBXFileReference; fileEncoding = 4; lastKnownFileType = sourcecode.c.objc; path = BaseMessageBoxView.m; sourceTree = "<group>"; };
		BEB8E4471646D25700DC5800 /* Default.png */ = {isa = PBXFileReference; lastKnownFileType = image.png; path = Default.png; sourceTree = "<group>"; };
		BEB8E4481646D25700DC5800 /* Default@2x.png */ = {isa = PBXFileReference; lastKnownFileType = image.png; path = "Default@2x.png"; sourceTree = "<group>"; };
		BEB8E4491646D25700DC5800 /* Icon@2x.png */ = {isa = PBXFileReference; lastKnownFileType = image.png; path = "Icon@2x.png"; sourceTree = "<group>"; };
		BEB8E44E1646D36800DC5800 /* Resource */ = {isa = PBXFileReference; lastKnownFileType = folder; path = Resource; sourceTree = "<group>"; };
		BED25FDC16BD76200026EEDA /* AQPlayer.h */ = {isa = PBXFileReference; fileEncoding = 4; lastKnownFileType = sourcecode.c.h; path = AQPlayer.h; sourceTree = "<group>"; };
		BED25FDD16BD76200026EEDA /* AQPlayer.mm */ = {isa = PBXFileReference; fileEncoding = 4; lastKnownFileType = sourcecode.cpp.objcpp; path = AQPlayer.mm; sourceTree = "<group>"; };
		BED25FDE16BD76200026EEDA /* AQRecorder.h */ = {isa = PBXFileReference; fileEncoding = 4; lastKnownFileType = sourcecode.c.h; path = AQRecorder.h; sourceTree = "<group>"; };
		BED25FDF16BD76200026EEDA /* AQRecorder.mm */ = {isa = PBXFileReference; fileEncoding = 4; lastKnownFileType = sourcecode.cpp.objcpp; path = AQRecorder.mm; sourceTree = "<group>"; };
		BED25FE016BD76200026EEDA /* AudioUtility.h */ = {isa = PBXFileReference; fileEncoding = 4; lastKnownFileType = sourcecode.c.h; path = AudioUtility.h; sourceTree = "<group>"; };
		BED25FE116BD76200026EEDA /* AudioUtility.mm */ = {isa = PBXFileReference; fileEncoding = 4; lastKnownFileType = sourcecode.cpp.objcpp; path = AudioUtility.mm; sourceTree = "<group>"; };
		BED25FE216BD76200026EEDA /* CADebugMacros.cpp */ = {isa = PBXFileReference; fileEncoding = 4; lastKnownFileType = sourcecode.cpp.cpp; path = CADebugMacros.cpp; sourceTree = "<group>"; };
		BED25FE316BD76200026EEDA /* CADebugMacros.h */ = {isa = PBXFileReference; fileEncoding = 4; lastKnownFileType = sourcecode.c.h; path = CADebugMacros.h; sourceTree = "<group>"; };
		BED25FE416BD76200026EEDA /* CAMath.h */ = {isa = PBXFileReference; fileEncoding = 4; lastKnownFileType = sourcecode.c.h; path = CAMath.h; sourceTree = "<group>"; };
		BED25FE516BD76200026EEDA /* CAStreamBasicDescription.cpp */ = {isa = PBXFileReference; fileEncoding = 4; lastKnownFileType = sourcecode.cpp.cpp; path = CAStreamBasicDescription.cpp; sourceTree = "<group>"; };
		BED25FE616BD76200026EEDA /* CAStreamBasicDescription.h */ = {isa = PBXFileReference; fileEncoding = 4; lastKnownFileType = sourcecode.c.h; path = CAStreamBasicDescription.h; sourceTree = "<group>"; };
		BED25FE716BD76200026EEDA /* CAXException.cpp */ = {isa = PBXFileReference; fileEncoding = 4; lastKnownFileType = sourcecode.cpp.cpp; path = CAXException.cpp; sourceTree = "<group>"; };
		BED25FE816BD76200026EEDA /* CAXException.h */ = {isa = PBXFileReference; fileEncoding = 4; lastKnownFileType = sourcecode.c.h; path = CAXException.h; sourceTree = "<group>"; };
		BED25FE916BD76200026EEDA /* MeterTable.cpp */ = {isa = PBXFileReference; fileEncoding = 4; lastKnownFileType = sourcecode.cpp.cpp; path = MeterTable.cpp; sourceTree = "<group>"; };
		BED25FEA16BD76200026EEDA /* MeterTable.h */ = {isa = PBXFileReference; fileEncoding = 4; lastKnownFileType = sourcecode.c.h; path = MeterTable.h; sourceTree = "<group>"; };
		BED25FEC16BD76200026EEDA /* CameraOptions.h */ = {isa = PBXFileReference; fileEncoding = 4; lastKnownFileType = sourcecode.c.h; path = CameraOptions.h; sourceTree = "<group>"; };
		BED25FED16BD76200026EEDA /* CameraOptions.m */ = {isa = PBXFileReference; fileEncoding = 4; lastKnownFileType = sourcecode.c.objc; path = CameraOptions.m; sourceTree = "<group>"; };
		BED25FEF16BD76200026EEDA /* Configure.h */ = {isa = PBXFileReference; fileEncoding = 4; lastKnownFileType = sourcecode.c.h; path = Configure.h; sourceTree = "<group>"; };
		BED25FF016BD76200026EEDA /* Configure.m */ = {isa = PBXFileReference; fileEncoding = 4; lastKnownFileType = sourcecode.c.objc; path = Configure.m; sourceTree = "<group>"; };
		BED25FF216BD76200026EEDA /* ShotTimer.h */ = {isa = PBXFileReference; fileEncoding = 4; lastKnownFileType = sourcecode.c.h; path = ShotTimer.h; sourceTree = "<group>"; };
		BED25FF316BD76200026EEDA /* ShotTimer.m */ = {isa = PBXFileReference; fileEncoding = 4; lastKnownFileType = sourcecode.c.objc; path = ShotTimer.m; sourceTree = "<group>"; };
		BED25FF716BD76200026EEDA /* AlphaAnimationView.h */ = {isa = PBXFileReference; fileEncoding = 4; lastKnownFileType = sourcecode.c.h; path = AlphaAnimationView.h; sourceTree = "<group>"; };
		BED25FF816BD76200026EEDA /* AlphaAnimationView.m */ = {isa = PBXFileReference; fileEncoding = 4; lastKnownFileType = sourcecode.c.objc; path = AlphaAnimationView.m; sourceTree = "<group>"; };
		BED25FF916BD76200026EEDA /* CommonAnimationButton.h */ = {isa = PBXFileReference; fileEncoding = 4; lastKnownFileType = sourcecode.c.h; path = CommonAnimationButton.h; sourceTree = "<group>"; };
		BED25FFA16BD76200026EEDA /* CommonAnimationButton.m */ = {isa = PBXFileReference; fileEncoding = 4; lastKnownFileType = sourcecode.c.objc; path = CommonAnimationButton.m; sourceTree = "<group>"; };
		BED25FFB16BD76200026EEDA /* CommonAnimationTripleStateButton.h */ = {isa = PBXFileReference; fileEncoding = 4; lastKnownFileType = sourcecode.c.h; path = CommonAnimationTripleStateButton.h; sourceTree = "<group>"; };
		BED25FFC16BD76200026EEDA /* CommonAnimationTripleStateButton.m */ = {isa = PBXFileReference; fileEncoding = 4; lastKnownFileType = sourcecode.c.objc; path = CommonAnimationTripleStateButton.m; sourceTree = "<group>"; };
		BED25FFD16BD76200026EEDA /* UIStateAnimationView.h */ = {isa = PBXFileReference; fileEncoding = 4; lastKnownFileType = sourcecode.c.h; path = UIStateAnimationView.h; sourceTree = "<group>"; };
		BED25FFE16BD76200026EEDA /* UIStateAnimationView.m */ = {isa = PBXFileReference; fileEncoding = 4; lastKnownFileType = sourcecode.c.objc; path = UIStateAnimationView.m; sourceTree = "<group>"; };
		BED2600216BD76200026EEDA /* BaseCameraLogicViewController.h */ = {isa = PBXFileReference; fileEncoding = 4; lastKnownFileType = sourcecode.c.h; path = BaseCameraLogicViewController.h; sourceTree = "<group>"; };
		BED2600316BD76200026EEDA /* BaseCameraLogicViewController.m */ = {isa = PBXFileReference; fileEncoding = 4; lastKnownFileType = sourcecode.c.objc; path = BaseCameraLogicViewController.m; sourceTree = "<group>"; };
		BED2600416BD76200026EEDA /* CameraCoverViewController.h */ = {isa = PBXFileReference; fileEncoding = 4; lastKnownFileType = sourcecode.c.h; path = CameraCoverViewController.h; sourceTree = "<group>"; };
		BED2600516BD76200026EEDA /* CameraCoverViewController.m */ = {isa = PBXFileReference; fileEncoding = 4; lastKnownFileType = sourcecode.c.objc; path = CameraCoverViewController.m; sourceTree = "<group>"; };
		BED2600716BD76200026EEDA /* BlackCat.h */ = {isa = PBXFileReference; fileEncoding = 4; lastKnownFileType = sourcecode.c.h; path = BlackCat.h; sourceTree = "<group>"; };
		BED2600816BD76200026EEDA /* BlackCat.m */ = {isa = PBXFileReference; fileEncoding = 4; lastKnownFileType = sourcecode.c.objc; path = BlackCat.m; sourceTree = "<group>"; };
		BED2600916BD76200026EEDA /* ConfigButton.h */ = {isa = PBXFileReference; fileEncoding = 4; lastKnownFileType = sourcecode.c.h; path = ConfigButton.h; sourceTree = "<group>"; };
		BED2600A16BD76200026EEDA /* ConfigButton.m */ = {isa = PBXFileReference; fileEncoding = 4; lastKnownFileType = sourcecode.c.objc; path = ConfigButton.m; sourceTree = "<group>"; };
		BED2600B16BD76200026EEDA /* CountView.h */ = {isa = PBXFileReference; fileEncoding = 4; lastKnownFileType = sourcecode.c.h; path = CountView.h; sourceTree = "<group>"; };
		BED2600C16BD76200026EEDA /* CountView.m */ = {isa = PBXFileReference; fileEncoding = 4; lastKnownFileType = sourcecode.c.objc; path = CountView.m; sourceTree = "<group>"; };
		BED2600D16BD76200026EEDA /* EmiterCoverView.h */ = {isa = PBXFileReference; fileEncoding = 4; lastKnownFileType = sourcecode.c.h; path = EmiterCoverView.h; sourceTree = "<group>"; };
		BED2600E16BD76200026EEDA /* EmiterCoverView.m */ = {isa = PBXFileReference; fileEncoding = 4; lastKnownFileType = sourcecode.c.objc; path = EmiterCoverView.m; sourceTree = "<group>"; };
		BED2600F16BD76200026EEDA /* FocusAimer.h */ = {isa = PBXFileReference; fileEncoding = 4; lastKnownFileType = sourcecode.c.h; path = FocusAimer.h; sourceTree = "<group>"; };
		BED2601016BD76200026EEDA /* FocusAimer.m */ = {isa = PBXFileReference; fileEncoding = 4; lastKnownFileType = sourcecode.c.objc; path = FocusAimer.m; sourceTree = "<group>"; };
		BED2601116BD76200026EEDA /* QRCodeButton.h */ = {isa = PBXFileReference; fileEncoding = 4; lastKnownFileType = sourcecode.c.h; path = QRCodeButton.h; sourceTree = "<group>"; };
		BED2601216BD76200026EEDA /* QRCodeButton.m */ = {isa = PBXFileReference; fileEncoding = 4; lastKnownFileType = sourcecode.c.objc; path = QRCodeButton.m; sourceTree = "<group>"; };
		BED2601316BD76200026EEDA /* QRCodeNormalStateAnimationView.h */ = {isa = PBXFileReference; fileEncoding = 4; lastKnownFileType = sourcecode.c.h; path = QRCodeNormalStateAnimationView.h; sourceTree = "<group>"; };
		BED2601416BD76200026EEDA /* QRCodeNormalStateAnimationView.m */ = {isa = PBXFileReference; fileEncoding = 4; lastKnownFileType = sourcecode.c.objc; path = QRCodeNormalStateAnimationView.m; sourceTree = "<group>"; };
		BED2601516BD76200026EEDA /* ShotButton.h */ = {isa = PBXFileReference; fileEncoding = 4; lastKnownFileType = sourcecode.c.h; path = ShotButton.h; sourceTree = "<group>"; };
		BED2601616BD76200026EEDA /* ShotButton.m */ = {isa = PBXFileReference; fileEncoding = 4; lastKnownFileType = sourcecode.c.objc; path = ShotButton.m; sourceTree = "<group>"; };
		BED2601716BD76200026EEDA /* SliderTouchCoverView.h */ = {isa = PBXFileReference; fileEncoding = 4; lastKnownFileType = sourcecode.c.h; path = SliderTouchCoverView.h; sourceTree = "<group>"; };
		BED2601816BD76200026EEDA /* SliderTouchCoverView.m */ = {isa = PBXFileReference; fileEncoding = 4; lastKnownFileType = sourcecode.c.objc; path = SliderTouchCoverView.m; sourceTree = "<group>"; };
		BED2601916BD76200026EEDA /* TimerButton.h */ = {isa = PBXFileReference; fileEncoding = 4; lastKnownFileType = sourcecode.c.h; path = TimerButton.h; sourceTree = "<group>"; };
		BED2601A16BD76200026EEDA /* TimerButton.m */ = {isa = PBXFileReference; fileEncoding = 4; lastKnownFileType = sourcecode.c.objc; path = TimerButton.m; sourceTree = "<group>"; };
		BED2601B16BD76200026EEDA /* TipsView.h */ = {isa = PBXFileReference; fileEncoding = 4; lastKnownFileType = sourcecode.c.h; path = TipsView.h; sourceTree = "<group>"; };
		BED2601C16BD76200026EEDA /* TipsView.m */ = {isa = PBXFileReference; fileEncoding = 4; lastKnownFileType = sourcecode.c.objc; path = TipsView.m; sourceTree = "<group>"; };
		BED2601D16BD76200026EEDA /* VolumeMonitor.h */ = {isa = PBXFileReference; fileEncoding = 4; lastKnownFileType = sourcecode.c.h; path = VolumeMonitor.h; sourceTree = "<group>"; };
		BED2601E16BD76200026EEDA /* VolumeMonitor.m */ = {isa = PBXFileReference; fileEncoding = 4; lastKnownFileType = sourcecode.c.objc; path = VolumeMonitor.m; sourceTree = "<group>"; };
		BED2602016BD76200026EEDA /* MoreViewController.h */ = {isa = PBXFileReference; fileEncoding = 4; lastKnownFileType = sourcecode.c.h; path = MoreViewController.h; sourceTree = "<group>"; };
		BED2602116BD76200026EEDA /* MoreViewController.m */ = {isa = PBXFileReference; fileEncoding = 4; lastKnownFileType = sourcecode.c.objc; path = MoreViewController.m; sourceTree = "<group>"; };
		BED2602316BD76200026EEDA /* LoadingAnimateImageView.h */ = {isa = PBXFileReference; fileEncoding = 4; lastKnownFileType = sourcecode.c.h; path = LoadingAnimateImageView.h; sourceTree = "<group>"; };
		BED2602416BD76200026EEDA /* LoadingAnimateImageView.m */ = {isa = PBXFileReference; fileEncoding = 4; lastKnownFileType = sourcecode.c.objc; path = LoadingAnimateImageView.m; sourceTree = "<group>"; };
		BED2602516BD76200026EEDA /* ViewController.h */ = {isa = PBXFileReference; fileEncoding = 4; lastKnownFileType = sourcecode.c.h; path = ViewController.h; sourceTree = "<group>"; };
		BED2602616BD76200026EEDA /* ViewController.m */ = {isa = PBXFileReference; fileEncoding = 4; lastKnownFileType = sourcecode.c.objc; path = ViewController.m; sourceTree = "<group>"; };
		BED2602716BD76200026EEDA /* ViewController_iPad.h */ = {isa = PBXFileReference; fileEncoding = 4; lastKnownFileType = sourcecode.c.h; path = ViewController_iPad.h; sourceTree = "<group>"; };
		BED2602816BD76200026EEDA /* ViewController_iPad.m */ = {isa = PBXFileReference; fileEncoding = 4; lastKnownFileType = sourcecode.c.objc; path = ViewController_iPad.m; sourceTree = "<group>"; };
		BED2602916BD76200026EEDA /* ViewController_iPad.xib */ = {isa = PBXFileReference; fileEncoding = 4; lastKnownFileType = file.xib; path = ViewController_iPad.xib; sourceTree = "<group>"; };
		BED2602A16BD76200026EEDA /* ViewController_iPhone.h */ = {isa = PBXFileReference; fileEncoding = 4; lastKnownFileType = sourcecode.c.h; path = ViewController_iPhone.h; sourceTree = "<group>"; };
		BED2602B16BD76200026EEDA /* ViewController_iPhone.m */ = {isa = PBXFileReference; fileEncoding = 4; lastKnownFileType = sourcecode.c.objc; path = ViewController_iPhone.m; sourceTree = "<group>"; };
		BED2602C16BD76200026EEDA /* ViewController_iPhone.xib */ = {isa = PBXFileReference; fileEncoding = 4; lastKnownFileType = file.xib; path = ViewController_iPhone.xib; sourceTree = "<group>"; };
		BED2602E16BD76200026EEDA /* ConfigViewController.h */ = {isa = PBXFileReference; fileEncoding = 4; lastKnownFileType = sourcecode.c.h; path = ConfigViewController.h; sourceTree = "<group>"; };
		BED2602F16BD76200026EEDA /* ConfigViewController.m */ = {isa = PBXFileReference; fileEncoding = 4; lastKnownFileType = sourcecode.c.objc; path = ConfigViewController.m; sourceTree = "<group>"; };
		BED2603116BD76200026EEDA /* BaseUtilitiesFuncions.h */ = {isa = PBXFileReference; fileEncoding = 4; lastKnownFileType = sourcecode.c.h; path = BaseUtilitiesFuncions.h; sourceTree = "<group>"; };
		BED2603216BD76200026EEDA /* BaseUtilitiesFuncions.m */ = {isa = PBXFileReference; fileEncoding = 4; lastKnownFileType = sourcecode.c.objc; path = BaseUtilitiesFuncions.m; sourceTree = "<group>"; };
		BED2605B16BD76A40026EEDA /* DataMatrix.h */ = {isa = PBXFileReference; fileEncoding = 4; lastKnownFileType = sourcecode.c.h; path = DataMatrix.h; sourceTree = "<group>"; };
		BED2605C16BD76A40026EEDA /* DataMatrix.mm */ = {isa = PBXFileReference; fileEncoding = 4; lastKnownFileType = sourcecode.cpp.objcpp; path = DataMatrix.mm; sourceTree = "<group>"; };
		BED2605D16BD76A40026EEDA /* QR_Encode.cpp */ = {isa = PBXFileReference; fileEncoding = 4; lastKnownFileType = sourcecode.cpp.cpp; path = QR_Encode.cpp; sourceTree = "<group>"; };
		BED2605E16BD76A40026EEDA /* QR_Encode.h */ = {isa = PBXFileReference; fileEncoding = 4; lastKnownFileType = sourcecode.c.h; path = QR_Encode.h; sourceTree = "<group>"; };
		BED2605F16BD76A40026EEDA /* QREncoder.h */ = {isa = PBXFileReference; fileEncoding = 4; lastKnownFileType = sourcecode.c.h; path = QREncoder.h; sourceTree = "<group>"; };
		BED2606016BD76A40026EEDA /* QREncoder.mm */ = {isa = PBXFileReference; fileEncoding = 4; lastKnownFileType = sourcecode.cpp.objcpp; path = QREncoder.mm; sourceTree = "<group>"; };
		BED2606816BD7CF40026EEDA /* AssetOperator.h */ = {isa = PBXFileReference; fileEncoding = 4; lastKnownFileType = sourcecode.c.h; path = AssetOperator.h; sourceTree = "<group>"; };
		BED2606916BD7CF40026EEDA /* AssetOperator.m */ = {isa = PBXFileReference; fileEncoding = 4; lastKnownFileType = sourcecode.c.objc; path = AssetOperator.m; sourceTree = "<group>"; };
		BED2606B16BD80CD0026EEDA /* AssetsLibrary.framework */ = {isa = PBXFileReference; lastKnownFileType = wrapper.framework; name = AssetsLibrary.framework; path = System/Library/Frameworks/AssetsLibrary.framework; sourceTree = SDKROOT; };
		BED2606D16BD82860026EEDA /* AlbumViewController.h */ = {isa = PBXFileReference; fileEncoding = 4; lastKnownFileType = sourcecode.c.h; path = AlbumViewController.h; sourceTree = "<group>"; };
		BED2606E16BD82860026EEDA /* AlbumViewController.m */ = {isa = PBXFileReference; fileEncoding = 4; lastKnownFileType = sourcecode.c.objc; path = AlbumViewController.m; sourceTree = "<group>"; };
		BEEFD53116973270004B93F8 /* en */ = {isa = PBXFileReference; lastKnownFileType = text.plist.strings; name = en; path = en.lproj/text.strings; sourceTree = "<group>"; };
		BEEFD53F169737BA004B93F8 /* zh-Hans */ = {isa = PBXFileReference; lastKnownFileType = text.plist.strings; name = "zh-Hans"; path = "zh-Hans.lproj/text.strings"; sourceTree = "<group>"; };
		BEEFD540169737C4004B93F8 /* zh-Hant */ = {isa = PBXFileReference; lastKnownFileType = text.plist.strings; name = "zh-Hant"; path = "zh-Hant.lproj/text.strings"; sourceTree = "<group>"; };
		BEEFD541169737D8004B93F8 /* fr */ = {isa = PBXFileReference; lastKnownFileType = text.plist.strings; name = fr; path = fr.lproj/text.strings; sourceTree = "<group>"; };
		BEEFD54216973817004B93F8 /* ja */ = {isa = PBXFileReference; lastKnownFileType = text.plist.strings; name = ja; path = ja.lproj/text.strings; sourceTree = "<group>"; };
		BEEFD54416973825004B93F8 /* ko */ = {isa = PBXFileReference; lastKnownFileType = text.plist.strings; name = ko; path = ko.lproj/text.strings; sourceTree = "<group>"; };
		BEEFD54516973853004B93F8 /* ru */ = {isa = PBXFileReference; lastKnownFileType = text.plist.strings; name = ru; path = ru.lproj/text.strings; sourceTree = "<group>"; };
		BEEFD54616973876004B93F8 /* es */ = {isa = PBXFileReference; lastKnownFileType = text.plist.strings; name = es; path = es.lproj/text.strings; sourceTree = "<group>"; };
		BEEFD5471697399F004B93F8 /* vi */ = {isa = PBXFileReference; lastKnownFileType = text.plist.strings; name = vi; path = vi.lproj/text.strings; sourceTree = "<group>"; };
		BEF975B1166A02B800B6C7AC /* Default-568h@2x.png */ = {isa = PBXFileReference; lastKnownFileType = image.png; path = "Default-568h@2x.png"; sourceTree = "<group>"; };
		BEFB5CDC16BD9EC2000F378B /* ImageIO.framework */ = {isa = PBXFileReference; lastKnownFileType = wrapper.framework; name = ImageIO.framework; path = System/Library/Frameworks/ImageIO.framework; sourceTree = SDKROOT; };
		BEFB5CDF16BEB76F000F378B /* iCarousel.h */ = {isa = PBXFileReference; fileEncoding = 4; lastKnownFileType = sourcecode.c.h; path = iCarousel.h; sourceTree = "<group>"; };
		BEFB5CE016BEB76F000F378B /* iCarousel.m */ = {isa = PBXFileReference; fileEncoding = 4; lastKnownFileType = sourcecode.c.objc; path = iCarousel.m; sourceTree = "<group>"; };
		BEFB5CE316BEB884000F378B /* IImagePickerTarget.h */ = {isa = PBXFileReference; lastKnownFileType = sourcecode.c.h; path = IImagePickerTarget.h; sourceTree = "<group>"; };
		BEFB5CE416BEB8F9000F378B /* ImagePickerView.h */ = {isa = PBXFileReference; fileEncoding = 4; lastKnownFileType = sourcecode.c.h; path = ImagePickerView.h; sourceTree = "<group>"; };
		BEFB5CE516BEB8F9000F378B /* ImagePickerView.m */ = {isa = PBXFileReference; fileEncoding = 4; lastKnownFileType = sourcecode.c.objc; path = ImagePickerView.m; sourceTree = "<group>"; };
		BEFB5CE716BEB953000F378B /* BaseImagePickerTarget.h */ = {isa = PBXFileReference; fileEncoding = 4; lastKnownFileType = sourcecode.c.h; path = BaseImagePickerTarget.h; sourceTree = "<group>"; };
		BEFB5CE816BEB953000F378B /* BaseImagePickerTarget.m */ = {isa = PBXFileReference; fileEncoding = 4; lastKnownFileType = sourcecode.c.objc; path = BaseImagePickerTarget.m; sourceTree = "<group>"; };
		BEFB5CEA16BEB979000F378B /* AssetImagePickerTarget.h */ = {isa = PBXFileReference; fileEncoding = 4; lastKnownFileType = sourcecode.c.h; path = AssetImagePickerTarget.h; sourceTree = "<group>"; };
		BEFB5CEB16BEB979000F378B /* AssetImagePickerTarget.m */ = {isa = PBXFileReference; fileEncoding = 4; lastKnownFileType = sourcecode.c.objc; path = AssetImagePickerTarget.m; sourceTree = "<group>"; };
		BEFB5CED16C0D490000F378B /* ThumbNailManager.h */ = {isa = PBXFileReference; fileEncoding = 4; lastKnownFileType = sourcecode.c.h; path = ThumbNailManager.h; sourceTree = "<group>"; };
		BEFB5CEE16C0D490000F378B /* ThumbNailManager.m */ = {isa = PBXFileReference; fileEncoding = 4; lastKnownFileType = sourcecode.c.objc; path = ThumbNailManager.m; sourceTree = "<group>"; };
		BEFB5CF116C12002000F378B /* ImagePickerViewCell.h */ = {isa = PBXFileReference; fileEncoding = 4; lastKnownFileType = sourcecode.c.h; path = ImagePickerViewCell.h; sourceTree = "<group>"; };
		BEFB5CF216C12002000F378B /* ImagePickerViewCell.m */ = {isa = PBXFileReference; fileEncoding = 4; lastKnownFileType = sourcecode.c.objc; path = ImagePickerViewCell.m; sourceTree = "<group>"; };
		F301347815FDDD1D00480CD7 /* AVFoundation.framework */ = {isa = PBXFileReference; lastKnownFileType = wrapper.framework; name = AVFoundation.framework; path = System/Library/Frameworks/AVFoundation.framework; sourceTree = SDKROOT; };
		F39891401648FE22006E0703 /* MediaPlayer.framework */ = {isa = PBXFileReference; lastKnownFileType = wrapper.framework; name = MediaPlayer.framework; path = System/Library/Frameworks/MediaPlayer.framework; sourceTree = SDKROOT; };
/* End PBXFileReference section */

/* Begin PBXFrameworksBuildPhase section */
		BE19EBE615F359B700065448 /* Frameworks */ = {
			isa = PBXFrameworksBuildPhase;
			buildActionMask = 2147483647;
			files = (
				BE0B5ED316F23C0B00AEB833 /* libicucore.dylib in Frameworks */,
				BE2B9F0716EB821800FDD749 /* libZXingWidget.a in Frameworks */,
				BE2B9F1916ED00CE00FDD749 /* CoreVideo.framework in Frameworks */,
				BE2B9F1716ED00C100FDD749 /* CoreMedia.framework in Frameworks */,
				BE2B9F1516ED009F00FDD749 /* libiconv.dylib in Frameworks */,
				BEFB5CDD16BD9EC2000F378B /* ImageIO.framework in Frameworks */,
				BED2606C16BD80CD0026EEDA /* AssetsLibrary.framework in Frameworks */,
				BE46388D16B03BBC00227BA9 /* QuartzCore.framework in Frameworks */,
				F39891411648FE23006E0703 /* MediaPlayer.framework in Frameworks */,
				BE89BE6C1605DB7700D2F091 /* AudioToolbox.framework in Frameworks */,
				BE89BE6A1605DB6F00D2F091 /* CoreFoundation.framework in Frameworks */,
				BE89BE671605DB6600D2F091 /* CoreAudio.framework in Frameworks */,
				F301347915FDDD1D00480CD7 /* AVFoundation.framework in Frameworks */,
				BE19EBEE15F359B800065448 /* UIKit.framework in Frameworks */,
				BE19EBF015F359B800065448 /* Foundation.framework in Frameworks */,
				BE19EBF215F359B800065448 /* CoreGraphics.framework in Frameworks */,
			);
			runOnlyForDeploymentPostprocessing = 0;
		};
/* End PBXFrameworksBuildPhase section */

/* Begin PBXGroup section */
		BE0B5ECE16F23AE700AEB833 /* RegexKitLite */ = {
			isa = PBXGroup;
			children = (
				BE0B5ECF16F23AE700AEB833 /* RegexKitLite.h */,
				BE0B5ED016F23AE700AEB833 /* RegexKitLite.m */,
			);
			path = RegexKitLite;
			sourceTree = "<group>";
		};
		BE19EBDE15F359B700065448 = {
			isa = PBXGroup;
			children = (
				BE2B9D1F16EB81AD00FDD749 /* OtherLibs */,
				BEEFD52D16973267004B93F8 /* Strings */,
				BEB8E44E1646D36800DC5800 /* Resource */,
				BEB8E4471646D25700DC5800 /* Default.png */,
				BEB8E4481646D25700DC5800 /* Default@2x.png */,
				BEF975B1166A02B800B6C7AC /* Default-568h@2x.png */,
				BEB8E4491646D25700DC5800 /* Icon@2x.png */,
				BE19EBF315F359B800065448 /* TimerCamera */,
				BE19EBEC15F359B800065448 /* Frameworks */,
				BE19EBEA15F359B800065448 /* Products */,
			);
			sourceTree = "<group>";
		};
		BE19EBEA15F359B800065448 /* Products */ = {
			isa = PBXGroup;
			children = (
				BE19EBE915F359B800065448 /* TimerCamera.app */,
			);
			name = Products;
			sourceTree = "<group>";
		};
		BE19EBEC15F359B800065448 /* Frameworks */ = {
			isa = PBXGroup;
			children = (
				BE0B5ED216F23C0B00AEB833 /* libicucore.dylib */,
				BE2B9F1816ED00CE00FDD749 /* CoreVideo.framework */,
				BE2B9F1616ED00C100FDD749 /* CoreMedia.framework */,
				BE2B9F1416ED009F00FDD749 /* libiconv.dylib */,
				BEFB5CDC16BD9EC2000F378B /* ImageIO.framework */,
				BED2606B16BD80CD0026EEDA /* AssetsLibrary.framework */,
				BE46388C16B03BBC00227BA9 /* QuartzCore.framework */,
				F39891401648FE22006E0703 /* MediaPlayer.framework */,
				BE89BE6B1605DB7700D2F091 /* AudioToolbox.framework */,
				BE89BE691605DB6F00D2F091 /* CoreFoundation.framework */,
				BE89BE661605DB6600D2F091 /* CoreAudio.framework */,
				F301347815FDDD1D00480CD7 /* AVFoundation.framework */,
				BE19EBED15F359B800065448 /* UIKit.framework */,
				BE19EBEF15F359B800065448 /* Foundation.framework */,
				BE19EBF115F359B800065448 /* CoreGraphics.framework */,
			);
			name = Frameworks;
			sourceTree = "<group>";
		};
		BE19EBF315F359B800065448 /* TimerCamera */ = {
			isa = PBXGroup;
			children = (
				BED25FDA16BD76200026EEDA /* Modules */,
				BED25FF416BD76200026EEDA /* UI */,
				BED2603016BD76200026EEDA /* Utilities */,
				BE19EBFC15F359B800065448 /* AppDelegate.h */,
				BE19EBFD15F359B800065448 /* AppDelegate.m */,
				BE19EBF415F359B800065448 /* Supporting Files */,
			);
			path = TimerCamera;
			sourceTree = "<group>";
		};
		BE19EBF415F359B800065448 /* Supporting Files */ = {
			isa = PBXGroup;
			children = (
				BE19EBF515F359B800065448 /* TimerCamera-Info.plist */,
				BE19EBF915F359B800065448 /* main.m */,
				BE19EBFB15F359B800065448 /* TimerCamera-Prefix.pch */,
			);
			name = "Supporting Files";
			sourceTree = "<group>";
		};
		BE2B9D1F16EB81AD00FDD749 /* OtherLibs */ = {
			isa = PBXGroup;
			children = (
				BE2B9EFC16EB81E000FDD749 /* ZXingWidget.xcodeproj */,
			);
			path = OtherLibs;
			sourceTree = "<group>";
		};
		BE2B9EFD16EB81E000FDD749 /* Products */ = {
			isa = PBXGroup;
			children = (
				BE2B9F0216EB81E100FDD749 /* libZXingWidget.a */,
				BE2B9F0416EB81E100FDD749 /* ZXingTests.octest */,
			);
			name = Products;
			sourceTree = "<group>";
		};
		BE2B9F0816EC50E100FDD749 /* QRCodeScanner */ = {
			isa = PBXGroup;
			children = (
				BE2B9F0916EC510400FDD749 /* QRCodeScannerViewController.h */,
				BE2B9F0A16EC510400FDD749 /* QRCodeScannerViewController.mm */,
			);
			path = QRCodeScanner;
			sourceTree = "<group>";
		};
		BE37AF0016CAB8D7005A98C8 /* Editor */ = {
			isa = PBXGroup;
			children = (
				BE37AF0116CAB8F0005A98C8 /* EditorViewController.h */,
				BE37AF0216CAB8F0005A98C8 /* EditorViewController.m */,
			);
			path = Editor;
			sourceTree = "<group>";
		};
		BED25FDA16BD76200026EEDA /* Modules */ = {
			isa = PBXGroup;
			children = (
				BE0B5ECE16F23AE700AEB833 /* RegexKitLite */,
				BEFB5CE216BEB783000F378B /* ImagePicker */,
				BED2606716BD7CD70026EEDA /* Album */,
				BED2605A16BD76A40026EEDA /* QREncoder */,
				BED25FDB16BD76200026EEDA /* AudioUtility */,
				BED25FEB16BD76200026EEDA /* Camera */,
				BED25FEE16BD76200026EEDA /* Setting */,
				BED25FF116BD76200026EEDA /* Timer */,
			);
			path = Modules;
			sourceTree = "<group>";
		};
		BED25FDB16BD76200026EEDA /* AudioUtility */ = {
			isa = PBXGroup;
			children = (
				BED25FDC16BD76200026EEDA /* AQPlayer.h */,
				BED25FDD16BD76200026EEDA /* AQPlayer.mm */,
				BED25FDE16BD76200026EEDA /* AQRecorder.h */,
				BED25FDF16BD76200026EEDA /* AQRecorder.mm */,
				BED25FE016BD76200026EEDA /* AudioUtility.h */,
				BED25FE116BD76200026EEDA /* AudioUtility.mm */,
				BED25FE216BD76200026EEDA /* CADebugMacros.cpp */,
				BED25FE316BD76200026EEDA /* CADebugMacros.h */,
				BED25FE416BD76200026EEDA /* CAMath.h */,
				BED25FE516BD76200026EEDA /* CAStreamBasicDescription.cpp */,
				BED25FE616BD76200026EEDA /* CAStreamBasicDescription.h */,
				BED25FE716BD76200026EEDA /* CAXException.cpp */,
				BED25FE816BD76200026EEDA /* CAXException.h */,
				BED25FE916BD76200026EEDA /* MeterTable.cpp */,
				BED25FEA16BD76200026EEDA /* MeterTable.h */,
			);
			path = AudioUtility;
			sourceTree = "<group>";
		};
		BED25FEB16BD76200026EEDA /* Camera */ = {
			isa = PBXGroup;
			children = (
				BED25FEC16BD76200026EEDA /* CameraOptions.h */,
				BED25FED16BD76200026EEDA /* CameraOptions.m */,
			);
			path = Camera;
			sourceTree = "<group>";
		};
		BED25FEE16BD76200026EEDA /* Setting */ = {
			isa = PBXGroup;
			children = (
				BED25FEF16BD76200026EEDA /* Configure.h */,
				BED25FF016BD76200026EEDA /* Configure.m */,
			);
			path = Setting;
			sourceTree = "<group>";
		};
		BED25FF116BD76200026EEDA /* Timer */ = {
			isa = PBXGroup;
			children = (
				BED25FF216BD76200026EEDA /* ShotTimer.h */,
				BED25FF316BD76200026EEDA /* ShotTimer.m */,
			);
			path = Timer;
			sourceTree = "<group>";
		};
		BED25FF416BD76200026EEDA /* UI */ = {
			isa = PBXGroup;
			children = (
				BE2B9F0816EC50E100FDD749 /* QRCodeScanner */,
				BE37AF0016CAB8D7005A98C8 /* Editor */,
				BEFB5CDE16BEB76F000F378B /* ImagePicker */,
				BED25FF516BD76200026EEDA /* Album */,
				BED25FF616BD76200026EEDA /* Base */,
				BED25FFF16BD76200026EEDA /* Camera */,
				BED2600616BD76200026EEDA /* Controls */,
				BED2601F16BD76200026EEDA /* More */,
				BED2602216BD76200026EEDA /* Root */,
				BED2602D16BD76200026EEDA /* Setting */,
			);
			path = UI;
			sourceTree = "<group>";
		};
		BED25FF516BD76200026EEDA /* Album */ = {
			isa = PBXGroup;
			children = (
				BED2606D16BD82860026EEDA /* AlbumViewController.h */,
				BED2606E16BD82860026EEDA /* AlbumViewController.m */,
				BE3BB1E316C40E4300E0E4BA /* AlbumImagePickerView.h */,
				BE3BB1E416C40E4300E0E4BA /* AlbumImagePickerView.m */,
				BE3BB1E616C40E6C00E0E4BA /* AlbumImagePickerViewCell.h */,
				BE3BB1E716C40E6C00E0E4BA /* AlbumImagePickerViewCell.m */,
				BE2903C916C7FE9D00E172CE /* CustomizedUIImagePickerController.h */,
				BE2903CA16C7FE9D00E172CE /* CustomizedUIImagePickerController.m */,
				BE2903CC16C8032800E172CE /* CustomizedUIImagePickerNavigationBar.h */,
				BE2903CD16C8032900E172CE /* CustomizedUIImagePickerNavigationBar.m */,
			);
			path = Album;
			sourceTree = "<group>";
		};
		BED25FF616BD76200026EEDA /* Base */ = {
			isa = PBXGroup;
			children = (
				BED25FF716BD76200026EEDA /* AlphaAnimationView.h */,
				BED25FF816BD76200026EEDA /* AlphaAnimationView.m */,
				BED25FF916BD76200026EEDA /* CommonAnimationButton.h */,
				BED25FFA16BD76200026EEDA /* CommonAnimationButton.m */,
				BED25FFB16BD76200026EEDA /* CommonAnimationTripleStateButton.h */,
				BED25FFC16BD76200026EEDA /* CommonAnimationTripleStateButton.m */,
				BED25FFD16BD76200026EEDA /* UIStateAnimationView.h */,
				BED25FFE16BD76200026EEDA /* UIStateAnimationView.m */,
				BEB4DBE816D3D48E0054F702 /* BaseMessageBoxView.h */,
				BEB4DBE916D3D48E0054F702 /* BaseMessageBoxView.m */,
			);
			path = Base;
			sourceTree = "<group>";
		};
		BED25FFF16BD76200026EEDA /* Camera */ = {
			isa = PBXGroup;
			children = (
				BED2600216BD76200026EEDA /* BaseCameraLogicViewController.h */,
				BED2600316BD76200026EEDA /* BaseCameraLogicViewController.m */,
				BED2600416BD76200026EEDA /* CameraCoverViewController.h */,
				BED2600516BD76200026EEDA /* CameraCoverViewController.m */,
			);
			path = Camera;
			sourceTree = "<group>";
		};
		BED2600616BD76200026EEDA /* Controls */ = {
			isa = PBXGroup;
			children = (
				BED2600716BD76200026EEDA /* BlackCat.h */,
				BED2600816BD76200026EEDA /* BlackCat.m */,
				BED2600916BD76200026EEDA /* ConfigButton.h */,
				BED2600A16BD76200026EEDA /* ConfigButton.m */,
				BED2600B16BD76200026EEDA /* CountView.h */,
				BED2600C16BD76200026EEDA /* CountView.m */,
				BED2600D16BD76200026EEDA /* EmiterCoverView.h */,
				BED2600E16BD76200026EEDA /* EmiterCoverView.m */,
				BED2600F16BD76200026EEDA /* FocusAimer.h */,
				BED2601016BD76200026EEDA /* FocusAimer.m */,
				BED2601116BD76200026EEDA /* QRCodeButton.h */,
				BED2601216BD76200026EEDA /* QRCodeButton.m */,
				BED2601316BD76200026EEDA /* QRCodeNormalStateAnimationView.h */,
				BED2601416BD76200026EEDA /* QRCodeNormalStateAnimationView.m */,
				BED2601516BD76200026EEDA /* ShotButton.h */,
				BED2601616BD76200026EEDA /* ShotButton.m */,
				BED2601716BD76200026EEDA /* SliderTouchCoverView.h */,
				BED2601816BD76200026EEDA /* SliderTouchCoverView.m */,
				BED2601916BD76200026EEDA /* TimerButton.h */,
				BED2601A16BD76200026EEDA /* TimerButton.m */,
				BED2601B16BD76200026EEDA /* TipsView.h */,
				BED2601C16BD76200026EEDA /* TipsView.m */,
				BED2601D16BD76200026EEDA /* VolumeMonitor.h */,
				BED2601E16BD76200026EEDA /* VolumeMonitor.m */,
				BE2903CF16C80B0500E172CE /* NavigationBarBlackCat.h */,
				BE2903D016C80B0500E172CE /* NavigationBarBlackCat.m */,
				BEB4DBE516D3D22C0054F702 /* MessageBoxView.h */,
				BEB4DBE616D3D22C0054F702 /* MessageBoxView.m */,
			);
			path = Controls;
			sourceTree = "<group>";
		};
		BED2601F16BD76200026EEDA /* More */ = {
			isa = PBXGroup;
			children = (
				BED2602016BD76200026EEDA /* MoreViewController.h */,
				BED2602116BD76200026EEDA /* MoreViewController.m */,
			);
			path = More;
			sourceTree = "<group>";
		};
		BED2602216BD76200026EEDA /* Root */ = {
			isa = PBXGroup;
			children = (
				BED2602316BD76200026EEDA /* LoadingAnimateImageView.h */,
				BED2602416BD76200026EEDA /* LoadingAnimateImageView.m */,
				BED2602516BD76200026EEDA /* ViewController.h */,
				BED2602616BD76200026EEDA /* ViewController.m */,
				BED2602716BD76200026EEDA /* ViewController_iPad.h */,
				BED2602816BD76200026EEDA /* ViewController_iPad.m */,
				BED2602916BD76200026EEDA /* ViewController_iPad.xib */,
				BED2602A16BD76200026EEDA /* ViewController_iPhone.h */,
				BED2602B16BD76200026EEDA /* ViewController_iPhone.m */,
				BED2602C16BD76200026EEDA /* ViewController_iPhone.xib */,
			);
			path = Root;
			sourceTree = "<group>";
		};
		BED2602D16BD76200026EEDA /* Setting */ = {
			isa = PBXGroup;
			children = (
				BED2602E16BD76200026EEDA /* ConfigViewController.h */,
				BED2602F16BD76200026EEDA /* ConfigViewController.m */,
			);
			path = Setting;
			sourceTree = "<group>";
		};
		BED2603016BD76200026EEDA /* Utilities */ = {
			isa = PBXGroup;
			children = (
				BED2603116BD76200026EEDA /* BaseUtilitiesFuncions.h */,
				BED2603216BD76200026EEDA /* BaseUtilitiesFuncions.m */,
			);
			path = Utilities;
			sourceTree = "<group>";
		};
		BED2605A16BD76A40026EEDA /* QREncoder */ = {
			isa = PBXGroup;
			children = (
				BED2605B16BD76A40026EEDA /* DataMatrix.h */,
				BED2605C16BD76A40026EEDA /* DataMatrix.mm */,
				BED2605D16BD76A40026EEDA /* QR_Encode.cpp */,
				BED2605E16BD76A40026EEDA /* QR_Encode.h */,
				BED2605F16BD76A40026EEDA /* QREncoder.h */,
				BED2606016BD76A40026EEDA /* QREncoder.mm */,
			);
			path = QREncoder;
			sourceTree = "<group>";
		};
		BED2606716BD7CD70026EEDA /* Album */ = {
			isa = PBXGroup;
			children = (
				BED2606816BD7CF40026EEDA /* AssetOperator.h */,
				BED2606916BD7CF40026EEDA /* AssetOperator.m */,
				BEFB5CEA16BEB979000F378B /* AssetImagePickerTarget.h */,
				BEFB5CEB16BEB979000F378B /* AssetImagePickerTarget.m */,
			);
			path = Album;
			sourceTree = "<group>";
		};
		BEEFD52D16973267004B93F8 /* Strings */ = {
			isa = PBXGroup;
			children = (
				BEEFD53216973270004B93F8 /* text.strings */,
			);
			path = Strings;
			sourceTree = "<group>";
		};
		BEFB5CDE16BEB76F000F378B /* ImagePicker */ = {
			isa = PBXGroup;
			children = (
				BEFB5CDF16BEB76F000F378B /* iCarousel.h */,
				BEFB5CE016BEB76F000F378B /* iCarousel.m */,
				BEFB5CE416BEB8F9000F378B /* ImagePickerView.h */,
				BEFB5CE516BEB8F9000F378B /* ImagePickerView.m */,
				BEFB5CF116C12002000F378B /* ImagePickerViewCell.h */,
				BEFB5CF216C12002000F378B /* ImagePickerViewCell.m */,
			);
			path = ImagePicker;
			sourceTree = "<group>";
		};
		BEFB5CE216BEB783000F378B /* ImagePicker */ = {
			isa = PBXGroup;
			children = (
				BEFB5CE316BEB884000F378B /* IImagePickerTarget.h */,
				BEFB5CE716BEB953000F378B /* BaseImagePickerTarget.h */,
				BEFB5CE816BEB953000F378B /* BaseImagePickerTarget.m */,
				BEFB5CED16C0D490000F378B /* ThumbNailManager.h */,
				BEFB5CEE16C0D490000F378B /* ThumbNailManager.m */,
			);
			path = ImagePicker;
			sourceTree = "<group>";
		};
/* End PBXGroup section */

/* Begin PBXNativeTarget section */
		BE19EBE815F359B700065448 /* TimerCamera */ = {
			isa = PBXNativeTarget;
			buildConfigurationList = BE19EC0A15F359B800065448 /* Build configuration list for PBXNativeTarget "TimerCamera" */;
			buildPhases = (
				BE19EBE515F359B700065448 /* Sources */,
				BE19EBE615F359B700065448 /* Frameworks */,
				BE19EBE715F359B700065448 /* Resources */,
			);
			buildRules = (
			);
			dependencies = (
				BE2B9F0616EB821000FDD749 /* PBXTargetDependency */,
			);
			name = TimerCamera;
			productName = TimerCamera;
			productReference = BE19EBE915F359B800065448 /* TimerCamera.app */;
			productType = "com.apple.product-type.application";
		};
/* End PBXNativeTarget section */

/* Begin PBXProject section */
		BE19EBE015F359B700065448 /* Project object */ = {
			isa = PBXProject;
			attributes = {
				LastUpgradeCheck = 0430;
			};
			buildConfigurationList = BE19EBE315F359B700065448 /* Build configuration list for PBXProject "TimerCamera" */;
			compatibilityVersion = "Xcode 3.2";
			developmentRegion = English;
			hasScannedForEncodings = 0;
			knownRegions = (
				en,
				"zh-Hans",
				"zh-Hant",
				fr,
				ja,
				it,
				ko,
				ru,
				es,
				vi,
			);
			mainGroup = BE19EBDE15F359B700065448;
			productRefGroup = BE19EBEA15F359B800065448 /* Products */;
			projectDirPath = "";
			projectReferences = (
				{
					ProductGroup = BE2B9EFD16EB81E000FDD749 /* Products */;
					ProjectRef = BE2B9EFC16EB81E000FDD749 /* ZXingWidget.xcodeproj */;
				},
			);
			projectRoot = "";
			targets = (
				BE19EBE815F359B700065448 /* TimerCamera */,
			);
		};
/* End PBXProject section */

/* Begin PBXReferenceProxy section */
		BE2B9F0216EB81E100FDD749 /* libZXingWidget.a */ = {
			isa = PBXReferenceProxy;
			fileType = archive.ar;
			path = libZXingWidget.a;
			remoteRef = BE2B9F0116EB81E100FDD749 /* PBXContainerItemProxy */;
			sourceTree = BUILT_PRODUCTS_DIR;
		};
		BE2B9F0416EB81E100FDD749 /* ZXingTests.octest */ = {
			isa = PBXReferenceProxy;
			fileType = wrapper.cfbundle;
			path = ZXingTests.octest;
			remoteRef = BE2B9F0316EB81E100FDD749 /* PBXContainerItemProxy */;
			sourceTree = BUILT_PRODUCTS_DIR;
		};
/* End PBXReferenceProxy section */

/* Begin PBXResourcesBuildPhase section */
		BE19EBE715F359B700065448 /* Resources */ = {
			isa = PBXResourcesBuildPhase;
			buildActionMask = 2147483647;
			files = (
				BEB8E44A1646D25700DC5800 /* Default.png in Resources */,
				BEB8E44B1646D25700DC5800 /* Default@2x.png in Resources */,
				BEB8E44C1646D25700DC5800 /* Icon@2x.png in Resources */,
				BEB8E44F1646D36800DC5800 /* Resource in Resources */,
				BEF975B2166A02B800B6C7AC /* Default-568h@2x.png in Resources */,
				BEEFD53016973270004B93F8 /* text.strings in Resources */,
				BED2605416BD76200026EEDA /* ViewController_iPad.xib in Resources */,
				BED2605616BD76200026EEDA /* ViewController_iPhone.xib in Resources */,
			);
			runOnlyForDeploymentPostprocessing = 0;
		};
/* End PBXResourcesBuildPhase section */

/* Begin PBXSourcesBuildPhase section */
		BE19EBE515F359B700065448 /* Sources */ = {
			isa = PBXSourcesBuildPhase;
			buildActionMask = 2147483647;
			files = (
				BE19EBFA15F359B800065448 /* main.m in Sources */,
				BE19EBFE15F359B800065448 /* AppDelegate.m in Sources */,
				BED2603316BD76200026EEDA /* AQPlayer.mm in Sources */,
				BED2603416BD76200026EEDA /* AQRecorder.mm in Sources */,
				BED2603516BD76200026EEDA /* AudioUtility.mm in Sources */,
				BED2603616BD76200026EEDA /* CADebugMacros.cpp in Sources */,
				BED2603716BD76200026EEDA /* CAStreamBasicDescription.cpp in Sources */,
				BED2603816BD76200026EEDA /* CAXException.cpp in Sources */,
				BED2603916BD76200026EEDA /* MeterTable.cpp in Sources */,
				BED2603A16BD76200026EEDA /* CameraOptions.m in Sources */,
				BED2603B16BD76200026EEDA /* Configure.m in Sources */,
				BED2603C16BD76200026EEDA /* ShotTimer.m in Sources */,
				BED2603D16BD76200026EEDA /* AlphaAnimationView.m in Sources */,
				BED2603E16BD76200026EEDA /* CommonAnimationButton.m in Sources */,
				BED2603F16BD76200026EEDA /* CommonAnimationTripleStateButton.m in Sources */,
				BED2604016BD76200026EEDA /* UIStateAnimationView.m in Sources */,
				BED2604216BD76200026EEDA /* BaseCameraLogicViewController.m in Sources */,
				BED2604316BD76200026EEDA /* CameraCoverViewController.m in Sources */,
				BED2604416BD76200026EEDA /* BlackCat.m in Sources */,
				BED2604516BD76200026EEDA /* ConfigButton.m in Sources */,
				BED2604616BD76200026EEDA /* CountView.m in Sources */,
				BED2604716BD76200026EEDA /* EmiterCoverView.m in Sources */,
				BED2604816BD76200026EEDA /* FocusAimer.m in Sources */,
				BED2604916BD76200026EEDA /* QRCodeButton.m in Sources */,
				BED2604A16BD76200026EEDA /* QRCodeNormalStateAnimationView.m in Sources */,
				BED2604B16BD76200026EEDA /* ShotButton.m in Sources */,
				BED2604C16BD76200026EEDA /* SliderTouchCoverView.m in Sources */,
				BED2604D16BD76200026EEDA /* TimerButton.m in Sources */,
				BED2604E16BD76200026EEDA /* TipsView.m in Sources */,
				BED2604F16BD76200026EEDA /* VolumeMonitor.m in Sources */,
				BED2605016BD76200026EEDA /* MoreViewController.m in Sources */,
				BED2605116BD76200026EEDA /* LoadingAnimateImageView.m in Sources */,
				BED2605216BD76200026EEDA /* ViewController.m in Sources */,
				BED2605316BD76200026EEDA /* ViewController_iPad.m in Sources */,
				BED2605516BD76200026EEDA /* ViewController_iPhone.m in Sources */,
				BED2605716BD76200026EEDA /* ConfigViewController.m in Sources */,
				BED2605816BD76200026EEDA /* BaseUtilitiesFuncions.m in Sources */,
				BED2606116BD76A40026EEDA /* DataMatrix.mm in Sources */,
				BED2606216BD76A40026EEDA /* QR_Encode.cpp in Sources */,
				BED2606316BD76A40026EEDA /* QREncoder.mm in Sources */,
				BED2606A16BD7CF40026EEDA /* AssetOperator.m in Sources */,
				BED2606F16BD82860026EEDA /* AlbumViewController.m in Sources */,
				BEFB5CE116BEB76F000F378B /* iCarousel.m in Sources */,
				BEFB5CE616BEB8F9000F378B /* ImagePickerView.m in Sources */,
				BEFB5CE916BEB953000F378B /* BaseImagePickerTarget.m in Sources */,
				BEFB5CEC16BEB979000F378B /* AssetImagePickerTarget.m in Sources */,
				BEFB5CEF16C0D491000F378B /* ThumbNailManager.m in Sources */,
				BEFB5CF316C12002000F378B /* ImagePickerViewCell.m in Sources */,
				BE3BB1E516C40E4300E0E4BA /* AlbumImagePickerView.m in Sources */,
				BE3BB1E816C40E6C00E0E4BA /* AlbumImagePickerViewCell.m in Sources */,
				BE2903CB16C7FE9E00E172CE /* CustomizedUIImagePickerController.m in Sources */,
				BE2903CE16C8032900E172CE /* CustomizedUIImagePickerNavigationBar.m in Sources */,
				BE2903D116C80B0500E172CE /* NavigationBarBlackCat.m in Sources */,
				BE37AF0316CAB8F0005A98C8 /* EditorViewController.m in Sources */,
				BEB4DBE716D3D22C0054F702 /* MessageBoxView.m in Sources */,
				BEB4DBEA16D3D48E0054F702 /* BaseMessageBoxView.m in Sources */,
				BE2B9F0B16EC510400FDD749 /* QRCodeScannerViewController.mm in Sources */,
				BE0B5ED116F23AE700AEB833 /* RegexKitLite.m in Sources */,
			);
			runOnlyForDeploymentPostprocessing = 0;
		};
/* End PBXSourcesBuildPhase section */

/* Begin PBXTargetDependency section */
		BE2B9F0616EB821000FDD749 /* PBXTargetDependency */ = {
			isa = PBXTargetDependency;
			name = ZXingWidget;
			targetProxy = BE2B9F0516EB821000FDD749 /* PBXContainerItemProxy */;
		};
/* End PBXTargetDependency section */

/* Begin PBXVariantGroup section */
		BEEFD53216973270004B93F8 /* text.strings */ = {
			isa = PBXVariantGroup;
			children = (
				BEEFD53116973270004B93F8 /* en */,
				BEEFD53F169737BA004B93F8 /* zh-Hans */,
				BEEFD540169737C4004B93F8 /* zh-Hant */,
				BEEFD541169737D8004B93F8 /* fr */,
				BEEFD54216973817004B93F8 /* ja */,
				BEEFD54416973825004B93F8 /* ko */,
				BEEFD54516973853004B93F8 /* ru */,
				BEEFD54616973876004B93F8 /* es */,
				BEEFD5471697399F004B93F8 /* vi */,
			);
			name = text.strings;
			sourceTree = "<group>";
			usesTabs = 0;
		};
/* End PBXVariantGroup section */

/* Begin XCBuildConfiguration section */
		BE19EC0815F359B800065448 /* Debug */ = {
			isa = XCBuildConfiguration;
			buildSettings = {
				ALWAYS_SEARCH_USER_PATHS = NO;
				ARCHS = "$(ARCHS_STANDARD_32_BIT)";
				CODE_SIGN_IDENTITY = "iPhone Developer: JINXIN LI (DJJ4XT349N)";
				"CODE_SIGN_IDENTITY[sdk=iphoneos*]" = "iPhone Developer: JINXIN LI (DJJ4XT349N)";
				COPY_PHASE_STRIP = NO;
				GCC_C_LANGUAGE_STANDARD = gnu99;
				GCC_DYNAMIC_NO_PIC = NO;
				GCC_OPTIMIZATION_LEVEL = 0;
				GCC_PREPROCESSOR_DEFINITIONS = (
					"DEBUG=1",
					"$(inherited)",
				);
				GCC_SYMBOLS_PRIVATE_EXTERN = NO;
				GCC_VERSION = com.apple.compilers.llvm.clang.1_0;
				GCC_WARN_ABOUT_RETURN_TYPE = YES;
				GCC_WARN_UNINITIALIZED_AUTOS = YES;
				GCC_WARN_UNUSED_VARIABLE = YES;
				HEADER_SEARCH_PATHS = (
					./OtherLibs/ZXingWidget/Classes,
					./OtherLibs/ZXingWidget/CoreSrc,
				);
				IPHONEOS_DEPLOYMENT_TARGET = 4.3;
				PROVISIONING_PROFILE = "D755C29F-9CCB-4582-BE91-806CB7EDAD4D";
				"PROVISIONING_PROFILE[sdk=iphoneos*]" = "D755C29F-9CCB-4582-BE91-806CB7EDAD4D";
				SDKROOT = iphoneos;
				TARGETED_DEVICE_FAMILY = "1,2";
			};
			name = Debug;
		};
		BE19EC0915F359B800065448 /* Release */ = {
			isa = XCBuildConfiguration;
			buildSettings = {
				ALWAYS_SEARCH_USER_PATHS = NO;
				ARCHS = "$(ARCHS_STANDARD_32_BIT)";
				CODE_SIGN_IDENTITY = "iPhone Developer: JINXIN LI (DJJ4XT349N)";
				"CODE_SIGN_IDENTITY[sdk=iphoneos*]" = "iPhone Developer: JINXIN LI (DJJ4XT349N)";
				COPY_PHASE_STRIP = YES;
				GCC_C_LANGUAGE_STANDARD = gnu99;
				GCC_VERSION = com.apple.compilers.llvm.clang.1_0;
				GCC_WARN_ABOUT_RETURN_TYPE = YES;
				GCC_WARN_UNINITIALIZED_AUTOS = YES;
				GCC_WARN_UNUSED_VARIABLE = YES;
				HEADER_SEARCH_PATHS = (
					./OtherLibs/ZXingWidget/Classes,
					./OtherLibs/ZXingWidget/CoreSrc,
				);
				IPHONEOS_DEPLOYMENT_TARGET = 4.3;
				OTHER_CFLAGS = "-DNS_BLOCK_ASSERTIONS=1";
				PROVISIONING_PROFILE = "D755C29F-9CCB-4582-BE91-806CB7EDAD4D";
				"PROVISIONING_PROFILE[sdk=iphoneos*]" = "D755C29F-9CCB-4582-BE91-806CB7EDAD4D";
				SDKROOT = iphoneos;
				TARGETED_DEVICE_FAMILY = "1,2";
				VALIDATE_PRODUCT = YES;
			};
			name = Release;
		};
		BE19EC0B15F359B800065448 /* Debug */ = {
			isa = XCBuildConfiguration;
			buildSettings = {
				CODE_SIGN_IDENTITY = "iPhone Developer: JINXIN LI (DJJ4XT349N)";
				"CODE_SIGN_IDENTITY[sdk=iphoneos*]" = "iPhone Developer: JINXIN LI (DJJ4XT349N)";
				GCC_PRECOMPILE_PREFIX_HEADER = YES;
				GCC_PREFIX_HEADER = "TimerCamera/TimerCamera-Prefix.pch";
				INFOPLIST_FILE = "TimerCamera/TimerCamera-Info.plist";
				IPHONEOS_DEPLOYMENT_TARGET = 4.3;
				PRODUCT_NAME = "$(TARGET_NAME)";
				PROVISIONING_PROFILE = "C0F1B9AC-E6AE-46A2-AFD3-E195B5D9C8F3";
				"PROVISIONING_PROFILE[sdk=iphoneos*]" = "C0F1B9AC-E6AE-46A2-AFD3-E195B5D9C8F3";
				WRAPPER_EXTENSION = app;
			};
			name = Debug;
		};
		BE19EC0C15F359B800065448 /* Release */ = {
			isa = XCBuildConfiguration;
			buildSettings = {
				CODE_SIGN_IDENTITY = "iPhone Developer: JINXIN LI (DJJ4XT349N)";
				"CODE_SIGN_IDENTITY[sdk=iphoneos*]" = "iPhone Developer: JINXIN LI (DJJ4XT349N)";
				GCC_PRECOMPILE_PREFIX_HEADER = YES;
				GCC_PREFIX_HEADER = "TimerCamera/TimerCamera-Prefix.pch";
				INFOPLIST_FILE = "TimerCamera/TimerCamera-Info.plist";
				IPHONEOS_DEPLOYMENT_TARGET = 4.3;
				PRODUCT_NAME = "$(TARGET_NAME)";
				PROVISIONING_PROFILE = "C0F1B9AC-E6AE-46A2-AFD3-E195B5D9C8F3";
				"PROVISIONING_PROFILE[sdk=iphoneos*]" = "C0F1B9AC-E6AE-46A2-AFD3-E195B5D9C8F3";
				WRAPPER_EXTENSION = app;
			};
			name = Release;
		};
/* End XCBuildConfiguration section */

/* Begin XCConfigurationList section */
		BE19EBE315F359B700065448 /* Build configuration list for PBXProject "TimerCamera" */ = {
			isa = XCConfigurationList;
			buildConfigurations = (
				BE19EC0815F359B800065448 /* Debug */,
				BE19EC0915F359B800065448 /* Release */,
			);
			defaultConfigurationIsVisible = 0;
			defaultConfigurationName = Release;
		};
		BE19EC0A15F359B800065448 /* Build configuration list for PBXNativeTarget "TimerCamera" */ = {
			isa = XCConfigurationList;
			buildConfigurations = (
				BE19EC0B15F359B800065448 /* Debug */,
				BE19EC0C15F359B800065448 /* Release */,
			);
			defaultConfigurationIsVisible = 0;
			defaultConfigurationName = Release;
		};
/* End XCConfigurationList section */
	};
	rootObject = BE19EBE015F359B700065448 /* Project object */;
}
