// !$*UTF8*$!
{
	archiveVersion = 1;
	classes = {
	};
	objectVersion = 46;
	objects = {

/* Begin PBXBuildFile section */
		3842FB5215B4483000DA889E /* LoginViewController.xib in Resources */ = {isa = PBXBuildFile; fileRef = 3842FB5115B4483000DA889E /* LoginViewController.xib */; };
		3842FB5415B44C3000DA889E /* Localizable.strings in Resources */ = {isa = PBXBuildFile; fileRef = 3842FB5315B44C3000DA889E /* Localizable.strings */; };
		3887890915BACD7D00B919B5 /* InviteFriendController.m in Sources */ = {isa = PBXBuildFile; fileRef = 3887890715BACD7D00B919B5 /* InviteFriendController.m */; };
		3887890A15BACD7D00B919B5 /* InviteFriendController.xib in Resources */ = {isa = PBXBuildFile; fileRef = 3887890815BACD7D00B919B5 /* InviteFriendController.xib */; };
		3887890E15BAD06500B919B5 /* GongshiController.m in Sources */ = {isa = PBXBuildFile; fileRef = 3887890C15BAD06500B919B5 /* GongshiController.m */; };
		3887890F15BAD06500B919B5 /* GongshiController.xib in Resources */ = {isa = PBXBuildFile; fileRef = 3887890D15BAD06500B919B5 /* GongshiController.xib */; };
		3887891815BAD0EA00B919B5 /* SystemMsgDetailViewController.m in Sources */ = {isa = PBXBuildFile; fileRef = 3887891615BAD0E900B919B5 /* SystemMsgDetailViewController.m */; };
		3887891915BAD0EA00B919B5 /* SystemMsgDetailViewController.xib in Resources */ = {isa = PBXBuildFile; fileRef = 3887891715BAD0E900B919B5 /* SystemMsgDetailViewController.xib */; };
		3887891D15BAD10000B919B5 /* SystemMsgViewController.m in Sources */ = {isa = PBXBuildFile; fileRef = 3887891B15BAD10000B919B5 /* SystemMsgViewController.m */; };
		3887891E15BAD10000B919B5 /* SystemMsgViewController.xib in Resources */ = {isa = PBXBuildFile; fileRef = 3887891C15BAD10000B919B5 /* SystemMsgViewController.xib */; };
		3887892215BAD12D00B919B5 /* AboutSystemViewController.m in Sources */ = {isa = PBXBuildFile; fileRef = 3887892015BAD12C00B919B5 /* AboutSystemViewController.m */; };
		3887892315BAD12D00B919B5 /* AboutSystemViewController.xib in Resources */ = {isa = PBXBuildFile; fileRef = 3887892115BAD12D00B919B5 /* AboutSystemViewController.xib */; };
		3887892715BAD14000B919B5 /* ModifyPwdViewController.m in Sources */ = {isa = PBXBuildFile; fileRef = 3887892515BAD13F00B919B5 /* ModifyPwdViewController.m */; };
		3887892815BAD14000B919B5 /* ModifyPwdViewController.xib in Resources */ = {isa = PBXBuildFile; fileRef = 3887892615BAD14000B919B5 /* ModifyPwdViewController.xib */; };
		3887892C15BAD3BB00B919B5 /* XunJiaHisViewController.m in Sources */ = {isa = PBXBuildFile; fileRef = 3887892A15BAD3B600B919B5 /* XunJiaHisViewController.m */; };
		3887892D15BAD3BB00B919B5 /* XunJiaHisViewController.xib in Resources */ = {isa = PBXBuildFile; fileRef = 3887892B15BAD3B900B919B5 /* XunJiaHisViewController.xib */; };
		3887893115BAD3D600B919B5 /* PersonIdentifyViewController.m in Sources */ = {isa = PBXBuildFile; fileRef = 3887892F15BAD3D500B919B5 /* PersonIdentifyViewController.m */; };
		3887893215BAD3D600B919B5 /* PersonIdentifyViewController.xib in Resources */ = {isa = PBXBuildFile; fileRef = 3887893015BAD3D500B919B5 /* PersonIdentifyViewController.xib */; };
		3887893615BAD3E600B919B5 /* FeedBackViewController.m in Sources */ = {isa = PBXBuildFile; fileRef = 3887893415BAD3E400B919B5 /* FeedBackViewController.m */; };
		3887893715BAD3E600B919B5 /* FeedBackViewController.xib in Resources */ = {isa = PBXBuildFile; fileRef = 3887893515BAD3E500B919B5 /* FeedBackViewController.xib */; };
		38D2A33715B8187D000C5D6D /* RegisterViewController.m in Sources */ = {isa = PBXBuildFile; fileRef = 38D2A33515B8187C000C5D6D /* RegisterViewController.m */; };
		38D2A33815B8187D000C5D6D /* RegisterViewController.xib in Resources */ = {isa = PBXBuildFile; fileRef = 38D2A33615B8187D000C5D6D /* RegisterViewController.xib */; };
		38E2F9A715BB9D6E00EB72D0 /* isRead.png in Resources */ = {isa = PBXBuildFile; fileRef = 38E2F9A615BB9D6E00EB72D0 /* isRead.png */; };
		38E2F9AA15BB9E6200EB72D0 /* detail.png in Resources */ = {isa = PBXBuildFile; fileRef = 38E2F9A915BB9E6200EB72D0 /* detail.png */; };
		38E2F9AD15BBA00500EB72D0 /* SystemMsgRecord.m in Sources */ = {isa = PBXBuildFile; fileRef = 38E2F9AC15BBA00500EB72D0 /* SystemMsgRecord.m */; };
		38E2F9B615BBB4D900EB72D0 /* topbar_button_back_hover.png in Resources */ = {isa = PBXBuildFile; fileRef = 38E2F9B215BBB4D900EB72D0 /* topbar_button_back_hover.png */; };
		38E2F9B715BBB4D900EB72D0 /* topbar_button_back_hover@2x.png in Resources */ = {isa = PBXBuildFile; fileRef = 38E2F9B315BBB4D900EB72D0 /* topbar_button_back_hover@2x.png */; };
		38E2F9B815BBB4D900EB72D0 /* topbar_button_back.png in Resources */ = {isa = PBXBuildFile; fileRef = 38E2F9B415BBB4D900EB72D0 /* topbar_button_back.png */; };
		38E2F9B915BBB4D900EB72D0 /* topbar_button_back@2x.png in Resources */ = {isa = PBXBuildFile; fileRef = 38E2F9B515BBB4D900EB72D0 /* topbar_button_back@2x.png */; };
		38E2F9BB15BBB83500EB72D0 /* logo.png in Resources */ = {isa = PBXBuildFile; fileRef = 38E2F9BA15BBB83500EB72D0 /* logo.png */; };
		BE85B50015B3293E0010E0F5 /* UIKit.framework in Frameworks */ = {isa = PBXBuildFile; fileRef = BE85B4FF15B3293E0010E0F5 /* UIKit.framework */; };
		BE85B50215B3293E0010E0F5 /* Foundation.framework in Frameworks */ = {isa = PBXBuildFile; fileRef = BE85B50115B3293E0010E0F5 /* Foundation.framework */; };
		BE85B50415B3293E0010E0F5 /* CoreGraphics.framework in Frameworks */ = {isa = PBXBuildFile; fileRef = BE85B50315B3293E0010E0F5 /* CoreGraphics.framework */; };
		BE85B50A15B3293E0010E0F5 /* InfoPlist.strings in Resources */ = {isa = PBXBuildFile; fileRef = BE85B50815B3293E0010E0F5 /* InfoPlist.strings */; };
		BE85B50C15B3293E0010E0F5 /* main.m in Sources */ = {isa = PBXBuildFile; fileRef = BE85B50B15B3293E0010E0F5 /* main.m */; };
		BE85B51015B3293E0010E0F5 /* AppDelegate.m in Sources */ = {isa = PBXBuildFile; fileRef = BE85B50F15B3293E0010E0F5 /* AppDelegate.m */; };
		BE85B52F15B330140010E0F5 /* README in Resources */ = {isa = PBXBuildFile; fileRef = BE85B52C15B330140010E0F5 /* README */; };
		BE85B53215B330F80010E0F5 /* BaseDBOperator.m in Sources */ = {isa = PBXBuildFile; fileRef = BE85B53115B330F80010E0F5 /* BaseDBOperator.m */; };
		BE85B53515B3311D0010E0F5 /* DataParser.m in Sources */ = {isa = PBXBuildFile; fileRef = BE85B53415B3311D0010E0F5 /* DataParser.m */; };
		BE85B53815B3313E0010E0F5 /* LoginViewController.m in Sources */ = {isa = PBXBuildFile; fileRef = BE85B53715B3313E0010E0F5 /* LoginViewController.m */; };
		BE85B53B15B331590010E0F5 /* BaseHTTPRequester.m in Sources */ = {isa = PBXBuildFile; fileRef = BE85B53A15B331590010E0F5 /* BaseHTTPRequester.m */; };
		BE85B53E15B332760010E0F5 /* 手机云估价Demo.pdf in Resources */ = {isa = PBXBuildFile; fileRef = BE85B53D15B332760010E0F5 /* 手机云估价Demo.pdf */; };
		BE85B54715B3373A0010E0F5 /* SwichTabBarViewController.m in Sources */ = {isa = PBXBuildFile; fileRef = BE85B54515B3373A0010E0F5 /* SwichTabBarViewController.m */; };
		BE85B54815B3373A0010E0F5 /* SwichTabBarViewController.xib in Resources */ = {isa = PBXBuildFile; fileRef = BE85B54615B3373A0010E0F5 /* SwichTabBarViewController.xib */; };
		BE85B54C15B3375E0010E0F5 /* XunJiaViewController.m in Sources */ = {isa = PBXBuildFile; fileRef = BE85B54A15B3375E0010E0F5 /* XunJiaViewController.m */; };
		BE85B54D15B3375E0010E0F5 /* XunJiaViewController.xib in Resources */ = {isa = PBXBuildFile; fileRef = BE85B54B15B3375E0010E0F5 /* XunJiaViewController.xib */; };
		BE85B55115B3378C0010E0F5 /* GuanZhuViewController.m in Sources */ = {isa = PBXBuildFile; fileRef = BE85B54F15B3378C0010E0F5 /* GuanZhuViewController.m */; };
		BE85B55215B3378C0010E0F5 /* GuanZhuViewController.xib in Resources */ = {isa = PBXBuildFile; fileRef = BE85B55015B3378C0010E0F5 /* GuanZhuViewController.xib */; };
		BE85B55B15B337B60010E0F5 /* GengDuoViewController.m in Sources */ = {isa = PBXBuildFile; fileRef = BE85B55915B337B60010E0F5 /* GengDuoViewController.m */; };
		BE85B55C15B337B60010E0F5 /* GengDuoViewController.xib in Resources */ = {isa = PBXBuildFile; fileRef = BE85B55A15B337B60010E0F5 /* GengDuoViewController.xib */; };
		BE85B56015B33BE50010E0F5 /* GuJiaShiViewController.m in Sources */ = {isa = PBXBuildFile; fileRef = BE85B55E15B33BE50010E0F5 /* GuJiaShiViewController.m */; };
		BE85B56115B33BE50010E0F5 /* GuJiaShiViewController.xib in Resources */ = {isa = PBXBuildFile; fileRef = BE85B55F15B33BE50010E0F5 /* GuJiaShiViewController.xib */; };
		BEA11F6A15BF16DA00F9D93F /* GeyinhangkedaieViewController.m in Sources */ = {isa = PBXBuildFile; fileRef = BEA11F6815BF16CF00F9D93F /* GeyinhangkedaieViewController.m */; };
		BEA11F6B15BF16DA00F9D93F /* GeyinhangkedaieViewController.xib in Resources */ = {isa = PBXBuildFile; fileRef = BEA11F6915BF16D000F9D93F /* GeyinhangkedaieViewController.xib */; };
		BEA11F7015BF17B000F9D93F /* GeyinhangkedaieCellViewController.m in Sources */ = {isa = PBXBuildFile; fileRef = BEA11F6E15BF17B000F9D93F /* GeyinhangkedaieCellViewController.m */; };
		BEA11F7115BF17B000F9D93F /* GeyinhangkedaieCellViewController.xib in Resources */ = {isa = PBXBuildFile; fileRef = BEA11F6F15BF17B000F9D93F /* GeyinhangkedaieCellViewController.xib */; };
		BEA11F7415BF17D800F9D93F /* GeyinhangkedaieCell.m in Sources */ = {isa = PBXBuildFile; fileRef = BEA11F7315BF17D800F9D93F /* GeyinhangkedaieCell.m */; };
		BEA11F7D15BF212F00F9D93F /* Icon.png in Resources */ = {isa = PBXBuildFile; fileRef = BEA11F7B15BF212C00F9D93F /* Icon.png */; };
		BEA11F7E15BF212F00F9D93F /* Icon@2x.png in Resources */ = {isa = PBXBuildFile; fileRef = BEA11F7C15BF212C00F9D93F /* Icon@2x.png */; };
		BEB0DD1C15BDC15B00AAB4B7 /* LoupanCellViewController.m in Sources */ = {isa = PBXBuildFile; fileRef = BEB0DD1A15BDC15B00AAB4B7 /* LoupanCellViewController.m */; };
		BEB0DD1D15BDC15B00AAB4B7 /* LoupanCellViewController.xib in Resources */ = {isa = PBXBuildFile; fileRef = BEB0DD1B15BDC15B00AAB4B7 /* LoupanCellViewController.xib */; };
		BEB0DD2115BDC17800AAB4B7 /* LoucengCellViewController.m in Sources */ = {isa = PBXBuildFile; fileRef = BEB0DD1F15BDC17800AAB4B7 /* LoucengCellViewController.m */; };
		BEB0DD2215BDC17800AAB4B7 /* LoucengCellViewController.xib in Resources */ = {isa = PBXBuildFile; fileRef = BEB0DD2015BDC17800AAB4B7 /* LoucengCellViewController.xib */; };
		BEB0DD2615BDC1A700AAB4B7 /* LoudongCellViewController.m in Sources */ = {isa = PBXBuildFile; fileRef = BEB0DD2415BDC1A700AAB4B7 /* LoudongCellViewController.m */; };
		BEB0DD2715BDC1A700AAB4B7 /* LoudongCellViewController.xib in Resources */ = {isa = PBXBuildFile; fileRef = BEB0DD2515BDC1A700AAB4B7 /* LoudongCellViewController.xib */; };
		BEB0DD2F15BDC22600AAB4B7 /* FanghaoCellViewController.m in Sources */ = {isa = PBXBuildFile; fileRef = BEB0DD2D15BDC22600AAB4B7 /* FanghaoCellViewController.m */; };
		BEB0DD3015BDC22600AAB4B7 /* FanghaoCellViewController.xib in Resources */ = {isa = PBXBuildFile; fileRef = BEB0DD2E15BDC22600AAB4B7 /* FanghaoCellViewController.xib */; };
		BEB0DD3415BDC26300AAB4B7 /* LoupanTableViewController.m in Sources */ = {isa = PBXBuildFile; fileRef = BEB0DD3215BDC26300AAB4B7 /* LoupanTableViewController.m */; };
		BEB0DD3515BDC26300AAB4B7 /* LoupanTableViewController.xib in Resources */ = {isa = PBXBuildFile; fileRef = BEB0DD3315BDC26300AAB4B7 /* LoupanTableViewController.xib */; };
		BEB0DD3A15BDC28800AAB4B7 /* LoucengTableViewController.m in Sources */ = {isa = PBXBuildFile; fileRef = BEB0DD3815BDC28800AAB4B7 /* LoucengTableViewController.m */; };
		BEB0DD3B15BDC28800AAB4B7 /* LoucengTableViewController.xib in Resources */ = {isa = PBXBuildFile; fileRef = BEB0DD3915BDC28800AAB4B7 /* LoucengTableViewController.xib */; };
		BEB0DD3F15BDC29D00AAB4B7 /* LoudongTableViewController.m in Sources */ = {isa = PBXBuildFile; fileRef = BEB0DD3D15BDC29D00AAB4B7 /* LoudongTableViewController.m */; };
		BEB0DD4015BDC29D00AAB4B7 /* LoudongTableViewController.xib in Resources */ = {isa = PBXBuildFile; fileRef = BEB0DD3E15BDC29D00AAB4B7 /* LoudongTableViewController.xib */; };
		BEB0DD4415BDC2B100AAB4B7 /* FanghaoTableViewController.m in Sources */ = {isa = PBXBuildFile; fileRef = BEB0DD4215BDC2B100AAB4B7 /* FanghaoTableViewController.m */; };
		BEB0DD4515BDC2B100AAB4B7 /* FanghaoTableViewController.xib in Resources */ = {isa = PBXBuildFile; fileRef = BEB0DD4315BDC2B100AAB4B7 /* FanghaoTableViewController.xib */; };
		BEB0DD4A15BDE5C800AAB4B7 /* KaishixunjiaLoupanCellViewController.m in Sources */ = {isa = PBXBuildFile; fileRef = BEB0DD4815BDE5C800AAB4B7 /* KaishixunjiaLoupanCellViewController.m */; };
		BEB0DD4B15BDE5C800AAB4B7 /* KaishixunjiaLoupanCellViewController.xib in Resources */ = {isa = PBXBuildFile; fileRef = BEB0DD4915BDE5C800AAB4B7 /* KaishixunjiaLoupanCellViewController.xib */; };
		BEB0DD4F15BDE60000AAB4B7 /* KaishixunjiaCell1ViewController.m in Sources */ = {isa = PBXBuildFile; fileRef = BEB0DD4D15BDE60000AAB4B7 /* KaishixunjiaCell1ViewController.m */; };
		BEB0DD5015BDE60000AAB4B7 /* KaishixunjiaCell1ViewController.xib in Resources */ = {isa = PBXBuildFile; fileRef = BEB0DD4E15BDE60000AAB4B7 /* KaishixunjiaCell1ViewController.xib */; };
		BEB0DD5315BDE63C00AAB4B7 /* KaishixunjiaLoupanCell.m in Sources */ = {isa = PBXBuildFile; fileRef = BEB0DD5215BDE63B00AAB4B7 /* KaishixunjiaLoupanCell.m */; };
		BEB0DD5615BDE65300AAB4B7 /* KaishixunjiaCell1Cell.m in Sources */ = {isa = PBXBuildFile; fileRef = BEB0DD5515BDE65300AAB4B7 /* KaishixunjiaCell1Cell.m */; };
		BEB5439C15BC55AE00C6CDAD /* SousuoloupanViewController.m in Sources */ = {isa = PBXBuildFile; fileRef = BEB5439A15BC55AC00C6CDAD /* SousuoloupanViewController.m */; };
		BEB5439D15BC55AE00C6CDAD /* SousuoloupanViewController.xib in Resources */ = {isa = PBXBuildFile; fileRef = BEB5439B15BC55AD00C6CDAD /* SousuoloupanViewController.xib */; };
		BEB543A615BC618E00C6CDAD /* FunjinloupanViewController.m in Sources */ = {isa = PBXBuildFile; fileRef = BEB543A415BC618D00C6CDAD /* FunjinloupanViewController.m */; };
		BEB543A715BC618E00C6CDAD /* FunjinloupanViewController.xib in Resources */ = {isa = PBXBuildFile; fileRef = BEB543A515BC618E00C6CDAD /* FunjinloupanViewController.xib */; };
		BEB543AC15BC662500C6CDAD /* GujiashihuijiaViewController.m in Sources */ = {isa = PBXBuildFile; fileRef = BEB543AA15BC662500C6CDAD /* GujiashihuijiaViewController.m */; };
		BEB543AD15BC662500C6CDAD /* GujiashihuijiaViewController.xib in Resources */ = {isa = PBXBuildFile; fileRef = BEB543AB15BC662500C6CDAD /* GujiashihuijiaViewController.xib */; };
		BEB543B115BC66CA00C6CDAD /* PinggujigouViewController.m in Sources */ = {isa = PBXBuildFile; fileRef = BEB543AF15BC66C900C6CDAD /* PinggujigouViewController.m */; };
		BEB543B215BC66CA00C6CDAD /* PinggujigouViewController.xib in Resources */ = {isa = PBXBuildFile; fileRef = BEB543B015BC66CA00C6CDAD /* PinggujigouViewController.xib */; };
		BEB543C215BC79B400C6CDAD /* HuijiaLV1CellViewController.m in Sources */ = {isa = PBXBuildFile; fileRef = BEB543C015BC79B400C6CDAD /* HuijiaLV1CellViewController.m */; };
		BEB543C315BC79B400C6CDAD /* HuijiaLV1CellViewController.xib in Resources */ = {isa = PBXBuildFile; fileRef = BEB543C115BC79B400C6CDAD /* HuijiaLV1CellViewController.xib */; };
		BEB543D215BC80DA00C6CDAD /* HuijiaLV1Cell.m in Sources */ = {isa = PBXBuildFile; fileRef = BEB543D115BC80DA00C6CDAD /* HuijiaLV1Cell.m */; };
		BEB543D615BC877200C6CDAD /* HuijiaxiangqingViewController.m in Sources */ = {isa = PBXBuildFile; fileRef = BEB543D415BC877100C6CDAD /* HuijiaxiangqingViewController.m */; };
		BEB543D715BC877200C6CDAD /* HuijiaxiangqingViewController.xib in Resources */ = {isa = PBXBuildFile; fileRef = BEB543D515BC877200C6CDAD /* HuijiaxiangqingViewController.xib */; };
		BEB543DB15BC889A00C6CDAD /* HuijiaxiangqingCellViewController.m in Sources */ = {isa = PBXBuildFile; fileRef = BEB543D915BC889800C6CDAD /* HuijiaxiangqingCellViewController.m */; };
		BEB543DC15BC889A00C6CDAD /* HuijiaxiangqingCellViewController.xib in Resources */ = {isa = PBXBuildFile; fileRef = BEB543DA15BC889900C6CDAD /* HuijiaxiangqingCellViewController.xib */; };
		BEB543DE15BC895F00C6CDAD /* shilian.png in Resources */ = {isa = PBXBuildFile; fileRef = BEB543DD15BC895F00C6CDAD /* shilian.png */; };
		BEB543E115BC8A7700C6CDAD /* HuijiaxiangqingCell.m in Sources */ = {isa = PBXBuildFile; fileRef = BEB543E015BC8A7600C6CDAD /* HuijiaxiangqingCell.m */; };
		F302BD0115BCE4A300FB1663 /* Pinggujigoulv1Cell.m in Sources */ = {isa = PBXBuildFile; fileRef = F302BD0015BCE4A300FB1663 /* Pinggujigoulv1Cell.m */; };
		F302BD0515BCE4CF00FB1663 /* PinggujigouLV1CellViewController.m in Sources */ = {isa = PBXBuildFile; fileRef = F302BD0315BCE4CF00FB1663 /* PinggujigouLV1CellViewController.m */; };
		F302BD0615BCE4CF00FB1663 /* PinggujigouLV1CellViewController.xib in Resources */ = {isa = PBXBuildFile; fileRef = F302BD0415BCE4CF00FB1663 /* PinggujigouLV1CellViewController.xib */; };
		F302BD0A15BCEFCA00FB1663 /* PinggujigouxiangqingViewController.m in Sources */ = {isa = PBXBuildFile; fileRef = F302BD0815BCEFC800FB1663 /* PinggujigouxiangqingViewController.m */; };
		F302BD0B15BCEFCA00FB1663 /* PinggujigouxiangqingViewController.xib in Resources */ = {isa = PBXBuildFile; fileRef = F302BD0915BCEFC900FB1663 /* PinggujigouxiangqingViewController.xib */; };
		F302BD0D15BCF6BD00FB1663 /* shilian_long.png in Resources */ = {isa = PBXBuildFile; fileRef = F302BD0C15BCF6BD00FB1663 /* shilian_long.png */; };
		F302BD1115BCF78700FB1663 /* PinggujigouyinhangViewController.m in Sources */ = {isa = PBXBuildFile; fileRef = F302BD0F15BCF78500FB1663 /* PinggujigouyinhangViewController.m */; };
		F302BD1215BCF78700FB1663 /* PinggujigouyinhangViewController.xib in Resources */ = {isa = PBXBuildFile; fileRef = F302BD1015BCF78600FB1663 /* PinggujigouyinhangViewController.xib */; };
		F302BD1515BCF89200FB1663 /* PinggujigouyinhangCell.m in Sources */ = {isa = PBXBuildFile; fileRef = F302BD1415BCF89100FB1663 /* PinggujigouyinhangCell.m */; };
		F302BD1C15BCF91C00FB1663 /* PinggujigouyinhangCellViewController.m in Sources */ = {isa = PBXBuildFile; fileRef = F302BD1A15BCF91A00FB1663 /* PinggujigouyinhangCellViewController.m */; };
		F302BD1D15BCF91C00FB1663 /* PinggujigouyinhangCellViewController.xib in Resources */ = {isa = PBXBuildFile; fileRef = F302BD1B15BCF91B00FB1663 /* PinggujigouyinhangCellViewController.xib */; };
		F3D9CC7C15B81AD100FA63AE /* KaishixunjiaViewController.m in Sources */ = {isa = PBXBuildFile; fileRef = F3D9CC7A15B81AD100FA63AE /* KaishixunjiaViewController.m */; };
		F3D9CC7D15B81AD100FA63AE /* KaishixunjiaViewController.xib in Resources */ = {isa = PBXBuildFile; fileRef = F3D9CC7B15B81AD100FA63AE /* KaishixunjiaViewController.xib */; };
		F3D9CC8115B81B8F00FA63AE /* XunjiajieguoViewController.m in Sources */ = {isa = PBXBuildFile; fileRef = F3D9CC7F15B81B8F00FA63AE /* XunjiajieguoViewController.m */; };
		F3D9CC8215B81B8F00FA63AE /* XunjiajieguoViewController.xib in Resources */ = {isa = PBXBuildFile; fileRef = F3D9CC8015B81B8F00FA63AE /* XunjiajieguoViewController.xib */; };
		F3D9CC8615B81C5000FA63AE /* RengongxunjiaViewController.m in Sources */ = {isa = PBXBuildFile; fileRef = F3D9CC8415B81C5000FA63AE /* RengongxunjiaViewController.m */; };
		F3D9CC8715B81C5000FA63AE /* RengongxunjiaViewController.xib in Resources */ = {isa = PBXBuildFile; fileRef = F3D9CC8515B81C5000FA63AE /* RengongxunjiaViewController.xib */; };
		F3D9CC8B15B81D3800FA63AE /* YinhangkedaichaxunViewController.m in Sources */ = {isa = PBXBuildFile; fileRef = F3D9CC8915B81D3700FA63AE /* YinhangkedaichaxunViewController.m */; };
		F3D9CC8C15B81D3800FA63AE /* YinhangkedaichaxunViewController.xib in Resources */ = {isa = PBXBuildFile; fileRef = F3D9CC8A15B81D3700FA63AE /* YinhangkedaichaxunViewController.xib */; };
		F3D9CC9515B8207C00FA63AE /* YinhangKedaieDetailViewController.m in Sources */ = {isa = PBXBuildFile; fileRef = F3D9CC9315B8207B00FA63AE /* YinhangKedaieDetailViewController.m */; };
		F3D9CC9615B8207C00FA63AE /* YinhangKedaieDetailViewController.xib in Resources */ = {isa = PBXBuildFile; fileRef = F3D9CC9415B8207B00FA63AE /* YinhangKedaieDetailViewController.xib */; };
		F3D9CC9915B8225900FA63AE /* LoupanCell.m in Sources */ = {isa = PBXBuildFile; fileRef = F3D9CC9815B8225800FA63AE /* LoupanCell.m */; };
		F3D9CC9C15B8228700FA63AE /* LoucengCell.m in Sources */ = {isa = PBXBuildFile; fileRef = F3D9CC9B15B8228700FA63AE /* LoucengCell.m */; };
		F3D9CC9F15B8229800FA63AE /* LoudongCell.m in Sources */ = {isa = PBXBuildFile; fileRef = F3D9CC9E15B8229700FA63AE /* LoudongCell.m */; };
		F3D9CCA215B822BD00FA63AE /* FanghaoCell.m in Sources */ = {isa = PBXBuildFile; fileRef = F3D9CCA115B822BC00FA63AE /* FanghaoCell.m */; };
		F3DBEADC15BD31690040CDED /* GuanzhuLV1CellViewController.m in Sources */ = {isa = PBXBuildFile; fileRef = F3DBEADA15BD31690040CDED /* GuanzhuLV1CellViewController.m */; };
		F3DBEADD15BD31690040CDED /* GuanzhuLV1CellViewController.xib in Resources */ = {isa = PBXBuildFile; fileRef = F3DBEADB15BD31690040CDED /* GuanzhuLV1CellViewController.xib */; };
		F3DBEAE015BD31910040CDED /* GuanzhuLV1Cell.m in Sources */ = {isa = PBXBuildFile; fileRef = F3DBEADF15BD31910040CDED /* GuanzhuLV1Cell.m */; };
/* End PBXBuildFile section */

/* Begin PBXFileReference section */
		3842FB5115B4483000DA889E /* LoginViewController.xib */ = {isa = PBXFileReference; fileEncoding = 4; lastKnownFileType = file.xib; path = LoginViewController.xib; sourceTree = "<group>"; };
		3842FB5315B44C3000DA889E /* Localizable.strings */ = {isa = PBXFileReference; fileEncoding = 4; lastKnownFileType = text.plist.strings; path = Localizable.strings; sourceTree = "<group>"; };
		3887890615BACD7D00B919B5 /* InviteFriendController.h */ = {isa = PBXFileReference; fileEncoding = 4; lastKnownFileType = sourcecode.c.h; path = InviteFriendController.h; sourceTree = "<group>"; };
		3887890715BACD7D00B919B5 /* InviteFriendController.m */ = {isa = PBXFileReference; fileEncoding = 4; lastKnownFileType = sourcecode.c.objc; path = InviteFriendController.m; sourceTree = "<group>"; };
		3887890815BACD7D00B919B5 /* InviteFriendController.xib */ = {isa = PBXFileReference; fileEncoding = 4; lastKnownFileType = file.xib; path = InviteFriendController.xib; sourceTree = "<group>"; };
		3887890B15BAD06500B919B5 /* GongshiController.h */ = {isa = PBXFileReference; fileEncoding = 4; lastKnownFileType = sourcecode.c.h; path = GongshiController.h; sourceTree = "<group>"; };
		3887890C15BAD06500B919B5 /* GongshiController.m */ = {isa = PBXFileReference; fileEncoding = 4; lastKnownFileType = sourcecode.c.objc; path = GongshiController.m; sourceTree = "<group>"; };
		3887890D15BAD06500B919B5 /* GongshiController.xib */ = {isa = PBXFileReference; fileEncoding = 4; lastKnownFileType = file.xib; path = GongshiController.xib; sourceTree = "<group>"; };
		3887891515BAD0E900B919B5 /* SystemMsgDetailViewController.h */ = {isa = PBXFileReference; fileEncoding = 4; lastKnownFileType = sourcecode.c.h; path = SystemMsgDetailViewController.h; sourceTree = "<group>"; };
		3887891615BAD0E900B919B5 /* SystemMsgDetailViewController.m */ = {isa = PBXFileReference; fileEncoding = 4; lastKnownFileType = sourcecode.c.objc; path = SystemMsgDetailViewController.m; sourceTree = "<group>"; };
		3887891715BAD0E900B919B5 /* SystemMsgDetailViewController.xib */ = {isa = PBXFileReference; fileEncoding = 4; lastKnownFileType = file.xib; path = SystemMsgDetailViewController.xib; sourceTree = "<group>"; };
		3887891A15BAD10000B919B5 /* SystemMsgViewController.h */ = {isa = PBXFileReference; fileEncoding = 4; lastKnownFileType = sourcecode.c.h; path = SystemMsgViewController.h; sourceTree = "<group>"; };
		3887891B15BAD10000B919B5 /* SystemMsgViewController.m */ = {isa = PBXFileReference; fileEncoding = 4; lastKnownFileType = sourcecode.c.objc; path = SystemMsgViewController.m; sourceTree = "<group>"; };
		3887891C15BAD10000B919B5 /* SystemMsgViewController.xib */ = {isa = PBXFileReference; fileEncoding = 4; lastKnownFileType = file.xib; path = SystemMsgViewController.xib; sourceTree = "<group>"; };
		3887891F15BAD12C00B919B5 /* AboutSystemViewController.h */ = {isa = PBXFileReference; fileEncoding = 4; lastKnownFileType = sourcecode.c.h; path = AboutSystemViewController.h; sourceTree = "<group>"; };
		3887892015BAD12C00B919B5 /* AboutSystemViewController.m */ = {isa = PBXFileReference; fileEncoding = 4; lastKnownFileType = sourcecode.c.objc; path = AboutSystemViewController.m; sourceTree = "<group>"; };
		3887892115BAD12D00B919B5 /* AboutSystemViewController.xib */ = {isa = PBXFileReference; fileEncoding = 4; lastKnownFileType = file.xib; path = AboutSystemViewController.xib; sourceTree = "<group>"; };
		3887892415BAD13F00B919B5 /* ModifyPwdViewController.h */ = {isa = PBXFileReference; fileEncoding = 4; lastKnownFileType = sourcecode.c.h; path = ModifyPwdViewController.h; sourceTree = "<group>"; };
		3887892515BAD13F00B919B5 /* ModifyPwdViewController.m */ = {isa = PBXFileReference; fileEncoding = 4; lastKnownFileType = sourcecode.c.objc; path = ModifyPwdViewController.m; sourceTree = "<group>"; };
		3887892615BAD14000B919B5 /* ModifyPwdViewController.xib */ = {isa = PBXFileReference; fileEncoding = 4; lastKnownFileType = file.xib; path = ModifyPwdViewController.xib; sourceTree = "<group>"; };
		3887892915BAD3B600B919B5 /* XunJiaHisViewController.h */ = {isa = PBXFileReference; fileEncoding = 4; lastKnownFileType = sourcecode.c.h; path = XunJiaHisViewController.h; sourceTree = "<group>"; };
		3887892A15BAD3B600B919B5 /* XunJiaHisViewController.m */ = {isa = PBXFileReference; fileEncoding = 4; lastKnownFileType = sourcecode.c.objc; path = XunJiaHisViewController.m; sourceTree = "<group>"; };
		3887892B15BAD3B900B919B5 /* XunJiaHisViewController.xib */ = {isa = PBXFileReference; fileEncoding = 4; lastKnownFileType = file.xib; path = XunJiaHisViewController.xib; sourceTree = "<group>"; };
		3887892E15BAD3D400B919B5 /* PersonIdentifyViewController.h */ = {isa = PBXFileReference; fileEncoding = 4; lastKnownFileType = sourcecode.c.h; path = PersonIdentifyViewController.h; sourceTree = "<group>"; };
		3887892F15BAD3D500B919B5 /* PersonIdentifyViewController.m */ = {isa = PBXFileReference; fileEncoding = 4; lastKnownFileType = sourcecode.c.objc; path = PersonIdentifyViewController.m; sourceTree = "<group>"; };
		3887893015BAD3D500B919B5 /* PersonIdentifyViewController.xib */ = {isa = PBXFileReference; fileEncoding = 4; lastKnownFileType = file.xib; path = PersonIdentifyViewController.xib; sourceTree = "<group>"; };
		3887893315BAD3E400B919B5 /* FeedBackViewController.h */ = {isa = PBXFileReference; fileEncoding = 4; lastKnownFileType = sourcecode.c.h; path = FeedBackViewController.h; sourceTree = "<group>"; };
		3887893415BAD3E400B919B5 /* FeedBackViewController.m */ = {isa = PBXFileReference; fileEncoding = 4; lastKnownFileType = sourcecode.c.objc; path = FeedBackViewController.m; sourceTree = "<group>"; };
		3887893515BAD3E500B919B5 /* FeedBackViewController.xib */ = {isa = PBXFileReference; fileEncoding = 4; lastKnownFileType = file.xib; path = FeedBackViewController.xib; sourceTree = "<group>"; };
		38D2A33415B8187C000C5D6D /* RegisterViewController.h */ = {isa = PBXFileReference; fileEncoding = 4; lastKnownFileType = sourcecode.c.h; path = RegisterViewController.h; sourceTree = "<group>"; };
		38D2A33515B8187C000C5D6D /* RegisterViewController.m */ = {isa = PBXFileReference; fileEncoding = 4; lastKnownFileType = sourcecode.c.objc; path = RegisterViewController.m; sourceTree = "<group>"; };
		38D2A33615B8187D000C5D6D /* RegisterViewController.xib */ = {isa = PBXFileReference; fileEncoding = 4; lastKnownFileType = file.xib; path = RegisterViewController.xib; sourceTree = "<group>"; };
		38E2F9A615BB9D6E00EB72D0 /* isRead.png */ = {isa = PBXFileReference; lastKnownFileType = image.png; path = isRead.png; sourceTree = "<group>"; };
		38E2F9A915BB9E6200EB72D0 /* detail.png */ = {isa = PBXFileReference; lastKnownFileType = image.png; path = detail.png; sourceTree = "<group>"; };
		38E2F9AB15BBA00500EB72D0 /* SystemMsgRecord.h */ = {isa = PBXFileReference; fileEncoding = 4; lastKnownFileType = sourcecode.c.h; path = SystemMsgRecord.h; sourceTree = "<group>"; };
		38E2F9AC15BBA00500EB72D0 /* SystemMsgRecord.m */ = {isa = PBXFileReference; fileEncoding = 4; lastKnownFileType = sourcecode.c.objc; path = SystemMsgRecord.m; sourceTree = "<group>"; };
		38E2F9B215BBB4D900EB72D0 /* topbar_button_back_hover.png */ = {isa = PBXFileReference; lastKnownFileType = image.png; path = topbar_button_back_hover.png; sourceTree = "<group>"; };
		38E2F9B315BBB4D900EB72D0 /* topbar_button_back_hover@2x.png */ = {isa = PBXFileReference; lastKnownFileType = image.png; path = "topbar_button_back_hover@2x.png"; sourceTree = "<group>"; };
		38E2F9B415BBB4D900EB72D0 /* topbar_button_back.png */ = {isa = PBXFileReference; lastKnownFileType = image.png; path = topbar_button_back.png; sourceTree = "<group>"; };
		38E2F9B515BBB4D900EB72D0 /* topbar_button_back@2x.png */ = {isa = PBXFileReference; lastKnownFileType = image.png; path = "topbar_button_back@2x.png"; sourceTree = "<group>"; };
		38E2F9BA15BBB83500EB72D0 /* logo.png */ = {isa = PBXFileReference; lastKnownFileType = image.png; path = logo.png; sourceTree = "<group>"; };
		BE85B4FB15B3293E0010E0F5 /* yungujia.app */ = {isa = PBXFileReference; explicitFileType = wrapper.application; includeInIndex = 0; path = yungujia.app; sourceTree = BUILT_PRODUCTS_DIR; };
		BE85B4FF15B3293E0010E0F5 /* UIKit.framework */ = {isa = PBXFileReference; lastKnownFileType = wrapper.framework; name = UIKit.framework; path = System/Library/Frameworks/UIKit.framework; sourceTree = SDKROOT; };
		BE85B50115B3293E0010E0F5 /* Foundation.framework */ = {isa = PBXFileReference; lastKnownFileType = wrapper.framework; name = Foundation.framework; path = System/Library/Frameworks/Foundation.framework; sourceTree = SDKROOT; };
		BE85B50315B3293E0010E0F5 /* CoreGraphics.framework */ = {isa = PBXFileReference; lastKnownFileType = wrapper.framework; name = CoreGraphics.framework; path = System/Library/Frameworks/CoreGraphics.framework; sourceTree = SDKROOT; };
		BE85B50715B3293E0010E0F5 /* yungujia-Info.plist */ = {isa = PBXFileReference; lastKnownFileType = text.plist.xml; path = "yungujia-Info.plist"; sourceTree = "<group>"; };
		BE85B50915B3293E0010E0F5 /* en */ = {isa = PBXFileReference; lastKnownFileType = text.plist.strings; name = en; path = en.lproj/InfoPlist.strings; sourceTree = "<group>"; };
		BE85B50B15B3293E0010E0F5 /* main.m */ = {isa = PBXFileReference; lastKnownFileType = sourcecode.c.objc; path = main.m; sourceTree = "<group>"; };
		BE85B50D15B3293E0010E0F5 /* yungujia-Prefix.pch */ = {isa = PBXFileReference; lastKnownFileType = sourcecode.c.h; path = "yungujia-Prefix.pch"; sourceTree = "<group>"; };
		BE85B50E15B3293E0010E0F5 /* AppDelegate.h */ = {isa = PBXFileReference; lastKnownFileType = sourcecode.c.h; path = AppDelegate.h; sourceTree = "<group>"; };
		BE85B50F15B3293E0010E0F5 /* AppDelegate.m */ = {isa = PBXFileReference; lastKnownFileType = sourcecode.c.objc; path = AppDelegate.m; sourceTree = "<group>"; };
		BE85B52C15B330140010E0F5 /* README */ = {isa = PBXFileReference; fileEncoding = 4; lastKnownFileType = text; path = README; sourceTree = SOURCE_ROOT; };
		BE85B53015B330F80010E0F5 /* BaseDBOperator.h */ = {isa = PBXFileReference; fileEncoding = 4; lastKnownFileType = sourcecode.c.h; path = BaseDBOperator.h; sourceTree = "<group>"; };
		BE85B53115B330F80010E0F5 /* BaseDBOperator.m */ = {isa = PBXFileReference; fileEncoding = 4; lastKnownFileType = sourcecode.c.objc; path = BaseDBOperator.m; sourceTree = "<group>"; };
		BE85B53315B3311D0010E0F5 /* DataParser.h */ = {isa = PBXFileReference; fileEncoding = 4; lastKnownFileType = sourcecode.c.h; path = DataParser.h; sourceTree = "<group>"; };
		BE85B53415B3311D0010E0F5 /* DataParser.m */ = {isa = PBXFileReference; fileEncoding = 4; lastKnownFileType = sourcecode.c.objc; path = DataParser.m; sourceTree = "<group>"; };
		BE85B53615B3313E0010E0F5 /* LoginViewController.h */ = {isa = PBXFileReference; fileEncoding = 4; lastKnownFileType = sourcecode.c.h; path = LoginViewController.h; sourceTree = "<group>"; };
		BE85B53715B3313E0010E0F5 /* LoginViewController.m */ = {isa = PBXFileReference; fileEncoding = 4; lastKnownFileType = sourcecode.c.objc; path = LoginViewController.m; sourceTree = "<group>"; };
		BE85B53915B331590010E0F5 /* BaseHTTPRequester.h */ = {isa = PBXFileReference; fileEncoding = 4; lastKnownFileType = sourcecode.c.h; path = BaseHTTPRequester.h; sourceTree = "<group>"; };
		BE85B53A15B331590010E0F5 /* BaseHTTPRequester.m */ = {isa = PBXFileReference; fileEncoding = 4; lastKnownFileType = sourcecode.c.objc; path = BaseHTTPRequester.m; sourceTree = "<group>"; };
		BE85B53D15B332760010E0F5 /* 手机云估价Demo.pdf */ = {isa = PBXFileReference; lastKnownFileType = image.pdf; path = "手机云估价Demo.pdf"; sourceTree = "<group>"; };
		BE85B54415B3373A0010E0F5 /* SwichTabBarViewController.h */ = {isa = PBXFileReference; fileEncoding = 4; lastKnownFileType = sourcecode.c.h; path = SwichTabBarViewController.h; sourceTree = "<group>"; };
		BE85B54515B3373A0010E0F5 /* SwichTabBarViewController.m */ = {isa = PBXFileReference; fileEncoding = 4; lastKnownFileType = sourcecode.c.objc; path = SwichTabBarViewController.m; sourceTree = "<group>"; };
		BE85B54615B3373A0010E0F5 /* SwichTabBarViewController.xib */ = {isa = PBXFileReference; fileEncoding = 4; lastKnownFileType = file.xib; path = SwichTabBarViewController.xib; sourceTree = "<group>"; };
		BE85B54915B3375E0010E0F5 /* XunJiaViewController.h */ = {isa = PBXFileReference; fileEncoding = 4; lastKnownFileType = sourcecode.c.h; path = XunJiaViewController.h; sourceTree = "<group>"; };
		BE85B54A15B3375E0010E0F5 /* XunJiaViewController.m */ = {isa = PBXFileReference; fileEncoding = 4; lastKnownFileType = sourcecode.c.objc; path = XunJiaViewController.m; sourceTree = "<group>"; };
		BE85B54B15B3375E0010E0F5 /* XunJiaViewController.xib */ = {isa = PBXFileReference; fileEncoding = 4; lastKnownFileType = file.xib; path = XunJiaViewController.xib; sourceTree = "<group>"; };
		BE85B54E15B3378C0010E0F5 /* GuanZhuViewController.h */ = {isa = PBXFileReference; fileEncoding = 4; lastKnownFileType = sourcecode.c.h; path = GuanZhuViewController.h; sourceTree = "<group>"; };
		BE85B54F15B3378C0010E0F5 /* GuanZhuViewController.m */ = {isa = PBXFileReference; fileEncoding = 4; lastKnownFileType = sourcecode.c.objc; path = GuanZhuViewController.m; sourceTree = "<group>"; };
		BE85B55015B3378C0010E0F5 /* GuanZhuViewController.xib */ = {isa = PBXFileReference; fileEncoding = 4; lastKnownFileType = file.xib; path = GuanZhuViewController.xib; sourceTree = "<group>"; };
		BE85B55815B337B60010E0F5 /* GengDuoViewController.h */ = {isa = PBXFileReference; fileEncoding = 4; lastKnownFileType = sourcecode.c.h; path = GengDuoViewController.h; sourceTree = "<group>"; };
		BE85B55915B337B60010E0F5 /* GengDuoViewController.m */ = {isa = PBXFileReference; fileEncoding = 4; lastKnownFileType = sourcecode.c.objc; path = GengDuoViewController.m; sourceTree = "<group>"; };
		BE85B55A15B337B60010E0F5 /* GengDuoViewController.xib */ = {isa = PBXFileReference; fileEncoding = 4; lastKnownFileType = file.xib; path = GengDuoViewController.xib; sourceTree = "<group>"; };
		BE85B55D15B33BE50010E0F5 /* GuJiaShiViewController.h */ = {isa = PBXFileReference; fileEncoding = 4; lastKnownFileType = sourcecode.c.h; path = GuJiaShiViewController.h; sourceTree = "<group>"; };
		BE85B55E15B33BE50010E0F5 /* GuJiaShiViewController.m */ = {isa = PBXFileReference; fileEncoding = 4; lastKnownFileType = sourcecode.c.objc; path = GuJiaShiViewController.m; sourceTree = "<group>"; };
		BE85B55F15B33BE50010E0F5 /* GuJiaShiViewController.xib */ = {isa = PBXFileReference; fileEncoding = 4; lastKnownFileType = file.xib; path = GuJiaShiViewController.xib; sourceTree = "<group>"; };
		BEA11F6715BF16CD00F9D93F /* GeyinhangkedaieViewController.h */ = {isa = PBXFileReference; fileEncoding = 4; lastKnownFileType = sourcecode.c.h; path = GeyinhangkedaieViewController.h; sourceTree = "<group>"; };
		BEA11F6815BF16CF00F9D93F /* GeyinhangkedaieViewController.m */ = {isa = PBXFileReference; fileEncoding = 4; lastKnownFileType = sourcecode.c.objc; path = GeyinhangkedaieViewController.m; sourceTree = "<group>"; };
		BEA11F6915BF16D000F9D93F /* GeyinhangkedaieViewController.xib */ = {isa = PBXFileReference; fileEncoding = 4; lastKnownFileType = file.xib; path = GeyinhangkedaieViewController.xib; sourceTree = "<group>"; };
		BEA11F6D15BF17B000F9D93F /* GeyinhangkedaieCellViewController.h */ = {isa = PBXFileReference; fileEncoding = 4; lastKnownFileType = sourcecode.c.h; path = GeyinhangkedaieCellViewController.h; sourceTree = "<group>"; };
		BEA11F6E15BF17B000F9D93F /* GeyinhangkedaieCellViewController.m */ = {isa = PBXFileReference; fileEncoding = 4; lastKnownFileType = sourcecode.c.objc; path = GeyinhangkedaieCellViewController.m; sourceTree = "<group>"; };
		BEA11F6F15BF17B000F9D93F /* GeyinhangkedaieCellViewController.xib */ = {isa = PBXFileReference; fileEncoding = 4; lastKnownFileType = file.xib; path = GeyinhangkedaieCellViewController.xib; sourceTree = "<group>"; };
		BEA11F7215BF17D800F9D93F /* GeyinhangkedaieCell.h */ = {isa = PBXFileReference; fileEncoding = 4; lastKnownFileType = sourcecode.c.h; path = GeyinhangkedaieCell.h; sourceTree = "<group>"; };
		BEA11F7315BF17D800F9D93F /* GeyinhangkedaieCell.m */ = {isa = PBXFileReference; fileEncoding = 4; lastKnownFileType = sourcecode.c.objc; path = GeyinhangkedaieCell.m; sourceTree = "<group>"; };
		BEA11F7B15BF212C00F9D93F /* Icon.png */ = {isa = PBXFileReference; lastKnownFileType = image.png; path = Icon.png; sourceTree = "<group>"; };
		BEA11F7C15BF212C00F9D93F /* Icon@2x.png */ = {isa = PBXFileReference; lastKnownFileType = image.png; path = "Icon@2x.png"; sourceTree = "<group>"; };
		BEB0DD1915BDC15B00AAB4B7 /* LoupanCellViewController.h */ = {isa = PBXFileReference; fileEncoding = 4; lastKnownFileType = sourcecode.c.h; path = LoupanCellViewController.h; sourceTree = "<group>"; };
		BEB0DD1A15BDC15B00AAB4B7 /* LoupanCellViewController.m */ = {isa = PBXFileReference; fileEncoding = 4; lastKnownFileType = sourcecode.c.objc; path = LoupanCellViewController.m; sourceTree = "<group>"; };
		BEB0DD1B15BDC15B00AAB4B7 /* LoupanCellViewController.xib */ = {isa = PBXFileReference; fileEncoding = 4; lastKnownFileType = file.xib; path = LoupanCellViewController.xib; sourceTree = "<group>"; };
		BEB0DD1E15BDC17800AAB4B7 /* LoucengCellViewController.h */ = {isa = PBXFileReference; fileEncoding = 4; lastKnownFileType = sourcecode.c.h; path = LoucengCellViewController.h; sourceTree = "<group>"; };
		BEB0DD1F15BDC17800AAB4B7 /* LoucengCellViewController.m */ = {isa = PBXFileReference; fileEncoding = 4; lastKnownFileType = sourcecode.c.objc; path = LoucengCellViewController.m; sourceTree = "<group>"; };
		BEB0DD2015BDC17800AAB4B7 /* LoucengCellViewController.xib */ = {isa = PBXFileReference; fileEncoding = 4; lastKnownFileType = file.xib; path = LoucengCellViewController.xib; sourceTree = "<group>"; };
		BEB0DD2315BDC1A700AAB4B7 /* LoudongCellViewController.h */ = {isa = PBXFileReference; fileEncoding = 4; lastKnownFileType = sourcecode.c.h; path = LoudongCellViewController.h; sourceTree = "<group>"; };
		BEB0DD2415BDC1A700AAB4B7 /* LoudongCellViewController.m */ = {isa = PBXFileReference; fileEncoding = 4; lastKnownFileType = sourcecode.c.objc; path = LoudongCellViewController.m; sourceTree = "<group>"; };
		BEB0DD2515BDC1A700AAB4B7 /* LoudongCellViewController.xib */ = {isa = PBXFileReference; fileEncoding = 4; lastKnownFileType = file.xib; path = LoudongCellViewController.xib; sourceTree = "<group>"; };
		BEB0DD2C15BDC22600AAB4B7 /* FanghaoCellViewController.h */ = {isa = PBXFileReference; fileEncoding = 4; lastKnownFileType = sourcecode.c.h; path = FanghaoCellViewController.h; sourceTree = "<group>"; };
		BEB0DD2D15BDC22600AAB4B7 /* FanghaoCellViewController.m */ = {isa = PBXFileReference; fileEncoding = 4; lastKnownFileType = sourcecode.c.objc; path = FanghaoCellViewController.m; sourceTree = "<group>"; };
		BEB0DD2E15BDC22600AAB4B7 /* FanghaoCellViewController.xib */ = {isa = PBXFileReference; fileEncoding = 4; lastKnownFileType = file.xib; path = FanghaoCellViewController.xib; sourceTree = "<group>"; };
		BEB0DD3115BDC26300AAB4B7 /* LoupanTableViewController.h */ = {isa = PBXFileReference; fileEncoding = 4; lastKnownFileType = sourcecode.c.h; path = LoupanTableViewController.h; sourceTree = "<group>"; };
		BEB0DD3215BDC26300AAB4B7 /* LoupanTableViewController.m */ = {isa = PBXFileReference; fileEncoding = 4; lastKnownFileType = sourcecode.c.objc; path = LoupanTableViewController.m; sourceTree = "<group>"; };
		BEB0DD3315BDC26300AAB4B7 /* LoupanTableViewController.xib */ = {isa = PBXFileReference; fileEncoding = 4; lastKnownFileType = file.xib; path = LoupanTableViewController.xib; sourceTree = "<group>"; };
		BEB0DD3715BDC28800AAB4B7 /* LoucengTableViewController.h */ = {isa = PBXFileReference; fileEncoding = 4; lastKnownFileType = sourcecode.c.h; path = LoucengTableViewController.h; sourceTree = "<group>"; };
		BEB0DD3815BDC28800AAB4B7 /* LoucengTableViewController.m */ = {isa = PBXFileReference; fileEncoding = 4; lastKnownFileType = sourcecode.c.objc; path = LoucengTableViewController.m; sourceTree = "<group>"; };
		BEB0DD3915BDC28800AAB4B7 /* LoucengTableViewController.xib */ = {isa = PBXFileReference; fileEncoding = 4; lastKnownFileType = file.xib; path = LoucengTableViewController.xib; sourceTree = "<group>"; };
		BEB0DD3C15BDC29D00AAB4B7 /* LoudongTableViewController.h */ = {isa = PBXFileReference; fileEncoding = 4; lastKnownFileType = sourcecode.c.h; path = LoudongTableViewController.h; sourceTree = "<group>"; };
		BEB0DD3D15BDC29D00AAB4B7 /* LoudongTableViewController.m */ = {isa = PBXFileReference; fileEncoding = 4; lastKnownFileType = sourcecode.c.objc; path = LoudongTableViewController.m; sourceTree = "<group>"; };
		BEB0DD3E15BDC29D00AAB4B7 /* LoudongTableViewController.xib */ = {isa = PBXFileReference; fileEncoding = 4; lastKnownFileType = file.xib; path = LoudongTableViewController.xib; sourceTree = "<group>"; };
		BEB0DD4115BDC2B000AAB4B7 /* FanghaoTableViewController.h */ = {isa = PBXFileReference; fileEncoding = 4; lastKnownFileType = sourcecode.c.h; path = FanghaoTableViewController.h; sourceTree = "<group>"; };
		BEB0DD4215BDC2B100AAB4B7 /* FanghaoTableViewController.m */ = {isa = PBXFileReference; fileEncoding = 4; lastKnownFileType = sourcecode.c.objc; path = FanghaoTableViewController.m; sourceTree = "<group>"; };
		BEB0DD4315BDC2B100AAB4B7 /* FanghaoTableViewController.xib */ = {isa = PBXFileReference; fileEncoding = 4; lastKnownFileType = file.xib; path = FanghaoTableViewController.xib; sourceTree = "<group>"; };
		BEB0DD4715BDE5C800AAB4B7 /* KaishixunjiaLoupanCellViewController.h */ = {isa = PBXFileReference; fileEncoding = 4; lastKnownFileType = sourcecode.c.h; path = KaishixunjiaLoupanCellViewController.h; sourceTree = "<group>"; };
		BEB0DD4815BDE5C800AAB4B7 /* KaishixunjiaLoupanCellViewController.m */ = {isa = PBXFileReference; fileEncoding = 4; lastKnownFileType = sourcecode.c.objc; path = KaishixunjiaLoupanCellViewController.m; sourceTree = "<group>"; };
		BEB0DD4915BDE5C800AAB4B7 /* KaishixunjiaLoupanCellViewController.xib */ = {isa = PBXFileReference; fileEncoding = 4; lastKnownFileType = file.xib; path = KaishixunjiaLoupanCellViewController.xib; sourceTree = "<group>"; };
		BEB0DD4C15BDE60000AAB4B7 /* KaishixunjiaCell1ViewController.h */ = {isa = PBXFileReference; fileEncoding = 4; lastKnownFileType = sourcecode.c.h; path = KaishixunjiaCell1ViewController.h; sourceTree = "<group>"; };
		BEB0DD4D15BDE60000AAB4B7 /* KaishixunjiaCell1ViewController.m */ = {isa = PBXFileReference; fileEncoding = 4; lastKnownFileType = sourcecode.c.objc; path = KaishixunjiaCell1ViewController.m; sourceTree = "<group>"; };
		BEB0DD4E15BDE60000AAB4B7 /* KaishixunjiaCell1ViewController.xib */ = {isa = PBXFileReference; fileEncoding = 4; lastKnownFileType = file.xib; path = KaishixunjiaCell1ViewController.xib; sourceTree = "<group>"; };
		BEB0DD5115BDE63B00AAB4B7 /* KaishixunjiaLoupanCell.h */ = {isa = PBXFileReference; fileEncoding = 4; lastKnownFileType = sourcecode.c.h; path = KaishixunjiaLoupanCell.h; sourceTree = "<group>"; };
		BEB0DD5215BDE63B00AAB4B7 /* KaishixunjiaLoupanCell.m */ = {isa = PBXFileReference; fileEncoding = 4; lastKnownFileType = sourcecode.c.objc; path = KaishixunjiaLoupanCell.m; sourceTree = "<group>"; };
		BEB0DD5415BDE65200AAB4B7 /* KaishixunjiaCell1Cell.h */ = {isa = PBXFileReference; fileEncoding = 4; lastKnownFileType = sourcecode.c.h; path = KaishixunjiaCell1Cell.h; sourceTree = "<group>"; };
		BEB0DD5515BDE65300AAB4B7 /* KaishixunjiaCell1Cell.m */ = {isa = PBXFileReference; fileEncoding = 4; lastKnownFileType = sourcecode.c.objc; path = KaishixunjiaCell1Cell.m; sourceTree = "<group>"; };
		BEB5439915BC55AC00C6CDAD /* SousuoloupanViewController.h */ = {isa = PBXFileReference; fileEncoding = 4; lastKnownFileType = sourcecode.c.h; path = SousuoloupanViewController.h; sourceTree = "<group>"; };
		BEB5439A15BC55AC00C6CDAD /* SousuoloupanViewController.m */ = {isa = PBXFileReference; fileEncoding = 4; lastKnownFileType = sourcecode.c.objc; path = SousuoloupanViewController.m; sourceTree = "<group>"; };
		BEB5439B15BC55AD00C6CDAD /* SousuoloupanViewController.xib */ = {isa = PBXFileReference; fileEncoding = 4; lastKnownFileType = file.xib; path = SousuoloupanViewController.xib; sourceTree = "<group>"; };
		BEB543A315BC618D00C6CDAD /* FunjinloupanViewController.h */ = {isa = PBXFileReference; fileEncoding = 4; lastKnownFileType = sourcecode.c.h; path = FunjinloupanViewController.h; sourceTree = "<group>"; };
		BEB543A415BC618D00C6CDAD /* FunjinloupanViewController.m */ = {isa = PBXFileReference; fileEncoding = 4; lastKnownFileType = sourcecode.c.objc; path = FunjinloupanViewController.m; sourceTree = "<group>"; };
		BEB543A515BC618E00C6CDAD /* FunjinloupanViewController.xib */ = {isa = PBXFileReference; fileEncoding = 4; lastKnownFileType = file.xib; path = FunjinloupanViewController.xib; sourceTree = "<group>"; };
		BEB543A915BC662500C6CDAD /* GujiashihuijiaViewController.h */ = {isa = PBXFileReference; fileEncoding = 4; lastKnownFileType = sourcecode.c.h; path = GujiashihuijiaViewController.h; sourceTree = "<group>"; };
		BEB543AA15BC662500C6CDAD /* GujiashihuijiaViewController.m */ = {isa = PBXFileReference; fileEncoding = 4; lastKnownFileType = sourcecode.c.objc; path = GujiashihuijiaViewController.m; sourceTree = "<group>"; };
		BEB543AB15BC662500C6CDAD /* GujiashihuijiaViewController.xib */ = {isa = PBXFileReference; fileEncoding = 4; lastKnownFileType = file.xib; path = GujiashihuijiaViewController.xib; sourceTree = "<group>"; };
		BEB543AE15BC66C900C6CDAD /* PinggujigouViewController.h */ = {isa = PBXFileReference; fileEncoding = 4; lastKnownFileType = sourcecode.c.h; path = PinggujigouViewController.h; sourceTree = "<group>"; };
		BEB543AF15BC66C900C6CDAD /* PinggujigouViewController.m */ = {isa = PBXFileReference; fileEncoding = 4; lastKnownFileType = sourcecode.c.objc; path = PinggujigouViewController.m; sourceTree = "<group>"; };
		BEB543B015BC66CA00C6CDAD /* PinggujigouViewController.xib */ = {isa = PBXFileReference; fileEncoding = 4; lastKnownFileType = file.xib; path = PinggujigouViewController.xib; sourceTree = "<group>"; };
		BEB543BF15BC79B400C6CDAD /* HuijiaLV1CellViewController.h */ = {isa = PBXFileReference; fileEncoding = 4; lastKnownFileType = sourcecode.c.h; path = HuijiaLV1CellViewController.h; sourceTree = "<group>"; };
		BEB543C015BC79B400C6CDAD /* HuijiaLV1CellViewController.m */ = {isa = PBXFileReference; fileEncoding = 4; lastKnownFileType = sourcecode.c.objc; path = HuijiaLV1CellViewController.m; sourceTree = "<group>"; };
		BEB543C115BC79B400C6CDAD /* HuijiaLV1CellViewController.xib */ = {isa = PBXFileReference; fileEncoding = 4; lastKnownFileType = file.xib; path = HuijiaLV1CellViewController.xib; sourceTree = "<group>"; };
		BEB543D015BC80D900C6CDAD /* HuijiaLV1Cell.h */ = {isa = PBXFileReference; fileEncoding = 4; lastKnownFileType = sourcecode.c.h; path = HuijiaLV1Cell.h; sourceTree = "<group>"; };
		BEB543D115BC80DA00C6CDAD /* HuijiaLV1Cell.m */ = {isa = PBXFileReference; fileEncoding = 4; lastKnownFileType = sourcecode.c.objc; path = HuijiaLV1Cell.m; sourceTree = "<group>"; };
		BEB543D315BC877000C6CDAD /* HuijiaxiangqingViewController.h */ = {isa = PBXFileReference; fileEncoding = 4; lastKnownFileType = sourcecode.c.h; path = HuijiaxiangqingViewController.h; sourceTree = "<group>"; };
		BEB543D415BC877100C6CDAD /* HuijiaxiangqingViewController.m */ = {isa = PBXFileReference; fileEncoding = 4; lastKnownFileType = sourcecode.c.objc; path = HuijiaxiangqingViewController.m; sourceTree = "<group>"; };
		BEB543D515BC877200C6CDAD /* HuijiaxiangqingViewController.xib */ = {isa = PBXFileReference; fileEncoding = 4; lastKnownFileType = file.xib; path = HuijiaxiangqingViewController.xib; sourceTree = "<group>"; };
		BEB543D815BC889700C6CDAD /* HuijiaxiangqingCellViewController.h */ = {isa = PBXFileReference; fileEncoding = 4; lastKnownFileType = sourcecode.c.h; path = HuijiaxiangqingCellViewController.h; sourceTree = "<group>"; };
		BEB543D915BC889800C6CDAD /* HuijiaxiangqingCellViewController.m */ = {isa = PBXFileReference; fileEncoding = 4; lastKnownFileType = sourcecode.c.objc; path = HuijiaxiangqingCellViewController.m; sourceTree = "<group>"; };
		BEB543DA15BC889900C6CDAD /* HuijiaxiangqingCellViewController.xib */ = {isa = PBXFileReference; fileEncoding = 4; lastKnownFileType = file.xib; path = HuijiaxiangqingCellViewController.xib; sourceTree = "<group>"; };
		BEB543DD15BC895F00C6CDAD /* shilian.png */ = {isa = PBXFileReference; lastKnownFileType = image.png; path = shilian.png; sourceTree = "<group>"; };
		BEB543DF15BC8A7600C6CDAD /* HuijiaxiangqingCell.h */ = {isa = PBXFileReference; fileEncoding = 4; lastKnownFileType = sourcecode.c.h; path = HuijiaxiangqingCell.h; sourceTree = "<group>"; };
		BEB543E015BC8A7600C6CDAD /* HuijiaxiangqingCell.m */ = {isa = PBXFileReference; fileEncoding = 4; lastKnownFileType = sourcecode.c.objc; path = HuijiaxiangqingCell.m; sourceTree = "<group>"; };
		F302BCFF15BCE4A300FB1663 /* Pinggujigoulv1Cell.h */ = {isa = PBXFileReference; fileEncoding = 4; lastKnownFileType = sourcecode.c.h; path = Pinggujigoulv1Cell.h; sourceTree = "<group>"; };
		F302BD0015BCE4A300FB1663 /* Pinggujigoulv1Cell.m */ = {isa = PBXFileReference; fileEncoding = 4; lastKnownFileType = sourcecode.c.objc; path = Pinggujigoulv1Cell.m; sourceTree = "<group>"; };
		F302BD0215BCE4CF00FB1663 /* PinggujigouLV1CellViewController.h */ = {isa = PBXFileReference; fileEncoding = 4; lastKnownFileType = sourcecode.c.h; path = PinggujigouLV1CellViewController.h; sourceTree = "<group>"; };
		F302BD0315BCE4CF00FB1663 /* PinggujigouLV1CellViewController.m */ = {isa = PBXFileReference; fileEncoding = 4; lastKnownFileType = sourcecode.c.objc; path = PinggujigouLV1CellViewController.m; sourceTree = "<group>"; };
		F302BD0415BCE4CF00FB1663 /* PinggujigouLV1CellViewController.xib */ = {isa = PBXFileReference; fileEncoding = 4; lastKnownFileType = file.xib; path = PinggujigouLV1CellViewController.xib; sourceTree = "<group>"; };
		F302BD0715BCEFC800FB1663 /* PinggujigouxiangqingViewController.h */ = {isa = PBXFileReference; fileEncoding = 4; lastKnownFileType = sourcecode.c.h; path = PinggujigouxiangqingViewController.h; sourceTree = "<group>"; };
		F302BD0815BCEFC800FB1663 /* PinggujigouxiangqingViewController.m */ = {isa = PBXFileReference; fileEncoding = 4; lastKnownFileType = sourcecode.c.objc; path = PinggujigouxiangqingViewController.m; sourceTree = "<group>"; };
		F302BD0915BCEFC900FB1663 /* PinggujigouxiangqingViewController.xib */ = {isa = PBXFileReference; fileEncoding = 4; lastKnownFileType = file.xib; path = PinggujigouxiangqingViewController.xib; sourceTree = "<group>"; };
		F302BD0C15BCF6BD00FB1663 /* shilian_long.png */ = {isa = PBXFileReference; lastKnownFileType = image.png; path = shilian_long.png; sourceTree = "<group>"; };
		F302BD0E15BCF78500FB1663 /* PinggujigouyinhangViewController.h */ = {isa = PBXFileReference; fileEncoding = 4; lastKnownFileType = sourcecode.c.h; path = PinggujigouyinhangViewController.h; sourceTree = "<group>"; };
		F302BD0F15BCF78500FB1663 /* PinggujigouyinhangViewController.m */ = {isa = PBXFileReference; fileEncoding = 4; lastKnownFileType = sourcecode.c.objc; path = PinggujigouyinhangViewController.m; sourceTree = "<group>"; };
		F302BD1015BCF78600FB1663 /* PinggujigouyinhangViewController.xib */ = {isa = PBXFileReference; fileEncoding = 4; lastKnownFileType = file.xib; path = PinggujigouyinhangViewController.xib; sourceTree = "<group>"; };
		F302BD1315BCF89000FB1663 /* PinggujigouyinhangCell.h */ = {isa = PBXFileReference; fileEncoding = 4; lastKnownFileType = sourcecode.c.h; path = PinggujigouyinhangCell.h; sourceTree = "<group>"; };
		F302BD1415BCF89100FB1663 /* PinggujigouyinhangCell.m */ = {isa = PBXFileReference; fileEncoding = 4; lastKnownFileType = sourcecode.c.objc; path = PinggujigouyinhangCell.m; sourceTree = "<group>"; };
		F302BD1915BCF91A00FB1663 /* PinggujigouyinhangCellViewController.h */ = {isa = PBXFileReference; fileEncoding = 4; lastKnownFileType = sourcecode.c.h; path = PinggujigouyinhangCellViewController.h; sourceTree = "<group>"; };
		F302BD1A15BCF91A00FB1663 /* PinggujigouyinhangCellViewController.m */ = {isa = PBXFileReference; fileEncoding = 4; lastKnownFileType = sourcecode.c.objc; path = PinggujigouyinhangCellViewController.m; sourceTree = "<group>"; };
		F302BD1B15BCF91B00FB1663 /* PinggujigouyinhangCellViewController.xib */ = {isa = PBXFileReference; fileEncoding = 4; lastKnownFileType = file.xib; path = PinggujigouyinhangCellViewController.xib; sourceTree = "<group>"; };
		F3D9CC7915B81AD100FA63AE /* KaishixunjiaViewController.h */ = {isa = PBXFileReference; fileEncoding = 4; lastKnownFileType = sourcecode.c.h; path = KaishixunjiaViewController.h; sourceTree = "<group>"; };
		F3D9CC7A15B81AD100FA63AE /* KaishixunjiaViewController.m */ = {isa = PBXFileReference; fileEncoding = 4; lastKnownFileType = sourcecode.c.objc; path = KaishixunjiaViewController.m; sourceTree = "<group>"; };
		F3D9CC7B15B81AD100FA63AE /* KaishixunjiaViewController.xib */ = {isa = PBXFileReference; fileEncoding = 4; lastKnownFileType = file.xib; path = KaishixunjiaViewController.xib; sourceTree = "<group>"; };
		F3D9CC7E15B81B8F00FA63AE /* XunjiajieguoViewController.h */ = {isa = PBXFileReference; fileEncoding = 4; lastKnownFileType = sourcecode.c.h; path = XunjiajieguoViewController.h; sourceTree = "<group>"; };
		F3D9CC7F15B81B8F00FA63AE /* XunjiajieguoViewController.m */ = {isa = PBXFileReference; fileEncoding = 4; lastKnownFileType = sourcecode.c.objc; path = XunjiajieguoViewController.m; sourceTree = "<group>"; };
		F3D9CC8015B81B8F00FA63AE /* XunjiajieguoViewController.xib */ = {isa = PBXFileReference; fileEncoding = 4; lastKnownFileType = file.xib; path = XunjiajieguoViewController.xib; sourceTree = "<group>"; };
		F3D9CC8315B81C5000FA63AE /* RengongxunjiaViewController.h */ = {isa = PBXFileReference; fileEncoding = 4; lastKnownFileType = sourcecode.c.h; path = RengongxunjiaViewController.h; sourceTree = "<group>"; };
		F3D9CC8415B81C5000FA63AE /* RengongxunjiaViewController.m */ = {isa = PBXFileReference; fileEncoding = 4; lastKnownFileType = sourcecode.c.objc; path = RengongxunjiaViewController.m; sourceTree = "<group>"; };
		F3D9CC8515B81C5000FA63AE /* RengongxunjiaViewController.xib */ = {isa = PBXFileReference; fileEncoding = 4; lastKnownFileType = file.xib; path = RengongxunjiaViewController.xib; sourceTree = "<group>"; };
		F3D9CC8815B81D3700FA63AE /* YinhangkedaichaxunViewController.h */ = {isa = PBXFileReference; fileEncoding = 4; lastKnownFileType = sourcecode.c.h; path = YinhangkedaichaxunViewController.h; sourceTree = "<group>"; };
		F3D9CC8915B81D3700FA63AE /* YinhangkedaichaxunViewController.m */ = {isa = PBXFileReference; fileEncoding = 4; lastKnownFileType = sourcecode.c.objc; path = YinhangkedaichaxunViewController.m; sourceTree = "<group>"; };
		F3D9CC8A15B81D3700FA63AE /* YinhangkedaichaxunViewController.xib */ = {isa = PBXFileReference; fileEncoding = 4; lastKnownFileType = file.xib; path = YinhangkedaichaxunViewController.xib; sourceTree = "<group>"; };
		F3D9CC9215B8207B00FA63AE /* YinhangKedaieDetailViewController.h */ = {isa = PBXFileReference; fileEncoding = 4; lastKnownFileType = sourcecode.c.h; path = YinhangKedaieDetailViewController.h; sourceTree = "<group>"; };
		F3D9CC9315B8207B00FA63AE /* YinhangKedaieDetailViewController.m */ = {isa = PBXFileReference; fileEncoding = 4; lastKnownFileType = sourcecode.c.objc; path = YinhangKedaieDetailViewController.m; sourceTree = "<group>"; };
		F3D9CC9415B8207B00FA63AE /* YinhangKedaieDetailViewController.xib */ = {isa = PBXFileReference; fileEncoding = 4; lastKnownFileType = file.xib; path = YinhangKedaieDetailViewController.xib; sourceTree = "<group>"; };
		F3D9CC9715B8225800FA63AE /* LoupanCell.h */ = {isa = PBXFileReference; fileEncoding = 4; lastKnownFileType = sourcecode.c.h; path = LoupanCell.h; sourceTree = "<group>"; };
		F3D9CC9815B8225800FA63AE /* LoupanCell.m */ = {isa = PBXFileReference; fileEncoding = 4; lastKnownFileType = sourcecode.c.objc; path = LoupanCell.m; sourceTree = "<group>"; };
		F3D9CC9A15B8228600FA63AE /* LoucengCell.h */ = {isa = PBXFileReference; fileEncoding = 4; lastKnownFileType = sourcecode.c.h; path = LoucengCell.h; sourceTree = "<group>"; };
		F3D9CC9B15B8228700FA63AE /* LoucengCell.m */ = {isa = PBXFileReference; fileEncoding = 4; lastKnownFileType = sourcecode.c.objc; path = LoucengCell.m; sourceTree = "<group>"; };
		F3D9CC9D15B8229700FA63AE /* LoudongCell.h */ = {isa = PBXFileReference; fileEncoding = 4; lastKnownFileType = sourcecode.c.h; path = LoudongCell.h; sourceTree = "<group>"; };
		F3D9CC9E15B8229700FA63AE /* LoudongCell.m */ = {isa = PBXFileReference; fileEncoding = 4; lastKnownFileType = sourcecode.c.objc; path = LoudongCell.m; sourceTree = "<group>"; };
		F3D9CCA015B822BC00FA63AE /* FanghaoCell.h */ = {isa = PBXFileReference; fileEncoding = 4; lastKnownFileType = sourcecode.c.h; path = FanghaoCell.h; sourceTree = "<group>"; };
		F3D9CCA115B822BC00FA63AE /* FanghaoCell.m */ = {isa = PBXFileReference; fileEncoding = 4; lastKnownFileType = sourcecode.c.objc; path = FanghaoCell.m; sourceTree = "<group>"; };
		F3DBEAD915BD31690040CDED /* GuanzhuLV1CellViewController.h */ = {isa = PBXFileReference; fileEncoding = 4; lastKnownFileType = sourcecode.c.h; path = GuanzhuLV1CellViewController.h; sourceTree = "<group>"; };
		F3DBEADA15BD31690040CDED /* GuanzhuLV1CellViewController.m */ = {isa = PBXFileReference; fileEncoding = 4; lastKnownFileType = sourcecode.c.objc; path = GuanzhuLV1CellViewController.m; sourceTree = "<group>"; };
		F3DBEADB15BD31690040CDED /* GuanzhuLV1CellViewController.xib */ = {isa = PBXFileReference; fileEncoding = 4; lastKnownFileType = file.xib; path = GuanzhuLV1CellViewController.xib; sourceTree = "<group>"; };
		F3DBEADE15BD31910040CDED /* GuanzhuLV1Cell.h */ = {isa = PBXFileReference; fileEncoding = 4; lastKnownFileType = sourcecode.c.h; path = GuanzhuLV1Cell.h; sourceTree = "<group>"; };
		F3DBEADF15BD31910040CDED /* GuanzhuLV1Cell.m */ = {isa = PBXFileReference; fileEncoding = 4; lastKnownFileType = sourcecode.c.objc; path = GuanzhuLV1Cell.m; sourceTree = "<group>"; };
/* End PBXFileReference section */

/* Begin PBXFrameworksBuildPhase section */
		BE85B4F815B3293E0010E0F5 /* Frameworks */ = {
			isa = PBXFrameworksBuildPhase;
			buildActionMask = 2147483647;
			files = (
				BE85B50015B3293E0010E0F5 /* UIKit.framework in Frameworks */,
				BE85B50215B3293E0010E0F5 /* Foundation.framework in Frameworks */,
				BE85B50415B3293E0010E0F5 /* CoreGraphics.framework in Frameworks */,
			);
			runOnlyForDeploymentPostprocessing = 0;
		};
/* End PBXFrameworksBuildPhase section */

/* Begin PBXGroup section */
		3852DDD815B8402600ADB7C8 /* more */ = {
			isa = PBXGroup;
			children = (
				BE85B55815B337B60010E0F5 /* GengDuoViewController.h */,
				BE85B55915B337B60010E0F5 /* GengDuoViewController.m */,
				BE85B55A15B337B60010E0F5 /* GengDuoViewController.xib */,
				3887890615BACD7D00B919B5 /* InviteFriendController.h */,
				3887890715BACD7D00B919B5 /* InviteFriendController.m */,
				3887890815BACD7D00B919B5 /* InviteFriendController.xib */,
				3887890B15BAD06500B919B5 /* GongshiController.h */,
				3887890C15BAD06500B919B5 /* GongshiController.m */,
				3887890D15BAD06500B919B5 /* GongshiController.xib */,
				3887891515BAD0E900B919B5 /* SystemMsgDetailViewController.h */,
				3887891615BAD0E900B919B5 /* SystemMsgDetailViewController.m */,
				3887891715BAD0E900B919B5 /* SystemMsgDetailViewController.xib */,
				3887891A15BAD10000B919B5 /* SystemMsgViewController.h */,
				3887891B15BAD10000B919B5 /* SystemMsgViewController.m */,
				3887891C15BAD10000B919B5 /* SystemMsgViewController.xib */,
				3887891F15BAD12C00B919B5 /* AboutSystemViewController.h */,
				3887892015BAD12C00B919B5 /* AboutSystemViewController.m */,
				3887892115BAD12D00B919B5 /* AboutSystemViewController.xib */,
				3887892415BAD13F00B919B5 /* ModifyPwdViewController.h */,
				3887892515BAD13F00B919B5 /* ModifyPwdViewController.m */,
				3887892615BAD14000B919B5 /* ModifyPwdViewController.xib */,
				3887892915BAD3B600B919B5 /* XunJiaHisViewController.h */,
				3887892A15BAD3B600B919B5 /* XunJiaHisViewController.m */,
				3887892B15BAD3B900B919B5 /* XunJiaHisViewController.xib */,
				3887892E15BAD3D400B919B5 /* PersonIdentifyViewController.h */,
				3887892F15BAD3D500B919B5 /* PersonIdentifyViewController.m */,
				3887893015BAD3D500B919B5 /* PersonIdentifyViewController.xib */,
				3887893315BAD3E400B919B5 /* FeedBackViewController.h */,
				3887893415BAD3E400B919B5 /* FeedBackViewController.m */,
				3887893515BAD3E500B919B5 /* FeedBackViewController.xib */,
			);
			name = more;
			sourceTree = "<group>";
		};
		38E2F9A515BB9D6E00EB72D0 /* Resources */ = {
			isa = PBXGroup;
			children = (
				F302BD0C15BCF6BD00FB1663 /* shilian_long.png */,
				BEB543DD15BC895F00C6CDAD /* shilian.png */,
				38E2F9BA15BBB83500EB72D0 /* logo.png */,
				38E2F9B215BBB4D900EB72D0 /* topbar_button_back_hover.png */,
				38E2F9B315BBB4D900EB72D0 /* topbar_button_back_hover@2x.png */,
				38E2F9B415BBB4D900EB72D0 /* topbar_button_back.png */,
				38E2F9B515BBB4D900EB72D0 /* topbar_button_back@2x.png */,
				38E2F9A915BB9E6200EB72D0 /* detail.png */,
				38E2F9A615BB9D6E00EB72D0 /* isRead.png */,
			);
			path = Resources;
			sourceTree = SOURCE_ROOT;
		};
		BE85B4F015B3293E0010E0F5 = {
			isa = PBXGroup;
			children = (
				BEA11F7B15BF212C00F9D93F /* Icon.png */,
				BEA11F7C15BF212C00F9D93F /* Icon@2x.png */,
				BE85B53C15B332760010E0F5 /* Documents */,
				BE85B50515B3293E0010E0F5 /* yungujia */,
				BE85B4FE15B3293E0010E0F5 /* Frameworks */,
				BE85B4FC15B3293E0010E0F5 /* Products */,
			);
			sourceTree = "<group>";
		};
		BE85B4FC15B3293E0010E0F5 /* Products */ = {
			isa = PBXGroup;
			children = (
				BE85B4FB15B3293E0010E0F5 /* yungujia.app */,
			);
			name = Products;
			sourceTree = "<group>";
		};
		BE85B4FE15B3293E0010E0F5 /* Frameworks */ = {
			isa = PBXGroup;
			children = (
				BE85B4FF15B3293E0010E0F5 /* UIKit.framework */,
				BE85B50115B3293E0010E0F5 /* Foundation.framework */,
				BE85B50315B3293E0010E0F5 /* CoreGraphics.framework */,
			);
			name = Frameworks;
			sourceTree = "<group>";
		};
		BE85B50515B3293E0010E0F5 /* yungujia */ = {
			isa = PBXGroup;
			children = (
				38E2F9A515BB9D6E00EB72D0 /* Resources */,
				BE85B52A15B330140010E0F5 /* Data */,
				BE85B52B15B330140010E0F5 /* Parser */,
				BE85B52C15B330140010E0F5 /* README */,
				BE85B52D15B330140010E0F5 /* Request */,
				BE85B52E15B330140010E0F5 /* UI */,
				BE85B50E15B3293E0010E0F5 /* AppDelegate.h */,
				BE85B50F15B3293E0010E0F5 /* AppDelegate.m */,
				BE85B50615B3293E0010E0F5 /* Supporting Files */,
			);
			path = yungujia;
			sourceTree = "<group>";
		};
		BE85B50615B3293E0010E0F5 /* Supporting Files */ = {
			isa = PBXGroup;
			children = (
				BE85B50715B3293E0010E0F5 /* yungujia-Info.plist */,
				BE85B50815B3293E0010E0F5 /* InfoPlist.strings */,
				BE85B50B15B3293E0010E0F5 /* main.m */,
				BE85B50D15B3293E0010E0F5 /* yungujia-Prefix.pch */,
			);
			name = "Supporting Files";
			sourceTree = "<group>";
		};
		BE85B52A15B330140010E0F5 /* Data */ = {
			isa = PBXGroup;
			children = (
				BE85B53015B330F80010E0F5 /* BaseDBOperator.h */,
				BE85B53115B330F80010E0F5 /* BaseDBOperator.m */,
				38E2F9AB15BBA00500EB72D0 /* SystemMsgRecord.h */,
				38E2F9AC15BBA00500EB72D0 /* SystemMsgRecord.m */,
			);
			path = Data;
			sourceTree = SOURCE_ROOT;
		};
		BE85B52B15B330140010E0F5 /* Parser */ = {
			isa = PBXGroup;
			children = (
				BE85B53315B3311D0010E0F5 /* DataParser.h */,
				BE85B53415B3311D0010E0F5 /* DataParser.m */,
			);
			path = Parser;
			sourceTree = SOURCE_ROOT;
		};
		BE85B52D15B330140010E0F5 /* Request */ = {
			isa = PBXGroup;
			children = (
				BE85B53915B331590010E0F5 /* BaseHTTPRequester.h */,
				BE85B53A15B331590010E0F5 /* BaseHTTPRequester.m */,
			);
			path = Request;
			sourceTree = SOURCE_ROOT;
		};
		BE85B52E15B330140010E0F5 /* UI */ = {
			isa = PBXGroup;
			children = (
				F3DBEAD715BD31270040CDED /* Guanzhu */,
				BEB543A815BC65F200C6CDAD /* Gujiashi */,
				3852DDD815B8402600ADB7C8 /* more */,
				38D2A33415B8187C000C5D6D /* RegisterViewController.h */,
				38D2A33515B8187C000C5D6D /* RegisterViewController.m */,
				38D2A33615B8187D000C5D6D /* RegisterViewController.xib */,
				F3D9CC7115B8179C00FA63AE /* Xunjia */,
				BE85B53615B3313E0010E0F5 /* LoginViewController.h */,
				BE85B53715B3313E0010E0F5 /* LoginViewController.m */,
				3842FB5115B4483000DA889E /* LoginViewController.xib */,
				BE85B54415B3373A0010E0F5 /* SwichTabBarViewController.h */,
				BE85B54515B3373A0010E0F5 /* SwichTabBarViewController.m */,
				BE85B54615B3373A0010E0F5 /* SwichTabBarViewController.xib */,
				3842FB5315B44C3000DA889E /* Localizable.strings */,
			);
			path = UI;
			sourceTree = SOURCE_ROOT;
		};
		BE85B53C15B332760010E0F5 /* Documents */ = {
			isa = PBXGroup;
			children = (
				BE85B53D15B332760010E0F5 /* 手机云估价Demo.pdf */,
			);
			path = Documents;
			sourceTree = "<group>";
		};
		BEA11F6515BEFDF000F9D93F /* Xunjiajieguo */ = {
			isa = PBXGroup;
			children = (
				F3D9CC7E15B81B8F00FA63AE /* XunjiajieguoViewController.h */,
				F3D9CC7F15B81B8F00FA63AE /* XunjiajieguoViewController.m */,
				F3D9CC8015B81B8F00FA63AE /* XunjiajieguoViewController.xib */,
			);
			name = Xunjiajieguo;
			sourceTree = "<group>";
		};
		BEA11F6C15BF174E00F9D93F /* Geyinhangkedaie */ = {
			isa = PBXGroup;
			children = (
				BEA11F6715BF16CD00F9D93F /* GeyinhangkedaieViewController.h */,
				BEA11F6815BF16CF00F9D93F /* GeyinhangkedaieViewController.m */,
				BEA11F6915BF16D000F9D93F /* GeyinhangkedaieViewController.xib */,
				BEA11F6D15BF17B000F9D93F /* GeyinhangkedaieCellViewController.h */,
				BEA11F6E15BF17B000F9D93F /* GeyinhangkedaieCellViewController.m */,
				BEA11F6F15BF17B000F9D93F /* GeyinhangkedaieCellViewController.xib */,
				BEA11F7215BF17D800F9D93F /* GeyinhangkedaieCell.h */,
				BEA11F7315BF17D800F9D93F /* GeyinhangkedaieCell.m */,
			);
			name = Geyinhangkedaie;
			sourceTree = "<group>";
		};
		BEB0DD2815BDC1D100AAB4B7 /* Loupan */ = {
			isa = PBXGroup;
			children = (
				F3D9CC9715B8225800FA63AE /* LoupanCell.h */,
				F3D9CC9815B8225800FA63AE /* LoupanCell.m */,
				BEB0DD1915BDC15B00AAB4B7 /* LoupanCellViewController.h */,
				BEB0DD1A15BDC15B00AAB4B7 /* LoupanCellViewController.m */,
				BEB0DD1B15BDC15B00AAB4B7 /* LoupanCellViewController.xib */,
				BEB0DD3115BDC26300AAB4B7 /* LoupanTableViewController.h */,
				BEB0DD3215BDC26300AAB4B7 /* LoupanTableViewController.m */,
				BEB0DD3315BDC26300AAB4B7 /* LoupanTableViewController.xib */,
			);
			name = Loupan;
			sourceTree = "<group>";
		};
		BEB0DD2915BDC1DB00AAB4B7 /* Loudong */ = {
			isa = PBXGroup;
			children = (
				F3D9CC9D15B8229700FA63AE /* LoudongCell.h */,
				F3D9CC9E15B8229700FA63AE /* LoudongCell.m */,
				BEB0DD2315BDC1A700AAB4B7 /* LoudongCellViewController.h */,
				BEB0DD2415BDC1A700AAB4B7 /* LoudongCellViewController.m */,
				BEB0DD2515BDC1A700AAB4B7 /* LoudongCellViewController.xib */,
				BEB0DD3C15BDC29D00AAB4B7 /* LoudongTableViewController.h */,
				BEB0DD3D15BDC29D00AAB4B7 /* LoudongTableViewController.m */,
				BEB0DD3E15BDC29D00AAB4B7 /* LoudongTableViewController.xib */,
			);
			name = Loudong;
			sourceTree = "<group>";
		};
		BEB0DD2A15BDC1E300AAB4B7 /* Louceng */ = {
			isa = PBXGroup;
			children = (
				F3D9CC9A15B8228600FA63AE /* LoucengCell.h */,
				F3D9CC9B15B8228700FA63AE /* LoucengCell.m */,
				BEB0DD1E15BDC17800AAB4B7 /* LoucengCellViewController.h */,
				BEB0DD1F15BDC17800AAB4B7 /* LoucengCellViewController.m */,
				BEB0DD2015BDC17800AAB4B7 /* LoucengCellViewController.xib */,
				BEB0DD3715BDC28800AAB4B7 /* LoucengTableViewController.h */,
				BEB0DD3815BDC28800AAB4B7 /* LoucengTableViewController.m */,
				BEB0DD3915BDC28800AAB4B7 /* LoucengTableViewController.xib */,
			);
			name = Louceng;
			sourceTree = "<group>";
		};
		BEB0DD2B15BDC1EB00AAB4B7 /* Fanghao */ = {
			isa = PBXGroup;
			children = (
				F3D9CCA015B822BC00FA63AE /* FanghaoCell.h */,
				F3D9CCA115B822BC00FA63AE /* FanghaoCell.m */,
				BEB0DD2C15BDC22600AAB4B7 /* FanghaoCellViewController.h */,
				BEB0DD2D15BDC22600AAB4B7 /* FanghaoCellViewController.m */,
				BEB0DD2E15BDC22600AAB4B7 /* FanghaoCellViewController.xib */,
				BEB0DD4115BDC2B000AAB4B7 /* FanghaoTableViewController.h */,
				BEB0DD4215BDC2B100AAB4B7 /* FanghaoTableViewController.m */,
				BEB0DD4315BDC2B100AAB4B7 /* FanghaoTableViewController.xib */,
			);
			name = Fanghao;
			sourceTree = "<group>";
		};
		BEB0DD4615BDE58600AAB4B7 /* Kaishixunjia */ = {
			isa = PBXGroup;
			children = (
				F3D9CC7915B81AD100FA63AE /* KaishixunjiaViewController.h */,
				F3D9CC7A15B81AD100FA63AE /* KaishixunjiaViewController.m */,
				F3D9CC7B15B81AD100FA63AE /* KaishixunjiaViewController.xib */,
				BEB0DD4715BDE5C800AAB4B7 /* KaishixunjiaLoupanCellViewController.h */,
				BEB0DD4815BDE5C800AAB4B7 /* KaishixunjiaLoupanCellViewController.m */,
				BEB0DD4915BDE5C800AAB4B7 /* KaishixunjiaLoupanCellViewController.xib */,
				BEB0DD4C15BDE60000AAB4B7 /* KaishixunjiaCell1ViewController.h */,
				BEB0DD4D15BDE60000AAB4B7 /* KaishixunjiaCell1ViewController.m */,
				BEB0DD4E15BDE60000AAB4B7 /* KaishixunjiaCell1ViewController.xib */,
				BEB0DD5115BDE63B00AAB4B7 /* KaishixunjiaLoupanCell.h */,
				BEB0DD5215BDE63B00AAB4B7 /* KaishixunjiaLoupanCell.m */,
				BEB0DD5415BDE65200AAB4B7 /* KaishixunjiaCell1Cell.h */,
				BEB0DD5515BDE65300AAB4B7 /* KaishixunjiaCell1Cell.m */,
			);
			name = Kaishixunjia;
			sourceTree = "<group>";
		};
		BEB543A815BC65F200C6CDAD /* Gujiashi */ = {
			isa = PBXGroup;
			children = (
				F302BD1F15BD2C8300FB1663 /* Pinggujigou */,
				F302BD1E15BD2C7800FB1663 /* Gujiashihuijia */,
				BE85B55D15B33BE50010E0F5 /* GuJiaShiViewController.h */,
				BE85B55E15B33BE50010E0F5 /* GuJiaShiViewController.m */,
				BE85B55F15B33BE50010E0F5 /* GuJiaShiViewController.xib */,
			);
			name = Gujiashi;
			sourceTree = "<group>";
		};
		BEB543E615BDBD4100C6CDAD /* LouPan */ = {
			isa = PBXGroup;
			children = (
				BEB0DD2B15BDC1EB00AAB4B7 /* Fanghao */,
				BEB0DD2A15BDC1E300AAB4B7 /* Louceng */,
				BEB0DD2915BDC1DB00AAB4B7 /* Loudong */,
				BEB0DD2815BDC1D100AAB4B7 /* Loupan */,
			);
			name = LouPan;
			sourceTree = "<group>";
		};
		BEB543E815BDBD8E00C6CDAD /* Xunjia */ = {
			isa = PBXGroup;
			children = (
				BEA11F6C15BF174E00F9D93F /* Geyinhangkedaie */,
				BEA11F6515BEFDF000F9D93F /* Xunjiajieguo */,
				BEB0DD4615BDE58600AAB4B7 /* Kaishixunjia */,
				F3D9CC8315B81C5000FA63AE /* RengongxunjiaViewController.h */,
				F3D9CC8415B81C5000FA63AE /* RengongxunjiaViewController.m */,
				F3D9CC8515B81C5000FA63AE /* RengongxunjiaViewController.xib */,
				F3D9CC8815B81D3700FA63AE /* YinhangkedaichaxunViewController.h */,
				F3D9CC8915B81D3700FA63AE /* YinhangkedaichaxunViewController.m */,
				F3D9CC8A15B81D3700FA63AE /* YinhangkedaichaxunViewController.xib */,
				F3D9CC9215B8207B00FA63AE /* YinhangKedaieDetailViewController.h */,
				F3D9CC9315B8207B00FA63AE /* YinhangKedaieDetailViewController.m */,
				F3D9CC9415B8207B00FA63AE /* YinhangKedaieDetailViewController.xib */,
			);
			name = Xunjia;
			sourceTree = "<group>";
		};
		F302BD1E15BD2C7800FB1663 /* Gujiashihuijia */ = {
			isa = PBXGroup;
			children = (
				BEB543BF15BC79B400C6CDAD /* HuijiaLV1CellViewController.h */,
				BEB543C015BC79B400C6CDAD /* HuijiaLV1CellViewController.m */,
				BEB543C115BC79B400C6CDAD /* HuijiaLV1CellViewController.xib */,
				BEB543D015BC80D900C6CDAD /* HuijiaLV1Cell.h */,
				BEB543D115BC80DA00C6CDAD /* HuijiaLV1Cell.m */,
				BEB543D315BC877000C6CDAD /* HuijiaxiangqingViewController.h */,
				BEB543D415BC877100C6CDAD /* HuijiaxiangqingViewController.m */,
				BEB543D515BC877200C6CDAD /* HuijiaxiangqingViewController.xib */,
				BEB543D815BC889700C6CDAD /* HuijiaxiangqingCellViewController.h */,
				BEB543D915BC889800C6CDAD /* HuijiaxiangqingCellViewController.m */,
				BEB543DA15BC889900C6CDAD /* HuijiaxiangqingCellViewController.xib */,
				BEB543DF15BC8A7600C6CDAD /* HuijiaxiangqingCell.h */,
				BEB543E015BC8A7600C6CDAD /* HuijiaxiangqingCell.m */,
				BEB543A915BC662500C6CDAD /* GujiashihuijiaViewController.h */,
				BEB543AA15BC662500C6CDAD /* GujiashihuijiaViewController.m */,
				BEB543AB15BC662500C6CDAD /* GujiashihuijiaViewController.xib */,
			);
			name = Gujiashihuijia;
			sourceTree = "<group>";
		};
		F302BD1F15BD2C8300FB1663 /* Pinggujigou */ = {
			isa = PBXGroup;
			children = (
				BEB543AE15BC66C900C6CDAD /* PinggujigouViewController.h */,
				BEB543AF15BC66C900C6CDAD /* PinggujigouViewController.m */,
				BEB543B015BC66CA00C6CDAD /* PinggujigouViewController.xib */,
				F302BD0715BCEFC800FB1663 /* PinggujigouxiangqingViewController.h */,
				F302BD0815BCEFC800FB1663 /* PinggujigouxiangqingViewController.m */,
				F302BD0915BCEFC900FB1663 /* PinggujigouxiangqingViewController.xib */,
				F302BD0E15BCF78500FB1663 /* PinggujigouyinhangViewController.h */,
				F302BD0F15BCF78500FB1663 /* PinggujigouyinhangViewController.m */,
				F302BD1015BCF78600FB1663 /* PinggujigouyinhangViewController.xib */,
				F302BD1315BCF89000FB1663 /* PinggujigouyinhangCell.h */,
				F302BD1415BCF89100FB1663 /* PinggujigouyinhangCell.m */,
				F302BD1915BCF91A00FB1663 /* PinggujigouyinhangCellViewController.h */,
				F302BD1A15BCF91A00FB1663 /* PinggujigouyinhangCellViewController.m */,
				F302BD1B15BCF91B00FB1663 /* PinggujigouyinhangCellViewController.xib */,
				F302BCFF15BCE4A300FB1663 /* Pinggujigoulv1Cell.h */,
				F302BD0015BCE4A300FB1663 /* Pinggujigoulv1Cell.m */,
				F302BD0215BCE4CF00FB1663 /* PinggujigouLV1CellViewController.h */,
				F302BD0315BCE4CF00FB1663 /* PinggujigouLV1CellViewController.m */,
				F302BD0415BCE4CF00FB1663 /* PinggujigouLV1CellViewController.xib */,
			);
			name = Pinggujigou;
			sourceTree = "<group>";
		};
		F3D9CC7115B8179C00FA63AE /* Xunjia */ = {
			isa = PBXGroup;
			children = (
				BEB543E815BDBD8E00C6CDAD /* Xunjia */,
				BEB543E615BDBD4100C6CDAD /* LouPan */,
				BE85B54915B3375E0010E0F5 /* XunJiaViewController.h */,
				BE85B54A15B3375E0010E0F5 /* XunJiaViewController.m */,
				BE85B54B15B3375E0010E0F5 /* XunJiaViewController.xib */,
				BEB5439915BC55AC00C6CDAD /* SousuoloupanViewController.h */,
				BEB5439A15BC55AC00C6CDAD /* SousuoloupanViewController.m */,
				BEB5439B15BC55AD00C6CDAD /* SousuoloupanViewController.xib */,
				BEB543A315BC618D00C6CDAD /* FunjinloupanViewController.h */,
				BEB543A415BC618D00C6CDAD /* FunjinloupanViewController.m */,
				BEB543A515BC618E00C6CDAD /* FunjinloupanViewController.xib */,
			);
			name = Xunjia;
			sourceTree = "<group>";
		};
		F3DBEAD715BD31270040CDED /* Guanzhu */ = {
			isa = PBXGroup;
			children = (
				BE85B54E15B3378C0010E0F5 /* GuanZhuViewController.h */,
				BE85B54F15B3378C0010E0F5 /* GuanZhuViewController.m */,
				BE85B55015B3378C0010E0F5 /* GuanZhuViewController.xib */,
				F3DBEAD915BD31690040CDED /* GuanzhuLV1CellViewController.h */,
				F3DBEADA15BD31690040CDED /* GuanzhuLV1CellViewController.m */,
				F3DBEADB15BD31690040CDED /* GuanzhuLV1CellViewController.xib */,
				F3DBEADE15BD31910040CDED /* GuanzhuLV1Cell.h */,
				F3DBEADF15BD31910040CDED /* GuanzhuLV1Cell.m */,
			);
			name = Guanzhu;
			sourceTree = "<group>";
		};
/* End PBXGroup section */

/* Begin PBXNativeTarget section */
		BE85B4FA15B3293E0010E0F5 /* yungujia */ = {
			isa = PBXNativeTarget;
			buildConfigurationList = BE85B52715B3293E0010E0F5 /* Build configuration list for PBXNativeTarget "yungujia" */;
			buildPhases = (
				BE85B4F715B3293E0010E0F5 /* Sources */,
				BE85B4F815B3293E0010E0F5 /* Frameworks */,
				BE85B4F915B3293E0010E0F5 /* Resources */,
			);
			buildRules = (
			);
			dependencies = (
			);
			name = yungujia;
			productName = yungujia;
			productReference = BE85B4FB15B3293E0010E0F5 /* yungujia.app */;
			productType = "com.apple.product-type.application";
		};
/* End PBXNativeTarget section */

/* Begin PBXProject section */
		BE85B4F215B3293E0010E0F5 /* Project object */ = {
			isa = PBXProject;
			attributes = {
				LastUpgradeCheck = 0430;
			};
			buildConfigurationList = BE85B4F515B3293E0010E0F5 /* Build configuration list for PBXProject "yungujia" */;
			compatibilityVersion = "Xcode 3.2";
			developmentRegion = English;
			hasScannedForEncodings = 0;
			knownRegions = (
				en,
			);
			mainGroup = BE85B4F015B3293E0010E0F5;
			productRefGroup = BE85B4FC15B3293E0010E0F5 /* Products */;
			projectDirPath = "";
			projectRoot = "";
			targets = (
				BE85B4FA15B3293E0010E0F5 /* yungujia */,
			);
		};
/* End PBXProject section */

/* Begin PBXResourcesBuildPhase section */
		BE85B4F915B3293E0010E0F5 /* Resources */ = {
			isa = PBXResourcesBuildPhase;
			buildActionMask = 2147483647;
			files = (
				BE85B50A15B3293E0010E0F5 /* InfoPlist.strings in Resources */,
				BE85B52F15B330140010E0F5 /* README in Resources */,
				BE85B53E15B332760010E0F5 /* 手机云估价Demo.pdf in Resources */,
				BE85B54815B3373A0010E0F5 /* SwichTabBarViewController.xib in Resources */,
				BE85B54D15B3375E0010E0F5 /* XunJiaViewController.xib in Resources */,
				BE85B55215B3378C0010E0F5 /* GuanZhuViewController.xib in Resources */,
				BE85B55C15B337B60010E0F5 /* GengDuoViewController.xib in Resources */,
				BE85B56115B33BE50010E0F5 /* GuJiaShiViewController.xib in Resources */,
				3842FB5215B4483000DA889E /* LoginViewController.xib in Resources */,
				3842FB5415B44C3000DA889E /* Localizable.strings in Resources */,
				38D2A33815B8187D000C5D6D /* RegisterViewController.xib in Resources */,
				F3D9CC7D15B81AD100FA63AE /* KaishixunjiaViewController.xib in Resources */,
				F3D9CC8215B81B8F00FA63AE /* XunjiajieguoViewController.xib in Resources */,
				F3D9CC8715B81C5000FA63AE /* RengongxunjiaViewController.xib in Resources */,
				F3D9CC8C15B81D3800FA63AE /* YinhangkedaichaxunViewController.xib in Resources */,
				F3D9CC9615B8207C00FA63AE /* YinhangKedaieDetailViewController.xib in Resources */,
				3887890A15BACD7D00B919B5 /* InviteFriendController.xib in Resources */,
				3887890F15BAD06500B919B5 /* GongshiController.xib in Resources */,
				3887891915BAD0EA00B919B5 /* SystemMsgDetailViewController.xib in Resources */,
				3887891E15BAD10000B919B5 /* SystemMsgViewController.xib in Resources */,
				3887892315BAD12D00B919B5 /* AboutSystemViewController.xib in Resources */,
				3887892815BAD14000B919B5 /* ModifyPwdViewController.xib in Resources */,
				3887892D15BAD3BB00B919B5 /* XunJiaHisViewController.xib in Resources */,
				3887893215BAD3D600B919B5 /* PersonIdentifyViewController.xib in Resources */,
				3887893715BAD3E600B919B5 /* FeedBackViewController.xib in Resources */,
				38E2F9A715BB9D6E00EB72D0 /* isRead.png in Resources */,
				38E2F9AA15BB9E6200EB72D0 /* detail.png in Resources */,
				38E2F9B615BBB4D900EB72D0 /* topbar_button_back_hover.png in Resources */,
				38E2F9B715BBB4D900EB72D0 /* topbar_button_back_hover@2x.png in Resources */,
				38E2F9B815BBB4D900EB72D0 /* topbar_button_back.png in Resources */,
				38E2F9B915BBB4D900EB72D0 /* topbar_button_back@2x.png in Resources */,
				38E2F9BB15BBB83500EB72D0 /* logo.png in Resources */,
				BEB5439D15BC55AE00C6CDAD /* SousuoloupanViewController.xib in Resources */,
				BEB543A715BC618E00C6CDAD /* FunjinloupanViewController.xib in Resources */,
				BEB543AD15BC662500C6CDAD /* GujiashihuijiaViewController.xib in Resources */,
				BEB543B215BC66CA00C6CDAD /* PinggujigouViewController.xib in Resources */,
				BEB543C315BC79B400C6CDAD /* HuijiaLV1CellViewController.xib in Resources */,
				BEB543D715BC877200C6CDAD /* HuijiaxiangqingViewController.xib in Resources */,
				BEB543DC15BC889A00C6CDAD /* HuijiaxiangqingCellViewController.xib in Resources */,
				BEB543DE15BC895F00C6CDAD /* shilian.png in Resources */,
				F302BD0615BCE4CF00FB1663 /* PinggujigouLV1CellViewController.xib in Resources */,
				F302BD0B15BCEFCA00FB1663 /* PinggujigouxiangqingViewController.xib in Resources */,
				F302BD0D15BCF6BD00FB1663 /* shilian_long.png in Resources */,
				F302BD1215BCF78700FB1663 /* PinggujigouyinhangViewController.xib in Resources */,
				F302BD1D15BCF91C00FB1663 /* PinggujigouyinhangCellViewController.xib in Resources */,
				F3DBEADD15BD31690040CDED /* GuanzhuLV1CellViewController.xib in Resources */,
				BEB0DD1D15BDC15B00AAB4B7 /* LoupanCellViewController.xib in Resources */,
				BEB0DD2215BDC17800AAB4B7 /* LoucengCellViewController.xib in Resources */,
				BEB0DD2715BDC1A700AAB4B7 /* LoudongCellViewController.xib in Resources */,
				BEB0DD3015BDC22600AAB4B7 /* FanghaoCellViewController.xib in Resources */,
				BEB0DD3515BDC26300AAB4B7 /* LoupanTableViewController.xib in Resources */,
				BEB0DD3B15BDC28800AAB4B7 /* LoucengTableViewController.xib in Resources */,
				BEB0DD4015BDC29D00AAB4B7 /* LoudongTableViewController.xib in Resources */,
				BEB0DD4515BDC2B100AAB4B7 /* FanghaoTableViewController.xib in Resources */,
				BEB0DD4B15BDE5C800AAB4B7 /* KaishixunjiaLoupanCellViewController.xib in Resources */,
				BEB0DD5015BDE60000AAB4B7 /* KaishixunjiaCell1ViewController.xib in Resources */,
				BEA11F6B15BF16DA00F9D93F /* GeyinhangkedaieViewController.xib in Resources */,
				BEA11F7115BF17B000F9D93F /* GeyinhangkedaieCellViewController.xib in Resources */,
				BEA11F7D15BF212F00F9D93F /* Icon.png in Resources */,
				BEA11F7E15BF212F00F9D93F /* Icon@2x.png in Resources */,
			);
			runOnlyForDeploymentPostprocessing = 0;
		};
/* End PBXResourcesBuildPhase section */

/* Begin PBXSourcesBuildPhase section */
		BE85B4F715B3293E0010E0F5 /* Sources */ = {
			isa = PBXSourcesBuildPhase;
			buildActionMask = 2147483647;
			files = (
				BE85B50C15B3293E0010E0F5 /* main.m in Sources */,
				BE85B51015B3293E0010E0F5 /* AppDelegate.m in Sources */,
				BE85B53215B330F80010E0F5 /* BaseDBOperator.m in Sources */,
				BE85B53515B3311D0010E0F5 /* DataParser.m in Sources */,
				BE85B53815B3313E0010E0F5 /* LoginViewController.m in Sources */,
				BE85B53B15B331590010E0F5 /* BaseHTTPRequester.m in Sources */,
				BE85B54715B3373A0010E0F5 /* SwichTabBarViewController.m in Sources */,
				BE85B54C15B3375E0010E0F5 /* XunJiaViewController.m in Sources */,
				BE85B55115B3378C0010E0F5 /* GuanZhuViewController.m in Sources */,
				BE85B55B15B337B60010E0F5 /* GengDuoViewController.m in Sources */,
				BE85B56015B33BE50010E0F5 /* GuJiaShiViewController.m in Sources */,
				38D2A33715B8187D000C5D6D /* RegisterViewController.m in Sources */,
				F3D9CC7C15B81AD100FA63AE /* KaishixunjiaViewController.m in Sources */,
				F3D9CC8115B81B8F00FA63AE /* XunjiajieguoViewController.m in Sources */,
				F3D9CC8615B81C5000FA63AE /* RengongxunjiaViewController.m in Sources */,
				F3D9CC8B15B81D3800FA63AE /* YinhangkedaichaxunViewController.m in Sources */,
				F3D9CC9515B8207C00FA63AE /* YinhangKedaieDetailViewController.m in Sources */,
				F3D9CC9915B8225900FA63AE /* LoupanCell.m in Sources */,
				F3D9CC9C15B8228700FA63AE /* LoucengCell.m in Sources */,
				F3D9CC9F15B8229800FA63AE /* LoudongCell.m in Sources */,
				F3D9CCA215B822BD00FA63AE /* FanghaoCell.m in Sources */,
				3887890915BACD7D00B919B5 /* InviteFriendController.m in Sources */,
				3887890E15BAD06500B919B5 /* GongshiController.m in Sources */,
				3887891815BAD0EA00B919B5 /* SystemMsgDetailViewController.m in Sources */,
				3887891D15BAD10000B919B5 /* SystemMsgViewController.m in Sources */,
				3887892215BAD12D00B919B5 /* AboutSystemViewController.m in Sources */,
				3887892715BAD14000B919B5 /* ModifyPwdViewController.m in Sources */,
				3887892C15BAD3BB00B919B5 /* XunJiaHisViewController.m in Sources */,
				3887893115BAD3D600B919B5 /* PersonIdentifyViewController.m in Sources */,
				3887893615BAD3E600B919B5 /* FeedBackViewController.m in Sources */,
				38E2F9AD15BBA00500EB72D0 /* SystemMsgRecord.m in Sources */,
				BEB5439C15BC55AE00C6CDAD /* SousuoloupanViewController.m in Sources */,
				BEB543A615BC618E00C6CDAD /* FunjinloupanViewController.m in Sources */,
				BEB543AC15BC662500C6CDAD /* GujiashihuijiaViewController.m in Sources */,
				BEB543B115BC66CA00C6CDAD /* PinggujigouViewController.m in Sources */,
				BEB543C215BC79B400C6CDAD /* HuijiaLV1CellViewController.m in Sources */,
				BEB543D215BC80DA00C6CDAD /* HuijiaLV1Cell.m in Sources */,
				BEB543D615BC877200C6CDAD /* HuijiaxiangqingViewController.m in Sources */,
				BEB543DB15BC889A00C6CDAD /* HuijiaxiangqingCellViewController.m in Sources */,
				BEB543E115BC8A7700C6CDAD /* HuijiaxiangqingCell.m in Sources */,
				F302BD0115BCE4A300FB1663 /* Pinggujigoulv1Cell.m in Sources */,
				F302BD0515BCE4CF00FB1663 /* PinggujigouLV1CellViewController.m in Sources */,
				F302BD0A15BCEFCA00FB1663 /* PinggujigouxiangqingViewController.m in Sources */,
				F302BD1115BCF78700FB1663 /* PinggujigouyinhangViewController.m in Sources */,
				F302BD1515BCF89200FB1663 /* PinggujigouyinhangCell.m in Sources */,
				F302BD1C15BCF91C00FB1663 /* PinggujigouyinhangCellViewController.m in Sources */,
				F3DBEADC15BD31690040CDED /* GuanzhuLV1CellViewController.m in Sources */,
				F3DBEAE015BD31910040CDED /* GuanzhuLV1Cell.m in Sources */,
				BEB0DD1C15BDC15B00AAB4B7 /* LoupanCellViewController.m in Sources */,
				BEB0DD2115BDC17800AAB4B7 /* LoucengCellViewController.m in Sources */,
				BEB0DD2615BDC1A700AAB4B7 /* LoudongCellViewController.m in Sources */,
				BEB0DD2F15BDC22600AAB4B7 /* FanghaoCellViewController.m in Sources */,
				BEB0DD3415BDC26300AAB4B7 /* LoupanTableViewController.m in Sources */,
				BEB0DD3A15BDC28800AAB4B7 /* LoucengTableViewController.m in Sources */,
				BEB0DD3F15BDC29D00AAB4B7 /* LoudongTableViewController.m in Sources */,
				BEB0DD4415BDC2B100AAB4B7 /* FanghaoTableViewController.m in Sources */,
				BEB0DD4A15BDE5C800AAB4B7 /* KaishixunjiaLoupanCellViewController.m in Sources */,
				BEB0DD4F15BDE60000AAB4B7 /* KaishixunjiaCell1ViewController.m in Sources */,
				BEB0DD5315BDE63C00AAB4B7 /* KaishixunjiaLoupanCell.m in Sources */,
				BEB0DD5615BDE65300AAB4B7 /* KaishixunjiaCell1Cell.m in Sources */,
				BEA11F6A15BF16DA00F9D93F /* GeyinhangkedaieViewController.m in Sources */,
				BEA11F7015BF17B000F9D93F /* GeyinhangkedaieCellViewController.m in Sources */,
				BEA11F7415BF17D800F9D93F /* GeyinhangkedaieCell.m in Sources */,
			);
			runOnlyForDeploymentPostprocessing = 0;
		};
/* End PBXSourcesBuildPhase section */

/* Begin PBXVariantGroup section */
		BE85B50815B3293E0010E0F5 /* InfoPlist.strings */ = {
			isa = PBXVariantGroup;
			children = (
				BE85B50915B3293E0010E0F5 /* en */,
			);
			name = InfoPlist.strings;
			sourceTree = "<group>";
		};
/* End PBXVariantGroup section */

/* Begin XCBuildConfiguration section */
		BE85B52515B3293E0010E0F5 /* Debug */ = {
			isa = XCBuildConfiguration;
			buildSettings = {
				ALWAYS_SEARCH_USER_PATHS = NO;
				ARCHS = "$(ARCHS_STANDARD_32_BIT)";
				CODE_SIGN_IDENTITY = "iPhone Developer: JINXIN LI (DJJ4XT349N)";
				"CODE_SIGN_IDENTITY[sdk=iphoneos*]" = "iPhone Developer: JINXIN LI (DJJ4XT349N)";
				COPY_PHASE_STRIP = NO;
				GCC_C_LANGUAGE_STANDARD = gnu99;
				GCC_DYNAMIC_NO_PIC = NO;
				GCC_OPTIMIZATION_LEVEL = 0;
				GCC_PREPROCESSOR_DEFINITIONS = (
					"DEBUG=1",
					"$(inherited)",
				);
				GCC_SYMBOLS_PRIVATE_EXTERN = NO;
				GCC_VERSION = com.apple.compilers.llvm.clang.1_0;
				GCC_WARN_ABOUT_RETURN_TYPE = YES;
				GCC_WARN_UNINITIALIZED_AUTOS = YES;
				GCC_WARN_UNUSED_VARIABLE = YES;
				IPHONEOS_DEPLOYMENT_TARGET = 4.0;
				PROVISIONING_PROFILE = "B32E83C8-BAAC-4941-9BC0-CCAEA9808626";
				"PROVISIONING_PROFILE[sdk=iphoneos*]" = "B32E83C8-BAAC-4941-9BC0-CCAEA9808626";
				SDKROOT = iphoneos;
			};
			name = Debug;
		};
		BE85B52615B3293E0010E0F5 /* Release */ = {
			isa = XCBuildConfiguration;
			buildSettings = {
				ALWAYS_SEARCH_USER_PATHS = NO;
				ARCHS = "$(ARCHS_STANDARD_32_BIT)";
				CODE_SIGN_IDENTITY = "iPhone Developer: JINXIN LI (DJJ4XT349N)";
				"CODE_SIGN_IDENTITY[sdk=iphoneos*]" = "iPhone Developer: JINXIN LI (DJJ4XT349N)";
				COPY_PHASE_STRIP = YES;
				GCC_C_LANGUAGE_STANDARD = gnu99;
				GCC_VERSION = com.apple.compilers.llvm.clang.1_0;
				GCC_WARN_ABOUT_RETURN_TYPE = YES;
				GCC_WARN_UNINITIALIZED_AUTOS = YES;
				GCC_WARN_UNUSED_VARIABLE = YES;
				IPHONEOS_DEPLOYMENT_TARGET = 4.0;
				OTHER_CFLAGS = "-DNS_BLOCK_ASSERTIONS=1";
				PROVISIONING_PROFILE = "B32E83C8-BAAC-4941-9BC0-CCAEA9808626";
				"PROVISIONING_PROFILE[sdk=iphoneos*]" = "B32E83C8-BAAC-4941-9BC0-CCAEA9808626";
				SDKROOT = iphoneos;
				VALIDATE_PRODUCT = YES;
			};
			name = Release;
		};
		BE85B52815B3293E0010E0F5 /* Debug */ = {
			isa = XCBuildConfiguration;
			buildSettings = {
				CODE_SIGN_IDENTITY = "iPhone Developer: JINXIN LI (DJJ4XT349N)";
				"CODE_SIGN_IDENTITY[sdk=iphoneos*]" = "iPhone Developer: JINXIN LI (DJJ4XT349N)";
				GCC_PRECOMPILE_PREFIX_HEADER = YES;
				GCC_PREFIX_HEADER = "yungujia/yungujia-Prefix.pch";
				INFOPLIST_FILE = "yungujia/yungujia-Info.plist";
				PRODUCT_NAME = "$(TARGET_NAME)";
				PROVISIONING_PROFILE = "B32E83C8-BAAC-4941-9BC0-CCAEA9808626";
				"PROVISIONING_PROFILE[sdk=iphoneos*]" = "B32E83C8-BAAC-4941-9BC0-CCAEA9808626";
				WRAPPER_EXTENSION = app;
			};
			name = Debug;
		};
		BE85B52915B3293E0010E0F5 /* Release */ = {
			isa = XCBuildConfiguration;
			buildSettings = {
				CODE_SIGN_IDENTITY = "iPhone Developer: JINXIN LI (DJJ4XT349N)";
				"CODE_SIGN_IDENTITY[sdk=iphoneos*]" = "iPhone Developer: JINXIN LI (DJJ4XT349N)";
				GCC_PRECOMPILE_PREFIX_HEADER = YES;
				GCC_PREFIX_HEADER = "yungujia/yungujia-Prefix.pch";
				INFOPLIST_FILE = "yungujia/yungujia-Info.plist";
				PRODUCT_NAME = "$(TARGET_NAME)";
				PROVISIONING_PROFILE = "B32E83C8-BAAC-4941-9BC0-CCAEA9808626";
				"PROVISIONING_PROFILE[sdk=iphoneos*]" = "B32E83C8-BAAC-4941-9BC0-CCAEA9808626";
				WRAPPER_EXTENSION = app;
			};
			name = Release;
		};
/* End XCBuildConfiguration section */

/* Begin XCConfigurationList section */
		BE85B4F515B3293E0010E0F5 /* Build configuration list for PBXProject "yungujia" */ = {
			isa = XCConfigurationList;
			buildConfigurations = (
				BE85B52515B3293E0010E0F5 /* Debug */,
				BE85B52615B3293E0010E0F5 /* Release */,
			);
			defaultConfigurationIsVisible = 0;
			defaultConfigurationName = Release;
		};
		BE85B52715B3293E0010E0F5 /* Build configuration list for PBXNativeTarget "yungujia" */ = {
			isa = XCConfigurationList;
			buildConfigurations = (
				BE85B52815B3293E0010E0F5 /* Debug */,
				BE85B52915B3293E0010E0F5 /* Release */,
			);
			defaultConfigurationIsVisible = 0;
			defaultConfigurationName = Release;
		};
/* End XCConfigurationList section */
	};
	rootObject = BE85B4F215B3293E0010E0F5 /* Project object */;
}
